PODS:
  - FBNetworkReachability (1.0.1)
  - GRMustache (7.3.2):
    - JRSwizzle (~> 1.0)
  - JRSwizzle (1.0)
  - LINEActivity (0.3.0)
  - OpenInChrome (0.0.1)
  - SVProgressHUD (1.1.3)
  - ViewDeck (2.2.10)

DEPENDENCIES:
  - FBNetworkReachability (from `https://github.com/dev5tec/FBNetworkReachability.git`)
  - GRMustache (~> 7.3.0)
  - LINEActivity (from `https://github.com/yhirano/LINEActivity.git`, branch `my_pod`)
  - OpenInChrome (~> 0.0.1)
  - SVProgressHUD (~> 1.0)
  - ViewDeck (= 2.2.10)

EXTERNAL SOURCES:
  FBNetworkReachability:
    :git: https://github.com/dev5tec/FBNetworkReachability.git
  LINEActivity:
    :branch: my_pod
    :git: https://github.com/yhirano/LINEActivity.git

CHECKOUT OPTIONS:
  FBNetworkReachability:
    :commit: 8ce19e10c6ce08b448d10d01b5124988a1f99fba
    :git: https://github.com/dev5tec/FBNetworkReachability.git
  LINEActivity:
    :commit: 7848d6deb5b4bc41c991fb63b49303b5d2b38e4b
    :git: https://github.com/yhirano/LINEActivity.git

SPEC CHECKSUMS:
  FBNetworkReachability: 8afc4a2a1d6d24a5fd78db732b48fce9351519f9
  GRMustache: ebe6104fd30a6d22c1f36af131e19e2dbf7cd292
  JRSwizzle: dd5ead5d913a0f29e7f558200165849f006bb1e3
  LINEActivity: 744311e00c62afbbe8498f119af823f919dfbef4
  OpenInChrome: f1f3f9dec682216fe78a0d7fe0b5b263d6312c32
  SVProgressHUD: 748080e4f36e603f6c02aec292664239df5279c1
  ViewDeck: 2c718b1199a88e06015b10c1616785193cb69a5b

COCOAPODS: 0.37.2
