PODS:
  - AdMobMediationAdapterIAd (7.8.1):
    - Google-Mobile-Ads-SDK (>= 7.8.1)
  - FBNetworkReachability (1.0.1)
  - Google-Mobile-Ads-SDK (7.12.1)
  - GRMustache (7.3.2):
    - JRSwizzle (~> 1.0)
  - JRSwizzle (1.0)
  - LINEActivity (0.3.0)
  - NendSDK_iOS (3.2.1)
  - NendSDK_iOS_MediationAdapter (1.2.5)
  - OpenInChrome (0.0.1)
  - StreamingKit (0.1.29)
  - SVProgressHUD (2.0.3)
  - ViewDeck (2.4.0)

DEPENDENCIES:
  - AdMobMediationAdapterIAd
  - FBNetworkReachability (~> 1.0.1)
  - Google-Mobile-Ads-SDK
  - GRMustache (~> 7.3.2)
  - LINEActivity (from `https://github.com/yhirano/LINEActivity.git`, branch `my_pod`)
  - NendSDK_iOS
  - NendSDK_iOS_MediationAdapter
  - OpenInChrome (~> 0.0.1)
  - StreamingKit
  - SVProgressHUD (~> 2.0.3)
  - ViewDeck (= 2.4.0)

EXTERNAL SOURCES:
  LINEActivity:
    :branch: my_pod
    :git: https://github.com/yhirano/LINEActivity.git

CHECKOUT OPTIONS:
  LINEActivity:
    :commit: 7848d6deb5b4bc41c991fb63b49303b5d2b38e4b
    :git: https://github.com/yhirano/LINEActivity.git

SPEC CHECKSUMS:
  AdMobMediationAdapterIAd: 27f8a20d7f49eb5a36064302fe91bee95b9dd551
  FBNetworkReachability: 8afc4a2a1d6d24a5fd78db732b48fce9351519f9
  Google-Mobile-Ads-SDK: 542eb24c1ce6c8fd5084ee9572fd9dcd2d06065a
  GRMustache: ebe6104fd30a6d22c1f36af131e19e2dbf7cd292
  JRSwizzle: dd5ead5d913a0f29e7f558200165849f006bb1e3
  LINEActivity: 744311e00c62afbbe8498f119af823f919dfbef4
  NendSDK_iOS: 9326338f8526bab2316d1ff505df4f48a9209157
  NendSDK_iOS_MediationAdapter: debc3f103911e10c9900e653b9624aeac426e0ef
  OpenInChrome: f1f3f9dec682216fe78a0d7fe0b5b263d6312c32
  StreamingKit: c329785aaef3ac142d4ae388345bfe1ed23cfd45
  SVProgressHUD: b0830714205bea1317ea1a2ebc71e5633af334d4
  ViewDeck: ed686005abd02e81c1d393704f14eb071f5d29b3

PODFILE CHECKSUM: c2f52801130f6e925a768ce60f237df29c938a1c

COCOAPODS: 1.0.1
