// !$*UTF8*$!
{
	archiveVersion = 1;
	classes = {
	};
	objectVersion = 46;
	objects = {

/* Begin PBXBuildFile section */
		8E0B21FB1552136400A0347A /* AboutHtml.mustache in Resources */ = {isa = PBXBuildFile; fileRef = 8E0B21FA1552136400A0347A /* AboutHtml.mustache */; };
		8E0B83631543DC770097984D /* AboutViewController.m in Sources */ = {isa = PBXBuildFile; fileRef = 8E0B831F1543DC770097984D /* AboutViewController.m */; };
		8E0B83641543DC770097984D /* AdBannerManager.m in Sources */ = {isa = PBXBuildFile; fileRef = 8E0B83211543DC770097984D /* AdBannerManager.m */; };
		8E0B83651543DC770097984D /* ChannelsHtml.m in Sources */ = {isa = PBXBuildFile; fileRef = 8E0B83231543DC770097984D /* ChannelsHtml.m */; };
		8E0B83661543DC770097984D /* ChannelViewController.m in Sources */ = {isa = PBXBuildFile; fileRef = 8E0B83251543DC770097984D /* ChannelViewController.m */; };
		8E0B83671543DC770097984D /* DjHeadlineViewController.m in Sources */ = {isa = PBXBuildFile; fileRef = 8E0B83271543DC770097984D /* DjHeadlineViewController.m */; };
		8E0B83681543DC770097984D /* EGORefreshTableHeaderView.m in Sources */ = {isa = PBXBuildFile; fileRef = 8E0B832A1543DC770097984D /* EGORefreshTableHeaderView.m */; settings = {COMPILER_FLAGS = "-fno-objc-arc"; }; };
		8E0B83691543DC770097984D /* EGOTableViewPullRefresh.bundle in Resources */ = {isa = PBXBuildFile; fileRef = 8E0B832B1543DC770097984D /* EGOTableViewPullRefresh.bundle */; };
		8E0B836A1543DC770097984D /* FavoritesTableViewController.m in Sources */ = {isa = PBXBuildFile; fileRef = 8E0B832D1543DC770097984D /* FavoritesTableViewController.m */; };
		8E0B836B1543DC770097984D /* FavoriteViewController.m in Sources */ = {isa = PBXBuildFile; fileRef = 8E0B832F1543DC770097984D /* FavoriteViewController.m */; };
		8E0B836C1543DC770097984D /* FBNetworkReachability.m in Sources */ = {isa = PBXBuildFile; fileRef = 8E0B83321543DC770097984D /* FBNetworkReachability.m */; settings = {COMPILER_FLAGS = "-fno-objc-arc"; }; };
		8E0B836E1543DC770097984D /* HeadlineNaviViewController.m in Sources */ = {isa = PBXBuildFile; fileRef = 8E0B83421543DC770097984D /* HeadlineNaviViewController.m */; };
		8E0B836F1543DC770097984D /* HeadlineViewController.m in Sources */ = {isa = PBXBuildFile; fileRef = 8E0B83441543DC770097984D /* HeadlineViewController.m */; };
		8E0B83701543DC770097984D /* Channel.m in Sources */ = {isa = PBXBuildFile; fileRef = 8E0B83471543DC770097984D /* Channel.m */; };
		8E0B83711543DC770097984D /* Favorite.m in Sources */ = {isa = PBXBuildFile; fileRef = 8E0B83491543DC770097984D /* Favorite.m */; };
		8E0B83721543DC770097984D /* FavoriteManager.m in Sources */ = {isa = PBXBuildFile; fileRef = 8E0B834B1543DC770097984D /* FavoriteManager.m */; };
		8E0B83731543DC770097984D /* Headline.m in Sources */ = {isa = PBXBuildFile; fileRef = 8E0B834D1543DC770097984D /* Headline.m */; };
		8E0B83741543DC770097984D /* LadioTailViewController.m in Sources */ = {isa = PBXBuildFile; fileRef = 8E0B83501543DC770097984D /* LadioTailViewController.m */; };
		8E0B83751543DC770097984D /* ListenersHeadlineViewController.m in Sources */ = {isa = PBXBuildFile; fileRef = 8E0B83521543DC770097984D /* ListenersHeadlineViewController.m */; };
		8E0B83761543DC770097984D /* NewlyHeadlineViewController.m in Sources */ = {isa = PBXBuildFile; fileRef = 8E0B83541543DC770097984D /* NewlyHeadlineViewController.m */; };
		8E0B83771543DC770097984D /* OthersTableViewController.m in Sources */ = {isa = PBXBuildFile; fileRef = 8E0B83561543DC770097984D /* OthersTableViewController.m */; };
		8E0B83781543DC770097984D /* Player.m in Sources */ = {isa = PBXBuildFile; fileRef = 8E0B83581543DC770097984D /* Player.m */; };
		8E0B83791543DC770097984D /* SearchWordManager.m in Sources */ = {isa = PBXBuildFile; fileRef = 8E0B835A1543DC770097984D /* SearchWordManager.m */; };
		8E0B837A1543DC770097984D /* SVProgressHUD.bundle in Resources */ = {isa = PBXBuildFile; fileRef = 8E0B835C1543DC770097984D /* SVProgressHUD.bundle */; };
		8E0B837B1543DC770097984D /* SVProgressHUD.m in Sources */ = {isa = PBXBuildFile; fileRef = 8E0B835E1543DC770097984D /* SVProgressHUD.m */; settings = {COMPILER_FLAGS = "-fno-objc-arc"; }; };
		8E0B837C1543DC770097984D /* TitleHeadlineViewController.m in Sources */ = {isa = PBXBuildFile; fileRef = 8E0B83601543DC770097984D /* TitleHeadlineViewController.m */; };
		8E0B837D1543DC770097984D /* WebPageViewController.m in Sources */ = {isa = PBXBuildFile; fileRef = 8E0B83621543DC770097984D /* WebPageViewController.m */; };
		8E0B837F1543DDCF0097984D /* libGRMustache3-iOS.a in Frameworks */ = {isa = PBXBuildFile; fileRef = 8E0B837E1543DDCF0097984D /* libGRMustache3-iOS.a */; };
		8E0B83821543DFD20097984D /* AppDelegate.m in Sources */ = {isa = PBXBuildFile; fileRef = 8E0B83811543DEC80097984D /* AppDelegate.m */; };
		8E12B5B3153E7F33002F4437 /* Icon-72.png in Resources */ = {isa = PBXBuildFile; fileRef = 8E12B5AC153E7F28002F4437 /* Icon-72.png */; };
		8E12B5B4153E7F33002F4437 /* Icon-Small-50.png in Resources */ = {isa = PBXBuildFile; fileRef = 8E12B5AD153E7F28002F4437 /* Icon-Small-50.png */; };
		8E12B5B5153E7F33002F4437 /* Icon-Small.png in Resources */ = {isa = PBXBuildFile; fileRef = 8E12B5AE153E7F28002F4437 /* Icon-Small.png */; };
		8E12B5B6153E7F33002F4437 /* Icon-Small@2x.png in Resources */ = {isa = PBXBuildFile; fileRef = 8E12B5AF153E7F28002F4437 /* Icon-Small@2x.png */; };
		8E12B5B7153E7F33002F4437 /* Icon.png in Resources */ = {isa = PBXBuildFile; fileRef = 8E12B5B0153E7F28002F4437 /* Icon.png */; };
		8E12B5B8153E7F33002F4437 /* Icon@2x.png in Resources */ = {isa = PBXBuildFile; fileRef = 8E12B5B1153E7F28002F4437 /* Icon@2x.png */; };
		8E16282315383107007A2DBE /* QuartzCore.framework in Frameworks */ = {isa = PBXBuildFile; fileRef = 8E16282215383107007A2DBE /* QuartzCore.framework */; };
		8E1BA6B4153AA36F00070E71 /* SystemConfiguration.framework in Frameworks */ = {isa = PBXBuildFile; fileRef = 8E1BA6B3153AA36F00070E71 /* SystemConfiguration.framework */; };
		8E30D1681539A62D00647D21 /* tab_dj.png in Resources */ = {isa = PBXBuildFile; fileRef = 8E30D1601539A62D00647D21 /* tab_dj.png */; };
		8E30D1691539A62D00647D21 /* tab_dj@2x.png in Resources */ = {isa = PBXBuildFile; fileRef = 8E30D1611539A62D00647D21 /* tab_dj@2x.png */; };
		8E30D16A1539A62D00647D21 /* tab_listeners.png in Resources */ = {isa = PBXBuildFile; fileRef = 8E30D1621539A62D00647D21 /* tab_listeners.png */; };
		8E30D16B1539A62D00647D21 /* tab_listeners@2x.png in Resources */ = {isa = PBXBuildFile; fileRef = 8E30D1631539A62D00647D21 /* tab_listeners@2x.png */; };
		8E30D16C1539A62D00647D21 /* tab_newly.png in Resources */ = {isa = PBXBuildFile; fileRef = 8E30D1641539A62D00647D21 /* tab_newly.png */; };
		8E30D16D1539A62D00647D21 /* tab_newly@2x.png in Resources */ = {isa = PBXBuildFile; fileRef = 8E30D1651539A62D00647D21 /* tab_newly@2x.png */; };
		8E30D16E1539A62D00647D21 /* tab_title.png in Resources */ = {isa = PBXBuildFile; fileRef = 8E30D1661539A62D00647D21 /* tab_title.png */; };
		8E30D16F1539A62D00647D21 /* tab_title@2x.png in Resources */ = {isa = PBXBuildFile; fileRef = 8E30D1671539A62D00647D21 /* tab_title@2x.png */; };
		8E62BA1E1544F3B400E77F3B /* tablecell_broadcast_black.png in Resources */ = {isa = PBXBuildFile; fileRef = 8E62BA1A1544F3B400E77F3B /* tablecell_broadcast_black.png */; };
		8E62BA1F1544F3B400E77F3B /* tablecell_broadcast_black@2x.png in Resources */ = {isa = PBXBuildFile; fileRef = 8E62BA1B1544F3B400E77F3B /* tablecell_broadcast_black@2x.png */; };
		8E62BA201544F3B400E77F3B /* tablecell_broadcast_white.png in Resources */ = {isa = PBXBuildFile; fileRef = 8E62BA1C1544F3B400E77F3B /* tablecell_broadcast_white.png */; };
		8E62BA211544F3B400E77F3B /* tablecell_broadcast_white@2x.png in Resources */ = {isa = PBXBuildFile; fileRef = 8E62BA1D1544F3B400E77F3B /* tablecell_broadcast_white@2x.png */; };
		8E9928CE154906680015CA5D /* Settings.bundle in Resources */ = {isa = PBXBuildFile; fileRef = 8E9928CD154906680015CA5D /* Settings.bundle */; };
		8E9BE9ED1543B36D0029DB70 /* tablecell_favorite_black_mini.png in Resources */ = {isa = PBXBuildFile; fileRef = 8E9BE9EB1543B36D0029DB70 /* tablecell_favorite_black_mini.png */; };
		8E9BE9EE1543B36D0029DB70 /* tablecell_favorite_black_mini@2x.png in Resources */ = {isa = PBXBuildFile; fileRef = 8E9BE9EC1543B36D0029DB70 /* tablecell_favorite_black_mini@2x.png */; };
		8EAB572B155E42DB00F2202C /* LadioTailConfig.mm in Sources */ = {isa = PBXBuildFile; fileRef = 8EAB572A155E42DB00F2202C /* LadioTailConfig.mm */; };
		8EAFBF641537C8E000DDBB6A /* Localizable.strings in Resources */ = {isa = PBXBuildFile; fileRef = 8EAFBF621537C8E000DDBB6A /* Localizable.strings */; };
		8EB3A5FD153C01D900965D87 /* iAd.framework in Frameworks */ = {isa = PBXBuildFile; fileRef = 8EB3A5FC153C01D900965D87 /* iAd.framework */; };
		8EC225FB156F00C700DB1633 /* Icon-72@2x.png in Resources */ = {isa = PBXBuildFile; fileRef = 8EC225F9156F00C700DB1633 /* Icon-72@2x.png */; };
		8EC225FC156F00C700DB1633 /* Icon-Small-50@2x.png in Resources */ = {isa = PBXBuildFile; fileRef = 8EC225FA156F00C700DB1633 /* Icon-Small-50@2x.png */; };
		8EC23B4C153712BB007352FD /* UIKit.framework in Frameworks */ = {isa = PBXBuildFile; fileRef = 8EC23B4B153712BB007352FD /* UIKit.framework */; };
		8EC23B4E153712BB007352FD /* Foundation.framework in Frameworks */ = {isa = PBXBuildFile; fileRef = 8EC23B4D153712BB007352FD /* Foundation.framework */; };
		8EC23B50153712BB007352FD /* CoreGraphics.framework in Frameworks */ = {isa = PBXBuildFile; fileRef = 8EC23B4F153712BB007352FD /* CoreGraphics.framework */; };
		8EC23B56153712BB007352FD /* InfoPlist.strings in Resources */ = {isa = PBXBuildFile; fileRef = 8EC23B54153712BB007352FD /* InfoPlist.strings */; };
		8EC23B58153712BB007352FD /* main.m in Sources */ = {isa = PBXBuildFile; fileRef = 8EC23B57153712BB007352FD /* main.m */; };
		8EC23B8B15371433007352FD /* MainStoryboard.storyboard in Resources */ = {isa = PBXBuildFile; fileRef = 8EC23B8915371432007352FD /* MainStoryboard.storyboard */; };
		8EC23B911537147B007352FD /* AVFoundation.framework in Frameworks */ = {isa = PBXBuildFile; fileRef = 8EC23B901537147B007352FD /* AVFoundation.framework */; };
		8EC3BBD21541057300F6DC08 /* ChannelPageHtml.mustache in Resources */ = {isa = PBXBuildFile; fileRef = 8EC3BBD11541057300F6DC08 /* ChannelPageHtml.mustache */; };
		8EC3BBEC15412B9500F6DC08 /* ChannelLinkHtml.mustache in Resources */ = {isa = PBXBuildFile; fileRef = 8EC3BBEB15412B9500F6DC08 /* ChannelLinkHtml.mustache */; };
		8EC3BBEF1541376E00F6DC08 /* Default.png in Resources */ = {isa = PBXBuildFile; fileRef = 8EC3BBED1541376D00F6DC08 /* Default.png */; };
		8EC3BBF01541376E00F6DC08 /* Default@2x.png in Resources */ = {isa = PBXBuildFile; fileRef = 8EC3BBEE1541376D00F6DC08 /* Default@2x.png */; };
		8EFAD3751542D1D300DA316F /* tablecell_indicator_black.png in Resources */ = {isa = PBXBuildFile; fileRef = 8EFAD3731542D1D300DA316F /* tablecell_indicator_black.png */; };
		8EFAD3761542D1D300DA316F /* tablecell_indicator_white.png in Resources */ = {isa = PBXBuildFile; fileRef = 8EFAD3741542D1D300DA316F /* tablecell_indicator_white.png */; };
		8EFAD37D1542DF1800DA316F /* tab_others.png in Resources */ = {isa = PBXBuildFile; fileRef = 8EFAD3791542DF1800DA316F /* tab_others.png */; };
		8EFAD37E1542DF1800DA316F /* tab_others@2x.png in Resources */ = {isa = PBXBuildFile; fileRef = 8EFAD37A1542DF1800DA316F /* tab_others@2x.png */; };
		8EFAD390154312B800DA316F /* about_wallpaper.png in Resources */ = {isa = PBXBuildFile; fileRef = 8EFAD38E154312B800DA316F /* about_wallpaper.png */; };
		8EFAD391154312B800DA316F /* about_wallpaper@2x.png in Resources */ = {isa = PBXBuildFile; fileRef = 8EFAD38F154312B800DA316F /* about_wallpaper@2x.png */; };
		8EFAD3B615432EC500DA316F /* button_allow_left.png in Resources */ = {isa = PBXBuildFile; fileRef = 8EFAD39215432EC400DA316F /* button_allow_left.png */; };
		8EFAD3B715432EC500DA316F /* button_allow_left@2x.png in Resources */ = {isa = PBXBuildFile; fileRef = 8EFAD39315432EC400DA316F /* button_allow_left@2x.png */; };
		8EFAD3B815432EC500DA316F /* button_allow_right.png in Resources */ = {isa = PBXBuildFile; fileRef = 8EFAD39415432EC400DA316F /* button_allow_right.png */; };
		8EFAD3B915432EC500DA316F /* button_allow_right@2x.png in Resources */ = {isa = PBXBuildFile; fileRef = 8EFAD39515432EC400DA316F /* button_allow_right@2x.png */; };
		8EFAD3BA15432EC500DA316F /* button_goto_bottom.png in Resources */ = {isa = PBXBuildFile; fileRef = 8EFAD39615432EC400DA316F /* button_goto_bottom.png */; };
		8EFAD3BB15432EC500DA316F /* button_goto_bottom@2x.png in Resources */ = {isa = PBXBuildFile; fileRef = 8EFAD39715432EC400DA316F /* button_goto_bottom@2x.png */; };
		8EFAD3BC15432EC500DA316F /* button_playback_play.png in Resources */ = {isa = PBXBuildFile; fileRef = 8EFAD39815432EC400DA316F /* button_playback_play.png */; };
		8EFAD3BD15432EC500DA316F /* button_playback_play@2x.png in Resources */ = {isa = PBXBuildFile; fileRef = 8EFAD39915432EC400DA316F /* button_playback_play@2x.png */; };
		8EFAD3BE15432EC500DA316F /* button_playback_stop.png in Resources */ = {isa = PBXBuildFile; fileRef = 8EFAD39A15432EC400DA316F /* button_playback_stop.png */; };
		8EFAD3BF15432EC500DA316F /* button_playback_stop@2x.png in Resources */ = {isa = PBXBuildFile; fileRef = 8EFAD39B15432EC400DA316F /* button_playback_stop@2x.png */; };
		8EFAD3C015432EC500DA316F /* button_reload_stop.png in Resources */ = {isa = PBXBuildFile; fileRef = 8EFAD39C15432EC400DA316F /* button_reload_stop.png */; };
		8EFAD3C115432EC500DA316F /* button_reload_stop@2x.png in Resources */ = {isa = PBXBuildFile; fileRef = 8EFAD39D15432EC400DA316F /* button_reload_stop@2x.png */; };
		8EFAD3C215432EC500DA316F /* button_reload.png in Resources */ = {isa = PBXBuildFile; fileRef = 8EFAD39E15432EC400DA316F /* button_reload.png */; };
		8EFAD3C415432EC500DA316F /* navbarbtn_favorite_white.png in Resources */ = {isa = PBXBuildFile; fileRef = 8EFAD3A015432EC400DA316F /* navbarbtn_favorite_white.png */; };
		8EFAD3C515432EC500DA316F /* navbarbtn_favorite_white@2x.png in Resources */ = {isa = PBXBuildFile; fileRef = 8EFAD3A115432EC400DA316F /* navbarbtn_favorite_white@2x.png */; };
		8EFAD3C615432EC500DA316F /* navbarbtn_favorite_yellow.png in Resources */ = {isa = PBXBuildFile; fileRef = 8EFAD3A215432EC400DA316F /* navbarbtn_favorite_yellow.png */; };
		8EFAD3C715432EC500DA316F /* navbarbtn_favorite_yellow@2x.png in Resources */ = {isa = PBXBuildFile; fileRef = 8EFAD3A315432EC400DA316F /* navbarbtn_favorite_yellow@2x.png */; };
		8EFAD3C815432EC500DA316F /* tablecell_about_black.png in Resources */ = {isa = PBXBuildFile; fileRef = 8EFAD3A415432EC400DA316F /* tablecell_about_black.png */; };
		8EFAD3C915432EC500DA316F /* tablecell_about_black@2x.png in Resources */ = {isa = PBXBuildFile; fileRef = 8EFAD3A515432EC400DA316F /* tablecell_about_black@2x.png */; };
		8EFAD3CA15432EC500DA316F /* tablecell_about_white.png in Resources */ = {isa = PBXBuildFile; fileRef = 8EFAD3A615432EC400DA316F /* tablecell_about_white.png */; };
		8EFAD3CB15432EC500DA316F /* tablecell_about_white@2x.png in Resources */ = {isa = PBXBuildFile; fileRef = 8EFAD3A715432EC400DA316F /* tablecell_about_white@2x.png */; };
		8EFAD3CE15432EC500DA316F /* tablecell_favorite_black.png in Resources */ = {isa = PBXBuildFile; fileRef = 8EFAD3AA15432EC400DA316F /* tablecell_favorite_black.png */; };
		8EFAD3CF15432EC500DA316F /* tablecell_favorite_black@2x.png in Resources */ = {isa = PBXBuildFile; fileRef = 8EFAD3AB15432EC400DA316F /* tablecell_favorite_black@2x.png */; };
		8EFAD3D015432EC500DA316F /* tablecell_favorite_yellow_mini.png in Resources */ = {isa = PBXBuildFile; fileRef = 8EFAD3AC15432EC400DA316F /* tablecell_favorite_yellow_mini.png */; };
		8EFAD3D115432EC500DA316F /* tablecell_favorite_yellow_mini@2x.png in Resources */ = {isa = PBXBuildFile; fileRef = 8EFAD3AD15432EC500DA316F /* tablecell_favorite_yellow_mini@2x.png */; };
		8EFAD3D215432EC500DA316F /* tablecell_favorite_yellow.png in Resources */ = {isa = PBXBuildFile; fileRef = 8EFAD3AE15432EC500DA316F /* tablecell_favorite_yellow.png */; };
		8EFAD3D315432EC500DA316F /* tablecell_favorite_yellow@2x.png in Resources */ = {isa = PBXBuildFile; fileRef = 8EFAD3AF15432EC500DA316F /* tablecell_favorite_yellow@2x.png */; };
		8EFAD3D415432EC500DA316F /* tablecell_headphones_black.png in Resources */ = {isa = PBXBuildFile; fileRef = 8EFAD3B015432EC500DA316F /* tablecell_headphones_black.png */; };
		8EFAD3D515432EC500DA316F /* tablecell_headphones_black@2x.png in Resources */ = {isa = PBXBuildFile; fileRef = 8EFAD3B115432EC500DA316F /* tablecell_headphones_black@2x.png */; };
		8EFAD3D615432EC500DA316F /* tablecell_headphones_white.png in Resources */ = {isa = PBXBuildFile; fileRef = 8EFAD3B215432EC500DA316F /* tablecell_headphones_white.png */; };
		8EFAD3D715432EC500DA316F /* tablecell_headphones_white@2x.png in Resources */ = {isa = PBXBuildFile; fileRef = 8EFAD3B315432EC500DA316F /* tablecell_headphones_white@2x.png */; };
		8EFAD3D815432EC500DA316F /* tablecell_indicator_black@2x.png in Resources */ = {isa = PBXBuildFile; fileRef = 8EFAD3B415432EC500DA316F /* tablecell_indicator_black@2x.png */; };
		8EFAD3D915432EC500DA316F /* tablecell_indicator_white@2x.png in Resources */ = {isa = PBXBuildFile; fileRef = 8EFAD3B515432EC500DA316F /* tablecell_indicator_white@2x.png */; };
		8EFAD3DE1543331900DA316F /* tablecell_play_black.png in Resources */ = {isa = PBXBuildFile; fileRef = 8EFAD3DA1543331900DA316F /* tablecell_play_black.png */; };
		8EFAD3DF1543331900DA316F /* tablecell_play_black@2x.png in Resources */ = {isa = PBXBuildFile; fileRef = 8EFAD3DB1543331900DA316F /* tablecell_play_black@2x.png */; };
		8EFAD3E01543331900DA316F /* tablecell_play_white.png in Resources */ = {isa = PBXBuildFile; fileRef = 8EFAD3DC1543331900DA316F /* tablecell_play_white.png */; };
		8EFAD3E11543331900DA316F /* tablecell_play_white@2x.png in Resources */ = {isa = PBXBuildFile; fileRef = 8EFAD3DD1543331900DA316F /* tablecell_play_white@2x.png */; };
		8EFAD3E31543349A00DA316F /* button_reload@2x.png in Resources */ = {isa = PBXBuildFile; fileRef = 8EFAD3E21543349A00DA316F /* button_reload@2x.png */; };
/* End PBXBuildFile section */

/* Begin PBXFileReference section */
		8E0B21FA1552136400A0347A /* AboutHtml.mustache */ = {isa = PBXFileReference; fileEncoding = 4; lastKnownFileType = text; path = AboutHtml.mustache; sourceTree = "<group>"; };
		8E0B831E1543DC770097984D /* AboutViewController.h */ = {isa = PBXFileReference; fileEncoding = 4; lastKnownFileType = sourcecode.c.h; path = AboutViewController.h; sourceTree = "<group>"; };
		8E0B831F1543DC770097984D /* AboutViewController.m */ = {isa = PBXFileReference; fileEncoding = 4; lastKnownFileType = sourcecode.c.objc; path = AboutViewController.m; sourceTree = "<group>"; };
		8E0B83201543DC770097984D /* AdBannerManager.h */ = {isa = PBXFileReference; fileEncoding = 4; lastKnownFileType = sourcecode.c.h; path = AdBannerManager.h; sourceTree = "<group>"; };
		8E0B83211543DC770097984D /* AdBannerManager.m */ = {isa = PBXFileReference; fileEncoding = 4; lastKnownFileType = sourcecode.c.objc; path = AdBannerManager.m; sourceTree = "<group>"; };
		8E0B83221543DC770097984D /* ChannelsHtml.h */ = {isa = PBXFileReference; fileEncoding = 4; lastKnownFileType = sourcecode.c.h; path = ChannelsHtml.h; sourceTree = "<group>"; };
		8E0B83231543DC770097984D /* ChannelsHtml.m */ = {isa = PBXFileReference; fileEncoding = 4; lastKnownFileType = sourcecode.c.objc; path = ChannelsHtml.m; sourceTree = "<group>"; };
		8E0B83241543DC770097984D /* ChannelViewController.h */ = {isa = PBXFileReference; fileEncoding = 4; lastKnownFileType = sourcecode.c.h; path = ChannelViewController.h; sourceTree = "<group>"; };
		8E0B83251543DC770097984D /* ChannelViewController.m */ = {isa = PBXFileReference; fileEncoding = 4; lastKnownFileType = sourcecode.c.objc; path = ChannelViewController.m; sourceTree = "<group>"; };
		8E0B83261543DC770097984D /* DjHeadlineViewController.h */ = {isa = PBXFileReference; fileEncoding = 4; lastKnownFileType = sourcecode.c.h; path = DjHeadlineViewController.h; sourceTree = "<group>"; };
		8E0B83271543DC770097984D /* DjHeadlineViewController.m */ = {isa = PBXFileReference; fileEncoding = 4; lastKnownFileType = sourcecode.c.objc; path = DjHeadlineViewController.m; sourceTree = "<group>"; };
		8E0B83291543DC770097984D /* EGORefreshTableHeaderView.h */ = {isa = PBXFileReference; fileEncoding = 4; lastKnownFileType = sourcecode.c.h; path = EGORefreshTableHeaderView.h; sourceTree = "<group>"; };
		8E0B832A1543DC770097984D /* EGORefreshTableHeaderView.m */ = {isa = PBXFileReference; fileEncoding = 4; lastKnownFileType = sourcecode.c.objc; path = EGORefreshTableHeaderView.m; sourceTree = "<group>"; };
		8E0B832B1543DC770097984D /* EGOTableViewPullRefresh.bundle */ = {isa = PBXFileReference; lastKnownFileType = "wrapper.plug-in"; path = EGOTableViewPullRefresh.bundle; sourceTree = "<group>"; };
		8E0B832C1543DC770097984D /* FavoritesTableViewController.h */ = {isa = PBXFileReference; fileEncoding = 4; lastKnownFileType = sourcecode.c.h; path = FavoritesTableViewController.h; sourceTree = "<group>"; };
		8E0B832D1543DC770097984D /* FavoritesTableViewController.m */ = {isa = PBXFileReference; fileEncoding = 4; lastKnownFileType = sourcecode.c.objc; path = FavoritesTableViewController.m; sourceTree = "<group>"; };
		8E0B832E1543DC770097984D /* FavoriteViewController.h */ = {isa = PBXFileReference; fileEncoding = 4; lastKnownFileType = sourcecode.c.h; path = FavoriteViewController.h; sourceTree = "<group>"; };
		8E0B832F1543DC770097984D /* FavoriteViewController.m */ = {isa = PBXFileReference; fileEncoding = 4; lastKnownFileType = sourcecode.c.objc; path = FavoriteViewController.m; sourceTree = "<group>"; };
		8E0B83311543DC770097984D /* FBNetworkReachability.h */ = {isa = PBXFileReference; fileEncoding = 4; lastKnownFileType = sourcecode.c.h; path = FBNetworkReachability.h; sourceTree = "<group>"; };
		8E0B83321543DC770097984D /* FBNetworkReachability.m */ = {isa = PBXFileReference; fileEncoding = 4; lastKnownFileType = sourcecode.c.objc; path = FBNetworkReachability.m; sourceTree = "<group>"; };
		8E0B83411543DC770097984D /* HeadlineNaviViewController.h */ = {isa = PBXFileReference; fileEncoding = 4; lastKnownFileType = sourcecode.c.h; path = HeadlineNaviViewController.h; sourceTree = "<group>"; };
		8E0B83421543DC770097984D /* HeadlineNaviViewController.m */ = {isa = PBXFileReference; fileEncoding = 4; lastKnownFileType = sourcecode.c.objc; path = HeadlineNaviViewController.m; sourceTree = "<group>"; };
		8E0B83431543DC770097984D /* HeadlineViewController.h */ = {isa = PBXFileReference; fileEncoding = 4; lastKnownFileType = sourcecode.c.h; path = HeadlineViewController.h; sourceTree = "<group>"; };
		8E0B83441543DC770097984D /* HeadlineViewController.m */ = {isa = PBXFileReference; fileEncoding = 4; lastKnownFileType = sourcecode.c.objc; path = HeadlineViewController.m; sourceTree = "<group>"; };
		8E0B83461543DC770097984D /* Channel.h */ = {isa = PBXFileReference; fileEncoding = 4; lastKnownFileType = sourcecode.c.h; path = Channel.h; sourceTree = "<group>"; };
		8E0B83471543DC770097984D /* Channel.m */ = {isa = PBXFileReference; fileEncoding = 4; lastKnownFileType = sourcecode.c.objc; path = Channel.m; sourceTree = "<group>"; };
		8E0B83481543DC770097984D /* Favorite.h */ = {isa = PBXFileReference; fileEncoding = 4; lastKnownFileType = sourcecode.c.h; path = Favorite.h; sourceTree = "<group>"; };
		8E0B83491543DC770097984D /* Favorite.m */ = {isa = PBXFileReference; fileEncoding = 4; lastKnownFileType = sourcecode.c.objc; path = Favorite.m; sourceTree = "<group>"; };
		8E0B834A1543DC770097984D /* FavoriteManager.h */ = {isa = PBXFileReference; fileEncoding = 4; lastKnownFileType = sourcecode.c.h; path = FavoriteManager.h; sourceTree = "<group>"; };
		8E0B834B1543DC770097984D /* FavoriteManager.m */ = {isa = PBXFileReference; fileEncoding = 4; lastKnownFileType = sourcecode.c.objc; path = FavoriteManager.m; sourceTree = "<group>"; };
		8E0B834C1543DC770097984D /* Headline.h */ = {isa = PBXFileReference; fileEncoding = 4; lastKnownFileType = sourcecode.c.h; path = Headline.h; sourceTree = "<group>"; };
		8E0B834D1543DC770097984D /* Headline.m */ = {isa = PBXFileReference; fileEncoding = 4; lastKnownFileType = sourcecode.c.objc; path = Headline.m; sourceTree = "<group>"; };
		8E0B834E1543DC770097984D /* LadioLib.h */ = {isa = PBXFileReference; fileEncoding = 4; lastKnownFileType = sourcecode.c.h; path = LadioLib.h; sourceTree = "<group>"; };
		8E0B834F1543DC770097984D /* LadioTailViewController.h */ = {isa = PBXFileReference; fileEncoding = 4; lastKnownFileType = sourcecode.c.h; path = LadioTailViewController.h; sourceTree = "<group>"; };
		8E0B83501543DC770097984D /* LadioTailViewController.m */ = {isa = PBXFileReference; fileEncoding = 4; lastKnownFileType = sourcecode.c.objc; path = LadioTailViewController.m; sourceTree = "<group>"; };
		8E0B83511543DC770097984D /* ListenersHeadlineViewController.h */ = {isa = PBXFileReference; fileEncoding = 4; lastKnownFileType = sourcecode.c.h; path = ListenersHeadlineViewController.h; sourceTree = "<group>"; };
		8E0B83521543DC770097984D /* ListenersHeadlineViewController.m */ = {isa = PBXFileReference; fileEncoding = 4; lastKnownFileType = sourcecode.c.objc; path = ListenersHeadlineViewController.m; sourceTree = "<group>"; };
		8E0B83531543DC770097984D /* NewlyHeadlineViewController.h */ = {isa = PBXFileReference; fileEncoding = 4; lastKnownFileType = sourcecode.c.h; path = NewlyHeadlineViewController.h; sourceTree = "<group>"; };
		8E0B83541543DC770097984D /* NewlyHeadlineViewController.m */ = {isa = PBXFileReference; fileEncoding = 4; lastKnownFileType = sourcecode.c.objc; path = NewlyHeadlineViewController.m; sourceTree = "<group>"; };
		8E0B83551543DC770097984D /* OthersTableViewController.h */ = {isa = PBXFileReference; fileEncoding = 4; lastKnownFileType = sourcecode.c.h; path = OthersTableViewController.h; sourceTree = "<group>"; };
		8E0B83561543DC770097984D /* OthersTableViewController.m */ = {isa = PBXFileReference; fileEncoding = 4; lastKnownFileType = sourcecode.c.objc; path = OthersTableViewController.m; sourceTree = "<group>"; };
		8E0B83571543DC770097984D /* Player.h */ = {isa = PBXFileReference; fileEncoding = 4; lastKnownFileType = sourcecode.c.h; path = Player.h; sourceTree = "<group>"; };
		8E0B83581543DC770097984D /* Player.m */ = {isa = PBXFileReference; fileEncoding = 4; lastKnownFileType = sourcecode.c.objc; path = Player.m; sourceTree = "<group>"; };
		8E0B83591543DC770097984D /* SearchWordManager.h */ = {isa = PBXFileReference; fileEncoding = 4; lastKnownFileType = sourcecode.c.h; path = SearchWordManager.h; sourceTree = "<group>"; };
		8E0B835A1543DC770097984D /* SearchWordManager.m */ = {isa = PBXFileReference; fileEncoding = 4; lastKnownFileType = sourcecode.c.objc; path = SearchWordManager.m; sourceTree = "<group>"; };
		8E0B835C1543DC770097984D /* SVProgressHUD.bundle */ = {isa = PBXFileReference; lastKnownFileType = "wrapper.plug-in"; path = SVProgressHUD.bundle; sourceTree = "<group>"; };
		8E0B835D1543DC770097984D /* SVProgressHUD.h */ = {isa = PBXFileReference; fileEncoding = 4; lastKnownFileType = sourcecode.c.h; path = SVProgressHUD.h; sourceTree = "<group>"; };
		8E0B835E1543DC770097984D /* SVProgressHUD.m */ = {isa = PBXFileReference; fileEncoding = 4; lastKnownFileType = sourcecode.c.objc; path = SVProgressHUD.m; sourceTree = "<group>"; };
		8E0B835F1543DC770097984D /* TitleHeadlineViewController.h */ = {isa = PBXFileReference; fileEncoding = 4; lastKnownFileType = sourcecode.c.h; path = TitleHeadlineViewController.h; sourceTree = "<group>"; };
		8E0B83601543DC770097984D /* TitleHeadlineViewController.m */ = {isa = PBXFileReference; fileEncoding = 4; lastKnownFileType = sourcecode.c.objc; path = TitleHeadlineViewController.m; sourceTree = "<group>"; };
		8E0B83611543DC770097984D /* WebPageViewController.h */ = {isa = PBXFileReference; fileEncoding = 4; lastKnownFileType = sourcecode.c.h; path = WebPageViewController.h; sourceTree = "<group>"; };
		8E0B83621543DC770097984D /* WebPageViewController.m */ = {isa = PBXFileReference; fileEncoding = 4; lastKnownFileType = sourcecode.c.objc; path = WebPageViewController.m; sourceTree = "<group>"; };
		8E0B837E1543DDCF0097984D /* libGRMustache3-iOS.a */ = {isa = PBXFileReference; lastKnownFileType = archive.ar; name = "libGRMustache3-iOS.a"; path = "LadioTailForIPhone/Libraries/GRMustache/libGRMustache3-iOS.a"; sourceTree = "<group>"; };
		8E0B83801543DEC80097984D /* AppDelegate.h */ = {isa = PBXFileReference; lastKnownFileType = sourcecode.c.h; path = AppDelegate.h; sourceTree = "<group>"; };
		8E0B83811543DEC80097984D /* AppDelegate.m */ = {isa = PBXFileReference; lastKnownFileType = sourcecode.c.objc; path = AppDelegate.m; sourceTree = "<group>"; };
		8E12B5AC153E7F28002F4437 /* Icon-72.png */ = {isa = PBXFileReference; lastKnownFileType = image.png; name = "Icon-72.png"; path = "Images/Icon-72.png"; sourceTree = "<group>"; };
		8E12B5AD153E7F28002F4437 /* Icon-Small-50.png */ = {isa = PBXFileReference; lastKnownFileType = image.png; name = "Icon-Small-50.png"; path = "Images/Icon-Small-50.png"; sourceTree = "<group>"; };
		8E12B5AE153E7F28002F4437 /* Icon-Small.png */ = {isa = PBXFileReference; lastKnownFileType = image.png; name = "Icon-Small.png"; path = "Images/Icon-Small.png"; sourceTree = "<group>"; };
		8E12B5AF153E7F28002F4437 /* Icon-Small@2x.png */ = {isa = PBXFileReference; lastKnownFileType = image.png; name = "Icon-Small@2x.png"; path = "Images/Icon-Small@2x.png"; sourceTree = "<group>"; };
		8E12B5B0153E7F28002F4437 /* Icon.png */ = {isa = PBXFileReference; lastKnownFileType = image.png; name = Icon.png; path = Images/Icon.png; sourceTree = "<group>"; };
		8E12B5B1153E7F28002F4437 /* Icon@2x.png */ = {isa = PBXFileReference; lastKnownFileType = image.png; name = "Icon@2x.png"; path = "Images/Icon@2x.png"; sourceTree = "<group>"; };
		8E12B5B2153E7F28002F4437 /* iTunesArtwork */ = {isa = PBXFileReference; lastKnownFileType = file; name = iTunesArtwork; path = Images/iTunesArtwork; sourceTree = "<group>"; };
		8E16282215383107007A2DBE /* QuartzCore.framework */ = {isa = PBXFileReference; lastKnownFileType = wrapper.framework; name = QuartzCore.framework; path = System/Library/Frameworks/QuartzCore.framework; sourceTree = SDKROOT; };
		8E1BA6B3153AA36F00070E71 /* SystemConfiguration.framework */ = {isa = PBXFileReference; lastKnownFileType = wrapper.framework; name = SystemConfiguration.framework; path = System/Library/Frameworks/SystemConfiguration.framework; sourceTree = SDKROOT; };
		8E30D1601539A62D00647D21 /* tab_dj.png */ = {isa = PBXFileReference; lastKnownFileType = image.png; path = tab_dj.png; sourceTree = "<group>"; };
		8E30D1611539A62D00647D21 /* tab_dj@2x.png */ = {isa = PBXFileReference; lastKnownFileType = image.png; path = "tab_dj@2x.png"; sourceTree = "<group>"; };
		8E30D1621539A62D00647D21 /* tab_listeners.png */ = {isa = PBXFileReference; lastKnownFileType = image.png; path = tab_listeners.png; sourceTree = "<group>"; };
		8E30D1631539A62D00647D21 /* tab_listeners@2x.png */ = {isa = PBXFileReference; lastKnownFileType = image.png; path = "tab_listeners@2x.png"; sourceTree = "<group>"; };
		8E30D1641539A62D00647D21 /* tab_newly.png */ = {isa = PBXFileReference; lastKnownFileType = image.png; path = tab_newly.png; sourceTree = "<group>"; };
		8E30D1651539A62D00647D21 /* tab_newly@2x.png */ = {isa = PBXFileReference; lastKnownFileType = image.png; path = "tab_newly@2x.png"; sourceTree = "<group>"; };
		8E30D1661539A62D00647D21 /* tab_title.png */ = {isa = PBXFileReference; lastKnownFileType = image.png; path = tab_title.png; sourceTree = "<group>"; };
		8E30D1671539A62D00647D21 /* tab_title@2x.png */ = {isa = PBXFileReference; lastKnownFileType = image.png; path = "tab_title@2x.png"; sourceTree = "<group>"; };
		8E62BA1A1544F3B400E77F3B /* tablecell_broadcast_black.png */ = {isa = PBXFileReference; lastKnownFileType = image.png; path = tablecell_broadcast_black.png; sourceTree = "<group>"; };
		8E62BA1B1544F3B400E77F3B /* tablecell_broadcast_black@2x.png */ = {isa = PBXFileReference; lastKnownFileType = image.png; path = "tablecell_broadcast_black@2x.png"; sourceTree = "<group>"; };
		8E62BA1C1544F3B400E77F3B /* tablecell_broadcast_white.png */ = {isa = PBXFileReference; lastKnownFileType = image.png; path = tablecell_broadcast_white.png; sourceTree = "<group>"; };
		8E62BA1D1544F3B400E77F3B /* tablecell_broadcast_white@2x.png */ = {isa = PBXFileReference; lastKnownFileType = image.png; path = "tablecell_broadcast_white@2x.png"; sourceTree = "<group>"; };
		8E9928CD154906680015CA5D /* Settings.bundle */ = {isa = PBXFileReference; lastKnownFileType = "wrapper.plug-in"; path = Settings.bundle; sourceTree = "<group>"; };
		8E9BE9EB1543B36D0029DB70 /* tablecell_favorite_black_mini.png */ = {isa = PBXFileReference; lastKnownFileType = image.png; path = tablecell_favorite_black_mini.png; sourceTree = "<group>"; };
		8E9BE9EC1543B36D0029DB70 /* tablecell_favorite_black_mini@2x.png */ = {isa = PBXFileReference; lastKnownFileType = image.png; path = "tablecell_favorite_black_mini@2x.png"; sourceTree = "<group>"; };
		8EAB5729155E42DB00F2202C /* LadioTailConfig.h */ = {isa = PBXFileReference; fileEncoding = 4; lastKnownFileType = sourcecode.c.h; path = LadioTailConfig.h; sourceTree = "<group>"; };
		8EAB572A155E42DB00F2202C /* LadioTailConfig.mm */ = {isa = PBXFileReference; fileEncoding = 4; lastKnownFileType = sourcecode.cpp.objcpp; path = LadioTailConfig.mm; sourceTree = "<group>"; };
		8EAFBF611537C2EA00DDBB6A /* ja */ = {isa = PBXFileReference; lastKnownFileType = text.plist.strings; name = ja; path = ja.lproj/InfoPlist.strings; sourceTree = "<group>"; };
		8EAFBF631537C8E000DDBB6A /* en */ = {isa = PBXFileReference; lastKnownFileType = text.plist.strings; name = en; path = en.lproj/Localizable.strings; sourceTree = "<group>"; };
		8EAFBF651537C90700DDBB6A /* ja */ = {isa = PBXFileReference; lastKnownFileType = text.plist.strings; name = ja; path = ja.lproj/Localizable.strings; sourceTree = "<group>"; };
		8EB3A5FC153C01D900965D87 /* iAd.framework */ = {isa = PBXFileReference; lastKnownFileType = wrapper.framework; name = iAd.framework; path = System/Library/Frameworks/iAd.framework; sourceTree = SDKROOT; };
		8EC225F9156F00C700DB1633 /* Icon-72@2x.png */ = {isa = PBXFileReference; lastKnownFileType = image.png; name = "Icon-72@2x.png"; path = "Images/Icon-72@2x.png"; sourceTree = "<group>"; };
		8EC225FA156F00C700DB1633 /* Icon-Small-50@2x.png */ = {isa = PBXFileReference; lastKnownFileType = image.png; name = "Icon-Small-50@2x.png"; path = "Images/Icon-Small-50@2x.png"; sourceTree = "<group>"; };
		8EC23B47153712BB007352FD /* Ladio Tail.app */ = {isa = PBXFileReference; explicitFileType = wrapper.application; includeInIndex = 0; path = "Ladio Tail.app"; sourceTree = BUILT_PRODUCTS_DIR; };
		8EC23B4B153712BB007352FD /* UIKit.framework */ = {isa = PBXFileReference; lastKnownFileType = wrapper.framework; name = UIKit.framework; path = System/Library/Frameworks/UIKit.framework; sourceTree = SDKROOT; };
		8EC23B4D153712BB007352FD /* Foundation.framework */ = {isa = PBXFileReference; lastKnownFileType = wrapper.framework; name = Foundation.framework; path = System/Library/Frameworks/Foundation.framework; sourceTree = SDKROOT; };
		8EC23B4F153712BB007352FD /* CoreGraphics.framework */ = {isa = PBXFileReference; lastKnownFileType = wrapper.framework; name = CoreGraphics.framework; path = System/Library/Frameworks/CoreGraphics.framework; sourceTree = SDKROOT; };
		8EC23B53153712BB007352FD /* LadioTailForIPhone-Info.plist */ = {isa = PBXFileReference; lastKnownFileType = text.plist.xml; path = "LadioTailForIPhone-Info.plist"; sourceTree = "<group>"; };
		8EC23B55153712BB007352FD /* en */ = {isa = PBXFileReference; lastKnownFileType = text.plist.strings; name = en; path = en.lproj/InfoPlist.strings; sourceTree = "<group>"; };
		8EC23B57153712BB007352FD /* main.m */ = {isa = PBXFileReference; lastKnownFileType = sourcecode.c.objc; path = main.m; sourceTree = "<group>"; };
		8EC23B59153712BB007352FD /* LadioTailForIPhone-Prefix.pch */ = {isa = PBXFileReference; lastKnownFileType = sourcecode.c.h; path = "LadioTailForIPhone-Prefix.pch"; sourceTree = "<group>"; };
		8EC23B8A15371433007352FD /* en */ = {isa = PBXFileReference; lastKnownFileType = file.storyboard; name = en; path = en.lproj/MainStoryboard.storyboard; sourceTree = "<group>"; };
		8EC23B901537147B007352FD /* AVFoundation.framework */ = {isa = PBXFileReference; lastKnownFileType = wrapper.framework; name = AVFoundation.framework; path = System/Library/Frameworks/AVFoundation.framework; sourceTree = SDKROOT; };
		8EC3BBD11541057300F6DC08 /* ChannelPageHtml.mustache */ = {isa = PBXFileReference; fileEncoding = 4; lastKnownFileType = text; path = ChannelPageHtml.mustache; sourceTree = "<group>"; };
		8EC3BBEB15412B9500F6DC08 /* ChannelLinkHtml.mustache */ = {isa = PBXFileReference; fileEncoding = 4; lastKnownFileType = text; path = ChannelLinkHtml.mustache; sourceTree = "<group>"; };
		8EC3BBED1541376D00F6DC08 /* Default.png */ = {isa = PBXFileReference; lastKnownFileType = image.png; name = Default.png; path = Images/Default.png; sourceTree = "<group>"; };
		8EC3BBEE1541376D00F6DC08 /* Default@2x.png */ = {isa = PBXFileReference; lastKnownFileType = image.png; name = "Default@2x.png"; path = "Images/Default@2x.png"; sourceTree = "<group>"; };
		8EDF6B9F15575D8100625536 /* GRMustache.h */ = {isa = PBXFileReference; lastKnownFileType = sourcecode.c.h; path = GRMustache.h; sourceTree = "<group>"; };
		8EDF6BA015575D8100625536 /* GRMustacheAvailabilityMacros.h */ = {isa = PBXFileReference; lastKnownFileType = sourcecode.c.h; path = GRMustacheAvailabilityMacros.h; sourceTree = "<group>"; };
		8EDF6BA115575D8100625536 /* GRMustacheError.h */ = {isa = PBXFileReference; lastKnownFileType = sourcecode.c.h; path = GRMustacheError.h; sourceTree = "<group>"; };
		8EDF6BA215575D8100625536 /* GRMustacheHelper.h */ = {isa = PBXFileReference; lastKnownFileType = sourcecode.c.h; path = GRMustacheHelper.h; sourceTree = "<group>"; };
		8EDF6BA315575D8100625536 /* GRMustacheInvocation.h */ = {isa = PBXFileReference; lastKnownFileType = sourcecode.c.h; path = GRMustacheInvocation.h; sourceTree = "<group>"; };
		8EDF6BA415575D8100625536 /* GRMustacheSection.h */ = {isa = PBXFileReference; lastKnownFileType = sourcecode.c.h; path = GRMustacheSection.h; sourceTree = "<group>"; };
		8EDF6BA515575D8100625536 /* GRMustacheTemplate.h */ = {isa = PBXFileReference; lastKnownFileType = sourcecode.c.h; path = GRMustacheTemplate.h; sourceTree = "<group>"; };
		8EDF6BA615575D8100625536 /* GRMustacheTemplateDelegate.h */ = {isa = PBXFileReference; lastKnownFileType = sourcecode.c.h; path = GRMustacheTemplateDelegate.h; sourceTree = "<group>"; };
		8EDF6BA715575D8100625536 /* GRMustacheTemplateRepository.h */ = {isa = PBXFileReference; lastKnownFileType = sourcecode.c.h; path = GRMustacheTemplateRepository.h; sourceTree = "<group>"; };
		8EDF6BA815575D8100625536 /* GRMustacheVersion.h */ = {isa = PBXFileReference; lastKnownFileType = sourcecode.c.h; path = GRMustacheVersion.h; sourceTree = "<group>"; };
		8EFAD3731542D1D300DA316F /* tablecell_indicator_black.png */ = {isa = PBXFileReference; lastKnownFileType = image.png; path = tablecell_indicator_black.png; sourceTree = "<group>"; };
		8EFAD3741542D1D300DA316F /* tablecell_indicator_white.png */ = {isa = PBXFileReference; lastKnownFileType = image.png; path = tablecell_indicator_white.png; sourceTree = "<group>"; };
		8EFAD3791542DF1800DA316F /* tab_others.png */ = {isa = PBXFileReference; lastKnownFileType = image.png; path = tab_others.png; sourceTree = "<group>"; };
		8EFAD37A1542DF1800DA316F /* tab_others@2x.png */ = {isa = PBXFileReference; lastKnownFileType = image.png; path = "tab_others@2x.png"; sourceTree = "<group>"; };
		8EFAD38E154312B800DA316F /* about_wallpaper.png */ = {isa = PBXFileReference; lastKnownFileType = image.png; path = about_wallpaper.png; sourceTree = "<group>"; };
		8EFAD38F154312B800DA316F /* about_wallpaper@2x.png */ = {isa = PBXFileReference; lastKnownFileType = image.png; path = "about_wallpaper@2x.png"; sourceTree = "<group>"; };
		8EFAD39215432EC400DA316F /* button_allow_left.png */ = {isa = PBXFileReference; lastKnownFileType = image.png; path = button_allow_left.png; sourceTree = "<group>"; };
		8EFAD39315432EC400DA316F /* button_allow_left@2x.png */ = {isa = PBXFileReference; lastKnownFileType = image.png; path = "button_allow_left@2x.png"; sourceTree = "<group>"; };
		8EFAD39415432EC400DA316F /* button_allow_right.png */ = {isa = PBXFileReference; lastKnownFileType = image.png; path = button_allow_right.png; sourceTree = "<group>"; };
		8EFAD39515432EC400DA316F /* button_allow_right@2x.png */ = {isa = PBXFileReference; lastKnownFileType = image.png; path = "button_allow_right@2x.png"; sourceTree = "<group>"; };
		8EFAD39615432EC400DA316F /* button_goto_bottom.png */ = {isa = PBXFileReference; lastKnownFileType = image.png; path = button_goto_bottom.png; sourceTree = "<group>"; };
		8EFAD39715432EC400DA316F /* button_goto_bottom@2x.png */ = {isa = PBXFileReference; lastKnownFileType = image.png; path = "button_goto_bottom@2x.png"; sourceTree = "<group>"; };
		8EFAD39815432EC400DA316F /* button_playback_play.png */ = {isa = PBXFileReference; lastKnownFileType = image.png; path = button_playback_play.png; sourceTree = "<group>"; };
		8EFAD39915432EC400DA316F /* button_playback_play@2x.png */ = {isa = PBXFileReference; lastKnownFileType = image.png; path = "button_playback_play@2x.png"; sourceTree = "<group>"; };
		8EFAD39A15432EC400DA316F /* button_playback_stop.png */ = {isa = PBXFileReference; lastKnownFileType = image.png; path = button_playback_stop.png; sourceTree = "<group>"; };
		8EFAD39B15432EC400DA316F /* button_playback_stop@2x.png */ = {isa = PBXFileReference; lastKnownFileType = image.png; path = "button_playback_stop@2x.png"; sourceTree = "<group>"; };
		8EFAD39C15432EC400DA316F /* button_reload_stop.png */ = {isa = PBXFileReference; lastKnownFileType = image.png; path = button_reload_stop.png; sourceTree = "<group>"; };
		8EFAD39D15432EC400DA316F /* button_reload_stop@2x.png */ = {isa = PBXFileReference; lastKnownFileType = image.png; path = "button_reload_stop@2x.png"; sourceTree = "<group>"; };
		8EFAD39E15432EC400DA316F /* button_reload.png */ = {isa = PBXFileReference; lastKnownFileType = image.png; path = button_reload.png; sourceTree = "<group>"; };
		8EFAD3A015432EC400DA316F /* navbarbtn_favorite_white.png */ = {isa = PBXFileReference; lastKnownFileType = image.png; path = navbarbtn_favorite_white.png; sourceTree = "<group>"; };
		8EFAD3A115432EC400DA316F /* navbarbtn_favorite_white@2x.png */ = {isa = PBXFileReference; lastKnownFileType = image.png; path = "navbarbtn_favorite_white@2x.png"; sourceTree = "<group>"; };
		8EFAD3A215432EC400DA316F /* navbarbtn_favorite_yellow.png */ = {isa = PBXFileReference; lastKnownFileType = image.png; path = navbarbtn_favorite_yellow.png; sourceTree = "<group>"; };
		8EFAD3A315432EC400DA316F /* navbarbtn_favorite_yellow@2x.png */ = {isa = PBXFileReference; lastKnownFileType = image.png; path = "navbarbtn_favorite_yellow@2x.png"; sourceTree = "<group>"; };
		8EFAD3A415432EC400DA316F /* tablecell_about_black.png */ = {isa = PBXFileReference; lastKnownFileType = image.png; path = tablecell_about_black.png; sourceTree = "<group>"; };
		8EFAD3A515432EC400DA316F /* tablecell_about_black@2x.png */ = {isa = PBXFileReference; lastKnownFileType = image.png; path = "tablecell_about_black@2x.png"; sourceTree = "<group>"; };
		8EFAD3A615432EC400DA316F /* tablecell_about_white.png */ = {isa = PBXFileReference; lastKnownFileType = image.png; path = tablecell_about_white.png; sourceTree = "<group>"; };
		8EFAD3A715432EC400DA316F /* tablecell_about_white@2x.png */ = {isa = PBXFileReference; lastKnownFileType = image.png; path = "tablecell_about_white@2x.png"; sourceTree = "<group>"; };
		8EFAD3AA15432EC400DA316F /* tablecell_favorite_black.png */ = {isa = PBXFileReference; lastKnownFileType = image.png; path = tablecell_favorite_black.png; sourceTree = "<group>"; };
		8EFAD3AB15432EC400DA316F /* tablecell_favorite_black@2x.png */ = {isa = PBXFileReference; lastKnownFileType = image.png; path = "tablecell_favorite_black@2x.png"; sourceTree = "<group>"; };
		8EFAD3AC15432EC400DA316F /* tablecell_favorite_yellow_mini.png */ = {isa = PBXFileReference; lastKnownFileType = image.png; path = tablecell_favorite_yellow_mini.png; sourceTree = "<group>"; };
		8EFAD3AD15432EC500DA316F /* tablecell_favorite_yellow_mini@2x.png */ = {isa = PBXFileReference; lastKnownFileType = image.png; path = "tablecell_favorite_yellow_mini@2x.png"; sourceTree = "<group>"; };
		8EFAD3AE15432EC500DA316F /* tablecell_favorite_yellow.png */ = {isa = PBXFileReference; lastKnownFileType = image.png; path = tablecell_favorite_yellow.png; sourceTree = "<group>"; };
		8EFAD3AF15432EC500DA316F /* tablecell_favorite_yellow@2x.png */ = {isa = PBXFileReference; lastKnownFileType = image.png; path = "tablecell_favorite_yellow@2x.png"; sourceTree = "<group>"; };
		8EFAD3B015432EC500DA316F /* tablecell_headphones_black.png */ = {isa = PBXFileReference; lastKnownFileType = image.png; path = tablecell_headphones_black.png; sourceTree = "<group>"; };
		8EFAD3B115432EC500DA316F /* tablecell_headphones_black@2x.png */ = {isa = PBXFileReference; lastKnownFileType = image.png; path = "tablecell_headphones_black@2x.png"; sourceTree = "<group>"; };
		8EFAD3B215432EC500DA316F /* tablecell_headphones_white.png */ = {isa = PBXFileReference; lastKnownFileType = image.png; path = tablecell_headphones_white.png; sourceTree = "<group>"; };
		8EFAD3B315432EC500DA316F /* tablecell_headphones_white@2x.png */ = {isa = PBXFileReference; lastKnownFileType = image.png; path = "tablecell_headphones_white@2x.png"; sourceTree = "<group>"; };
		8EFAD3B415432EC500DA316F /* tablecell_indicator_black@2x.png */ = {isa = PBXFileReference; lastKnownFileType = image.png; path = "tablecell_indicator_black@2x.png"; sourceTree = "<group>"; };
		8EFAD3B515432EC500DA316F /* tablecell_indicator_white@2x.png */ = {isa = PBXFileReference; lastKnownFileType = image.png; path = "tablecell_indicator_white@2x.png"; sourceTree = "<group>"; };
		8EFAD3DA1543331900DA316F /* tablecell_play_black.png */ = {isa = PBXFileReference; lastKnownFileType = image.png; path = tablecell_play_black.png; sourceTree = "<group>"; };
		8EFAD3DB1543331900DA316F /* tablecell_play_black@2x.png */ = {isa = PBXFileReference; lastKnownFileType = image.png; path = "tablecell_play_black@2x.png"; sourceTree = "<group>"; };
		8EFAD3DC1543331900DA316F /* tablecell_play_white.png */ = {isa = PBXFileReference; lastKnownFileType = image.png; path = tablecell_play_white.png; sourceTree = "<group>"; };
		8EFAD3DD1543331900DA316F /* tablecell_play_white@2x.png */ = {isa = PBXFileReference; lastKnownFileType = image.png; path = "tablecell_play_white@2x.png"; sourceTree = "<group>"; };
		8EFAD3E21543349A00DA316F /* button_reload@2x.png */ = {isa = PBXFileReference; lastKnownFileType = image.png; path = "button_reload@2x.png"; sourceTree = "<group>"; };
/* End PBXFileReference section */

/* Begin PBXFrameworksBuildPhase section */
		8EC23B44153712BB007352FD /* Frameworks */ = {
			isa = PBXFrameworksBuildPhase;
			buildActionMask = 2147483647;
			files = (
				8E0B837F1543DDCF0097984D /* libGRMustache3-iOS.a in Frameworks */,
				8EC23B4C153712BB007352FD /* UIKit.framework in Frameworks */,
				8EC23B4E153712BB007352FD /* Foundation.framework in Frameworks */,
				8EC23B911537147B007352FD /* AVFoundation.framework in Frameworks */,
				8EC23B50153712BB007352FD /* CoreGraphics.framework in Frameworks */,
				8E16282315383107007A2DBE /* QuartzCore.framework in Frameworks */,
				8E1BA6B4153AA36F00070E71 /* SystemConfiguration.framework in Frameworks */,
				8EB3A5FD153C01D900965D87 /* iAd.framework in Frameworks */,
			);
			runOnlyForDeploymentPostprocessing = 0;
		};
/* End PBXFrameworksBuildPhase section */

/* Begin PBXGroup section */
		8E0B831D1543DC770097984D /* Source */ = {
			isa = PBXGroup;
			children = (
				8E0B83331543DC770097984D /* GRMustache */,
				8E0B83281543DC770097984D /* EGOTableViewPullRefresh */,
				8E0B83301543DC770097984D /* FBNetworkReachability */,
				8E0B835B1543DC770097984D /* SVProgressHUD */,
				8E0B83451543DC770097984D /* LadioLib */,
				8EAB5729155E42DB00F2202C /* LadioTailConfig.h */,
				8EAB572A155E42DB00F2202C /* LadioTailConfig.mm */,
				8E0B83801543DEC80097984D /* AppDelegate.h */,
				8E0B83811543DEC80097984D /* AppDelegate.m */,
				8E0B834F1543DC770097984D /* LadioTailViewController.h */,
				8E0B83501543DC770097984D /* LadioTailViewController.m */,
				8E0B83411543DC770097984D /* HeadlineNaviViewController.h */,
				8E0B83421543DC770097984D /* HeadlineNaviViewController.m */,
				8E0B83431543DC770097984D /* HeadlineViewController.h */,
				8E0B83441543DC770097984D /* HeadlineViewController.m */,
				8E0B83531543DC770097984D /* NewlyHeadlineViewController.h */,
				8E0B83541543DC770097984D /* NewlyHeadlineViewController.m */,
				8E0B83511543DC770097984D /* ListenersHeadlineViewController.h */,
				8E0B83521543DC770097984D /* ListenersHeadlineViewController.m */,
				8E0B835F1543DC770097984D /* TitleHeadlineViewController.h */,
				8E0B83601543DC770097984D /* TitleHeadlineViewController.m */,
				8E0B83261543DC770097984D /* DjHeadlineViewController.h */,
				8E0B83271543DC770097984D /* DjHeadlineViewController.m */,
				8E0B83241543DC770097984D /* ChannelViewController.h */,
				8E0B83251543DC770097984D /* ChannelViewController.m */,
				8E0B83611543DC770097984D /* WebPageViewController.h */,
				8E0B83621543DC770097984D /* WebPageViewController.m */,
				8E0B83551543DC770097984D /* OthersTableViewController.h */,
				8E0B83561543DC770097984D /* OthersTableViewController.m */,
				8E0B832C1543DC770097984D /* FavoritesTableViewController.h */,
				8E0B832D1543DC770097984D /* FavoritesTableViewController.m */,
				8E0B832E1543DC770097984D /* FavoriteViewController.h */,
				8E0B832F1543DC770097984D /* FavoriteViewController.m */,
				8E0B831E1543DC770097984D /* AboutViewController.h */,
				8E0B831F1543DC770097984D /* AboutViewController.m */,
				8E0B83571543DC770097984D /* Player.h */,
				8E0B83581543DC770097984D /* Player.m */,
				8E0B83591543DC770097984D /* SearchWordManager.h */,
				8E0B835A1543DC770097984D /* SearchWordManager.m */,
				8E0B83201543DC770097984D /* AdBannerManager.h */,
				8E0B83211543DC770097984D /* AdBannerManager.m */,
				8E0B83221543DC770097984D /* ChannelsHtml.h */,
				8E0B83231543DC770097984D /* ChannelsHtml.m */,
			);
			path = Source;
			sourceTree = "<group>";
		};
		8E0B83281543DC770097984D /* EGOTableViewPullRefresh */ = {
			isa = PBXGroup;
			children = (
				8E0B83291543DC770097984D /* EGORefreshTableHeaderView.h */,
				8E0B832A1543DC770097984D /* EGORefreshTableHeaderView.m */,
				8E0B832B1543DC770097984D /* EGOTableViewPullRefresh.bundle */,
			);
			path = EGOTableViewPullRefresh;
			sourceTree = "<group>";
		};
		8E0B83301543DC770097984D /* FBNetworkReachability */ = {
			isa = PBXGroup;
			children = (
				8E0B83311543DC770097984D /* FBNetworkReachability.h */,
				8E0B83321543DC770097984D /* FBNetworkReachability.m */,
			);
			path = FBNetworkReachability;
			sourceTree = "<group>";
		};
		8E0B83331543DC770097984D /* GRMustache */ = {
			isa = PBXGroup;
			children = (
				8EDF6B9F15575D8100625536 /* GRMustache.h */,
				8EDF6BA015575D8100625536 /* GRMustacheAvailabilityMacros.h */,
				8EDF6BA115575D8100625536 /* GRMustacheError.h */,
				8EDF6BA215575D8100625536 /* GRMustacheHelper.h */,
				8EDF6BA315575D8100625536 /* GRMustacheInvocation.h */,
				8EDF6BA415575D8100625536 /* GRMustacheSection.h */,
				8EDF6BA515575D8100625536 /* GRMustacheTemplate.h */,
				8EDF6BA615575D8100625536 /* GRMustacheTemplateDelegate.h */,
				8EDF6BA715575D8100625536 /* GRMustacheTemplateRepository.h */,
				8EDF6BA815575D8100625536 /* GRMustacheVersion.h */,
			);
			path = GRMustache;
			sourceTree = "<group>";
		};
		8E0B83451543DC770097984D /* LadioLib */ = {
			isa = PBXGroup;
			children = (
				8E0B834E1543DC770097984D /* LadioLib.h */,
				8E0B834C1543DC770097984D /* Headline.h */,
				8E0B834D1543DC770097984D /* Headline.m */,
				8E0B83461543DC770097984D /* Channel.h */,
				8E0B83471543DC770097984D /* Channel.m */,
				8E0B834A1543DC770097984D /* FavoriteManager.h */,
				8E0B834B1543DC770097984D /* FavoriteManager.m */,
				8E0B83481543DC770097984D /* Favorite.h */,
				8E0B83491543DC770097984D /* Favorite.m */,
			);
			path = LadioLib;
			sourceTree = "<group>";
		};
		8E0B835B1543DC770097984D /* SVProgressHUD */ = {
			isa = PBXGroup;
			children = (
				8E0B835C1543DC770097984D /* SVProgressHUD.bundle */,
				8E0B835D1543DC770097984D /* SVProgressHUD.h */,
				8E0B835E1543DC770097984D /* SVProgressHUD.m */,
			);
			path = SVProgressHUD;
			sourceTree = "<group>";
		};
		8E16282E15385E55007A2DBE /* Images */ = {
			isa = PBXGroup;
			children = (
				8EFAD38E154312B800DA316F /* about_wallpaper.png */,
				8EFAD38F154312B800DA316F /* about_wallpaper@2x.png */,
				8EFAD39215432EC400DA316F /* button_allow_left.png */,
				8EFAD39315432EC400DA316F /* button_allow_left@2x.png */,
				8EFAD39415432EC400DA316F /* button_allow_right.png */,
				8EFAD39515432EC400DA316F /* button_allow_right@2x.png */,
				8EFAD39615432EC400DA316F /* button_goto_bottom.png */,
				8EFAD39715432EC400DA316F /* button_goto_bottom@2x.png */,
				8EFAD39815432EC400DA316F /* button_playback_play.png */,
				8EFAD39915432EC400DA316F /* button_playback_play@2x.png */,
				8EFAD39A15432EC400DA316F /* button_playback_stop.png */,
				8EFAD39B15432EC400DA316F /* button_playback_stop@2x.png */,
				8EFAD39E15432EC400DA316F /* button_reload.png */,
				8EFAD3E21543349A00DA316F /* button_reload@2x.png */,
				8EFAD39C15432EC400DA316F /* button_reload_stop.png */,
				8EFAD39D15432EC400DA316F /* button_reload_stop@2x.png */,
				8EFAD3A015432EC400DA316F /* navbarbtn_favorite_white.png */,
				8EFAD3A115432EC400DA316F /* navbarbtn_favorite_white@2x.png */,
				8EFAD3A215432EC400DA316F /* navbarbtn_favorite_yellow.png */,
				8EFAD3A315432EC400DA316F /* navbarbtn_favorite_yellow@2x.png */,
				8E30D1601539A62D00647D21 /* tab_dj.png */,
				8E30D1611539A62D00647D21 /* tab_dj@2x.png */,
				8E30D1621539A62D00647D21 /* tab_listeners.png */,
				8E30D1631539A62D00647D21 /* tab_listeners@2x.png */,
				8E30D1641539A62D00647D21 /* tab_newly.png */,
				8E30D1651539A62D00647D21 /* tab_newly@2x.png */,
				8EFAD3791542DF1800DA316F /* tab_others.png */,
				8EFAD37A1542DF1800DA316F /* tab_others@2x.png */,
				8E30D1661539A62D00647D21 /* tab_title.png */,
				8E30D1671539A62D00647D21 /* tab_title@2x.png */,
				8EFAD3A415432EC400DA316F /* tablecell_about_black.png */,
				8EFAD3A515432EC400DA316F /* tablecell_about_black@2x.png */,
				8EFAD3A615432EC400DA316F /* tablecell_about_white.png */,
				8EFAD3A715432EC400DA316F /* tablecell_about_white@2x.png */,
				8E62BA1A1544F3B400E77F3B /* tablecell_broadcast_black.png */,
				8E62BA1B1544F3B400E77F3B /* tablecell_broadcast_black@2x.png */,
				8E62BA1C1544F3B400E77F3B /* tablecell_broadcast_white.png */,
				8E62BA1D1544F3B400E77F3B /* tablecell_broadcast_white@2x.png */,
				8EFAD3AA15432EC400DA316F /* tablecell_favorite_black.png */,
				8EFAD3AB15432EC400DA316F /* tablecell_favorite_black@2x.png */,
				8E9BE9EB1543B36D0029DB70 /* tablecell_favorite_black_mini.png */,
				8E9BE9EC1543B36D0029DB70 /* tablecell_favorite_black_mini@2x.png */,
				8EFAD3AE15432EC500DA316F /* tablecell_favorite_yellow.png */,
				8EFAD3AF15432EC500DA316F /* tablecell_favorite_yellow@2x.png */,
				8EFAD3AC15432EC400DA316F /* tablecell_favorite_yellow_mini.png */,
				8EFAD3AD15432EC500DA316F /* tablecell_favorite_yellow_mini@2x.png */,
				8EFAD3B015432EC500DA316F /* tablecell_headphones_black.png */,
				8EFAD3B115432EC500DA316F /* tablecell_headphones_black@2x.png */,
				8EFAD3B215432EC500DA316F /* tablecell_headphones_white.png */,
				8EFAD3B315432EC500DA316F /* tablecell_headphones_white@2x.png */,
				8EFAD3731542D1D300DA316F /* tablecell_indicator_black.png */,
				8EFAD3B415432EC500DA316F /* tablecell_indicator_black@2x.png */,
				8EFAD3741542D1D300DA316F /* tablecell_indicator_white.png */,
				8EFAD3B515432EC500DA316F /* tablecell_indicator_white@2x.png */,
				8EFAD3DA1543331900DA316F /* tablecell_play_black.png */,
				8EFAD3DB1543331900DA316F /* tablecell_play_black@2x.png */,
				8EFAD3DC1543331900DA316F /* tablecell_play_white.png */,
				8EFAD3DD1543331900DA316F /* tablecell_play_white@2x.png */,
			);
			path = Images;
			sourceTree = "<group>";
		};
		8EC23B3C153712BB007352FD = {
			isa = PBXGroup;
			children = (
				8EC23B51153712BB007352FD /* LadioTailForIPhone */,
				8EC23B4A153712BB007352FD /* Frameworks */,
				8EC3BBCF1541046A00F6DC08 /* Libraries */,
				8EC23B48153712BB007352FD /* Products */,
			);
			sourceTree = "<group>";
		};
		8EC23B48153712BB007352FD /* Products */ = {
			isa = PBXGroup;
			children = (
				8EC23B47153712BB007352FD /* Ladio Tail.app */,
			);
			name = Products;
			sourceTree = "<group>";
		};
		8EC23B4A153712BB007352FD /* Frameworks */ = {
			isa = PBXGroup;
			children = (
				8EB3A5FC153C01D900965D87 /* iAd.framework */,
				8E1BA6B3153AA36F00070E71 /* SystemConfiguration.framework */,
				8E16282215383107007A2DBE /* QuartzCore.framework */,
				8EC23B901537147B007352FD /* AVFoundation.framework */,
				8EC23B4B153712BB007352FD /* UIKit.framework */,
				8EC23B4D153712BB007352FD /* Foundation.framework */,
				8EC23B4F153712BB007352FD /* CoreGraphics.framework */,
			);
			name = Frameworks;
			sourceTree = "<group>";
		};
		8EC23B51153712BB007352FD /* LadioTailForIPhone */ = {
			isa = PBXGroup;
			children = (
				8EC23B8915371432007352FD /* MainStoryboard.storyboard */,
				8E0B831D1543DC770097984D /* Source */,
				8E16282E15385E55007A2DBE /* Images */,
				8EC3BBD0154104CF00F6DC08 /* Templetes */,
				8EC23B52153712BB007352FD /* Supporting Files */,
			);
			path = LadioTailForIPhone;
			sourceTree = "<group>";
		};
		8EC23B52153712BB007352FD /* Supporting Files */ = {
			isa = PBXGroup;
			children = (
				8EC3BBED1541376D00F6DC08 /* Default.png */,
				8EC3BBEE1541376D00F6DC08 /* Default@2x.png */,
				8E12B5AC153E7F28002F4437 /* Icon-72.png */,
				8EC225F9156F00C700DB1633 /* Icon-72@2x.png */,
				8E12B5AD153E7F28002F4437 /* Icon-Small-50.png */,
				8EC225FA156F00C700DB1633 /* Icon-Small-50@2x.png */,
				8E12B5AE153E7F28002F4437 /* Icon-Small.png */,
				8E12B5AF153E7F28002F4437 /* Icon-Small@2x.png */,
				8E12B5B0153E7F28002F4437 /* Icon.png */,
				8E12B5B1153E7F28002F4437 /* Icon@2x.png */,
				8E12B5B2153E7F28002F4437 /* iTunesArtwork */,
				8EAFBF621537C8E000DDBB6A /* Localizable.strings */,
				8EC23B53153712BB007352FD /* LadioTailForIPhone-Info.plist */,
				8EC23B54153712BB007352FD /* InfoPlist.strings */,
				8E9928CD154906680015CA5D /* Settings.bundle */,
				8EC23B57153712BB007352FD /* main.m */,
				8EC23B59153712BB007352FD /* LadioTailForIPhone-Prefix.pch */,
			);
			name = "Supporting Files";
			sourceTree = "<group>";
		};
		8EC3BBCF1541046A00F6DC08 /* Libraries */ = {
			isa = PBXGroup;
			children = (
				8E0B837E1543DDCF0097984D /* libGRMustache3-iOS.a */,
			);
			name = Libraries;
			sourceTree = "<group>";
		};
		8EC3BBD0154104CF00F6DC08 /* Templetes */ = {
			isa = PBXGroup;
			children = (
				8EC3BBD11541057300F6DC08 /* ChannelPageHtml.mustache */,
				8EC3BBEB15412B9500F6DC08 /* ChannelLinkHtml.mustache */,
				8E0B21FA1552136400A0347A /* AboutHtml.mustache */,
			);
			path = Templetes;
			sourceTree = "<group>";
		};
/* End PBXGroup section */

/* Begin PBXNativeTarget section */
		8EC23B46153712BB007352FD /* Ladio Tail */ = {
			isa = PBXNativeTarget;
			buildConfigurationList = 8EC23B5F153712BB007352FD /* Build configuration list for PBXNativeTarget "Ladio Tail" */;
			buildPhases = (
				8EC23B43153712BB007352FD /* Sources */,
				8EC23B44153712BB007352FD /* Frameworks */,
				8EC23B45153712BB007352FD /* Resources */,
			);
			buildRules = (
			);
			dependencies = (
			);
			name = "Ladio Tail";
			productName = LadioTailForIPhone;
			productReference = 8EC23B47153712BB007352FD /* Ladio Tail.app */;
			productType = "com.apple.product-type.application";
		};
/* End PBXNativeTarget section */

/* Begin PBXProject section */
		8EC23B3E153712BB007352FD /* Project object */ = {
			isa = PBXProject;
			attributes = {
				LastUpgradeCheck = 0430;
				ORGANIZATIONNAME = Y.Hirano;
			};
			buildConfigurationList = 8EC23B41153712BB007352FD /* Build configuration list for PBXProject "LadioTailForIPhone" */;
			compatibilityVersion = "Xcode 3.2";
			developmentRegion = English;
			hasScannedForEncodings = 0;
			knownRegions = (
				en,
				ja,
			);
			mainGroup = 8EC23B3C153712BB007352FD;
			productRefGroup = 8EC23B48153712BB007352FD /* Products */;
			projectDirPath = "";
			projectRoot = "";
			targets = (
				8EC23B46153712BB007352FD /* Ladio Tail */,
			);
		};
/* End PBXProject section */

/* Begin PBXResourcesBuildPhase section */
		8EC23B45153712BB007352FD /* Resources */ = {
			isa = PBXResourcesBuildPhase;
			buildActionMask = 2147483647;
			files = (
				8EC23B56153712BB007352FD /* InfoPlist.strings in Resources */,
				8EC23B8B15371433007352FD /* MainStoryboard.storyboard in Resources */,
				8EAFBF641537C8E000DDBB6A /* Localizable.strings in Resources */,
				8E30D1681539A62D00647D21 /* tab_dj.png in Resources */,
				8E30D1691539A62D00647D21 /* tab_dj@2x.png in Resources */,
				8E30D16A1539A62D00647D21 /* tab_listeners.png in Resources */,
				8E30D16B1539A62D00647D21 /* tab_listeners@2x.png in Resources */,
				8E30D16C1539A62D00647D21 /* tab_newly.png in Resources */,
				8E30D16D1539A62D00647D21 /* tab_newly@2x.png in Resources */,
				8E30D16E1539A62D00647D21 /* tab_title.png in Resources */,
				8E30D16F1539A62D00647D21 /* tab_title@2x.png in Resources */,
				8E12B5B3153E7F33002F4437 /* Icon-72.png in Resources */,
				8E12B5B4153E7F33002F4437 /* Icon-Small-50.png in Resources */,
				8E12B5B5153E7F33002F4437 /* Icon-Small.png in Resources */,
				8E12B5B6153E7F33002F4437 /* Icon-Small@2x.png in Resources */,
				8E12B5B7153E7F33002F4437 /* Icon.png in Resources */,
				8E12B5B8153E7F33002F4437 /* Icon@2x.png in Resources */,
				8EC3BBD21541057300F6DC08 /* ChannelPageHtml.mustache in Resources */,
				8EC3BBEC15412B9500F6DC08 /* ChannelLinkHtml.mustache in Resources */,
				8EC3BBEF1541376E00F6DC08 /* Default.png in Resources */,
				8EC3BBF01541376E00F6DC08 /* Default@2x.png in Resources */,
				8EFAD3751542D1D300DA316F /* tablecell_indicator_black.png in Resources */,
				8EFAD3761542D1D300DA316F /* tablecell_indicator_white.png in Resources */,
				8EFAD37D1542DF1800DA316F /* tab_others.png in Resources */,
				8EFAD37E1542DF1800DA316F /* tab_others@2x.png in Resources */,
				8EFAD390154312B800DA316F /* about_wallpaper.png in Resources */,
				8EFAD391154312B800DA316F /* about_wallpaper@2x.png in Resources */,
				8EFAD3B615432EC500DA316F /* button_allow_left.png in Resources */,
				8EFAD3B715432EC500DA316F /* button_allow_left@2x.png in Resources */,
				8EFAD3B815432EC500DA316F /* button_allow_right.png in Resources */,
				8EFAD3B915432EC500DA316F /* button_allow_right@2x.png in Resources */,
				8EFAD3BA15432EC500DA316F /* button_goto_bottom.png in Resources */,
				8EFAD3BB15432EC500DA316F /* button_goto_bottom@2x.png in Resources */,
				8EFAD3BC15432EC500DA316F /* button_playback_play.png in Resources */,
				8EFAD3BD15432EC500DA316F /* button_playback_play@2x.png in Resources */,
				8EFAD3BE15432EC500DA316F /* button_playback_stop.png in Resources */,
				8EFAD3BF15432EC500DA316F /* button_playback_stop@2x.png in Resources */,
				8EFAD3C015432EC500DA316F /* button_reload_stop.png in Resources */,
				8EFAD3C115432EC500DA316F /* button_reload_stop@2x.png in Resources */,
				8EFAD3C215432EC500DA316F /* button_reload.png in Resources */,
				8EFAD3C415432EC500DA316F /* navbarbtn_favorite_white.png in Resources */,
				8EFAD3C515432EC500DA316F /* navbarbtn_favorite_white@2x.png in Resources */,
				8EFAD3C615432EC500DA316F /* navbarbtn_favorite_yellow.png in Resources */,
				8EFAD3C715432EC500DA316F /* navbarbtn_favorite_yellow@2x.png in Resources */,
				8EFAD3C815432EC500DA316F /* tablecell_about_black.png in Resources */,
				8EFAD3C915432EC500DA316F /* tablecell_about_black@2x.png in Resources */,
				8EFAD3CA15432EC500DA316F /* tablecell_about_white.png in Resources */,
				8EFAD3CB15432EC500DA316F /* tablecell_about_white@2x.png in Resources */,
				8EFAD3CE15432EC500DA316F /* tablecell_favorite_black.png in Resources */,
				8EFAD3CF15432EC500DA316F /* tablecell_favorite_black@2x.png in Resources */,
				8EFAD3D015432EC500DA316F /* tablecell_favorite_yellow_mini.png in Resources */,
				8EFAD3D115432EC500DA316F /* tablecell_favorite_yellow_mini@2x.png in Resources */,
				8EFAD3D215432EC500DA316F /* tablecell_favorite_yellow.png in Resources */,
				8EFAD3D315432EC500DA316F /* tablecell_favorite_yellow@2x.png in Resources */,
				8EFAD3D415432EC500DA316F /* tablecell_headphones_black.png in Resources */,
				8EFAD3D515432EC500DA316F /* tablecell_headphones_black@2x.png in Resources */,
				8EFAD3D615432EC500DA316F /* tablecell_headphones_white.png in Resources */,
				8EFAD3D715432EC500DA316F /* tablecell_headphones_white@2x.png in Resources */,
				8EFAD3D815432EC500DA316F /* tablecell_indicator_black@2x.png in Resources */,
				8EFAD3D915432EC500DA316F /* tablecell_indicator_white@2x.png in Resources */,
				8EFAD3DE1543331900DA316F /* tablecell_play_black.png in Resources */,
				8EFAD3DF1543331900DA316F /* tablecell_play_black@2x.png in Resources */,
				8EFAD3E01543331900DA316F /* tablecell_play_white.png in Resources */,
				8EFAD3E11543331900DA316F /* tablecell_play_white@2x.png in Resources */,
				8EFAD3E31543349A00DA316F /* button_reload@2x.png in Resources */,
				8E9BE9ED1543B36D0029DB70 /* tablecell_favorite_black_mini.png in Resources */,
				8E9BE9EE1543B36D0029DB70 /* tablecell_favorite_black_mini@2x.png in Resources */,
				8E0B83691543DC770097984D /* EGOTableViewPullRefresh.bundle in Resources */,
				8E0B837A1543DC770097984D /* SVProgressHUD.bundle in Resources */,
				8E62BA1E1544F3B400E77F3B /* tablecell_broadcast_black.png in Resources */,
				8E62BA1F1544F3B400E77F3B /* tablecell_broadcast_black@2x.png in Resources */,
				8E62BA201544F3B400E77F3B /* tablecell_broadcast_white.png in Resources */,
				8E62BA211544F3B400E77F3B /* tablecell_broadcast_white@2x.png in Resources */,
				8E9928CE154906680015CA5D /* Settings.bundle in Resources */,
				8E0B21FB1552136400A0347A /* AboutHtml.mustache in Resources */,
				8EC225FB156F00C700DB1633 /* Icon-72@2x.png in Resources */,
				8EC225FC156F00C700DB1633 /* Icon-Small-50@2x.png in Resources */,
			);
			runOnlyForDeploymentPostprocessing = 0;
		};
/* End PBXResourcesBuildPhase section */

/* Begin PBXSourcesBuildPhase section */
		8EC23B43153712BB007352FD /* Sources */ = {
			isa = PBXSourcesBuildPhase;
			buildActionMask = 2147483647;
			files = (
				8EC23B58153712BB007352FD /* main.m in Sources */,
				8E0B83821543DFD20097984D /* AppDelegate.m in Sources */,
				8E0B83631543DC770097984D /* AboutViewController.m in Sources */,
				8E0B83641543DC770097984D /* AdBannerManager.m in Sources */,
				8E0B83651543DC770097984D /* ChannelsHtml.m in Sources */,
				8E0B83661543DC770097984D /* ChannelViewController.m in Sources */,
				8E0B83671543DC770097984D /* DjHeadlineViewController.m in Sources */,
				8E0B83681543DC770097984D /* EGORefreshTableHeaderView.m in Sources */,
				8E0B836A1543DC770097984D /* FavoritesTableViewController.m in Sources */,
				8E0B836B1543DC770097984D /* FavoriteViewController.m in Sources */,
				8E0B836C1543DC770097984D /* FBNetworkReachability.m in Sources */,
				8E0B836E1543DC770097984D /* HeadlineNaviViewController.m in Sources */,
				8E0B836F1543DC770097984D /* HeadlineViewController.m in Sources */,
				8E0B83701543DC770097984D /* Channel.m in Sources */,
				8E0B83711543DC770097984D /* Favorite.m in Sources */,
				8E0B83721543DC770097984D /* FavoriteManager.m in Sources */,
				8E0B83731543DC770097984D /* Headline.m in Sources */,
				8E0B83741543DC770097984D /* LadioTailViewController.m in Sources */,
				8E0B83751543DC770097984D /* ListenersHeadlineViewController.m in Sources */,
				8E0B83761543DC770097984D /* NewlyHeadlineViewController.m in Sources */,
				8E0B83771543DC770097984D /* OthersTableViewController.m in Sources */,
				8E0B83781543DC770097984D /* Player.m in Sources */,
				8E0B83791543DC770097984D /* SearchWordManager.m in Sources */,
				8E0B837B1543DC770097984D /* SVProgressHUD.m in Sources */,
				8E0B837C1543DC770097984D /* TitleHeadlineViewController.m in Sources */,
				8E0B837D1543DC770097984D /* WebPageViewController.m in Sources */,
				8EAB572B155E42DB00F2202C /* LadioTailConfig.mm in Sources */,
			);
			runOnlyForDeploymentPostprocessing = 0;
		};
/* End PBXSourcesBuildPhase section */

/* Begin PBXVariantGroup section */
		8EAFBF621537C8E000DDBB6A /* Localizable.strings */ = {
			isa = PBXVariantGroup;
			children = (
				8EAFBF631537C8E000DDBB6A /* en */,
				8EAFBF651537C90700DDBB6A /* ja */,
			);
			name = Localizable.strings;
			sourceTree = "<group>";
		};
		8EC23B54153712BB007352FD /* InfoPlist.strings */ = {
			isa = PBXVariantGroup;
			children = (
				8EC23B55153712BB007352FD /* en */,
				8EAFBF611537C2EA00DDBB6A /* ja */,
			);
			name = InfoPlist.strings;
			sourceTree = "<group>";
		};
		8EC23B8915371432007352FD /* MainStoryboard.storyboard */ = {
			isa = PBXVariantGroup;
			children = (
				8EC23B8A15371433007352FD /* en */,
			);
			name = MainStoryboard.storyboard;
			sourceTree = "<group>";
		};
/* End PBXVariantGroup section */

/* Begin XCBuildConfiguration section */
		8EC23B5D153712BB007352FD /* Debug */ = {
			isa = XCBuildConfiguration;
			buildSettings = {
				ALWAYS_SEARCH_USER_PATHS = NO;
				ARCHS = "$(ARCHS_STANDARD_32_BIT)";
				CLANG_ENABLE_OBJC_ARC = YES;
				"CODE_SIGN_IDENTITY[sdk=iphoneos*]" = "iPhone Developer";
				COPY_PHASE_STRIP = NO;
				GCC_C_LANGUAGE_STANDARD = gnu99;
				GCC_DYNAMIC_NO_PIC = NO;
				GCC_OPTIMIZATION_LEVEL = 0;
				GCC_PREPROCESSOR_DEFINITIONS = (
					"DEBUG=1",
					"$(inherited)",
				);
				GCC_SYMBOLS_PRIVATE_EXTERN = NO;
				GCC_VERSION = com.apple.compilers.llvm.clang.1_0;
				GCC_WARN_ABOUT_RETURN_TYPE = YES;
				GCC_WARN_UNINITIALIZED_AUTOS = YES;
				GCC_WARN_UNUSED_VARIABLE = YES;
				IPHONEOS_DEPLOYMENT_TARGET = 5.1;
				SDKROOT = iphoneos;
			};
			name = Debug;
		};
		8EC23B5E153712BB007352FD /* Release */ = {
			isa = XCBuildConfiguration;
			buildSettings = {
				ALWAYS_SEARCH_USER_PATHS = NO;
				ARCHS = "$(ARCHS_STANDARD_32_BIT)";
				CLANG_ENABLE_OBJC_ARC = YES;
				"CODE_SIGN_IDENTITY[sdk=iphoneos*]" = "iPhone Developer";
				COPY_PHASE_STRIP = YES;
				GCC_C_LANGUAGE_STANDARD = gnu99;
				GCC_VERSION = com.apple.compilers.llvm.clang.1_0;
				GCC_WARN_ABOUT_RETURN_TYPE = YES;
				GCC_WARN_UNINITIALIZED_AUTOS = YES;
				GCC_WARN_UNUSED_VARIABLE = YES;
				IPHONEOS_DEPLOYMENT_TARGET = 5.1;
				OTHER_CFLAGS = "-DNS_BLOCK_ASSERTIONS=1";
				SDKROOT = iphoneos;
				VALIDATE_PRODUCT = YES;
			};
			name = Release;
		};
		8EC23B60153712BB007352FD /* Debug */ = {
			isa = XCBuildConfiguration;
			buildSettings = {
				GCC_PRECOMPILE_PREFIX_HEADER = YES;
				GCC_PREFIX_HEADER = "LadioTailForIPhone/LadioTailForIPhone-Prefix.pch";
				INFOPLIST_FILE = "LadioTailForIPhone/LadioTailForIPhone-Info.plist";
				IPHONEOS_DEPLOYMENT_TARGET = 5.0;
				LIBRARY_SEARCH_PATHS = (
					"$(inherited)",
					"\"$(SRCROOT)/LadioTailForIPhone/Libraries/GRMustache\"/**",
				);
				PRODUCT_NAME = "$(TARGET_NAME)";
				WRAPPER_EXTENSION = app;
			};
			name = Debug;
		};
		8EC23B61153712BB007352FD /* Release */ = {
			isa = XCBuildConfiguration;
			buildSettings = {
				GCC_PRECOMPILE_PREFIX_HEADER = YES;
				GCC_PREFIX_HEADER = "LadioTailForIPhone/LadioTailForIPhone-Prefix.pch";
				INFOPLIST_FILE = "LadioTailForIPhone/LadioTailForIPhone-Info.plist";
				IPHONEOS_DEPLOYMENT_TARGET = 5.0;
				LIBRARY_SEARCH_PATHS = (
					"$(inherited)",
					"\"$(SRCROOT)/LadioTailForIPhone/Libraries/GRMustache\"/**",
				);
				PRODUCT_NAME = "$(TARGET_NAME)";
				WRAPPER_EXTENSION = app;
			};
			name = Release;
		};
/* End XCBuildConfiguration section */

/* Begin XCConfigurationList section */
		8EC23B41153712BB007352FD /* Build configuration list for PBXProject "LadioTailForIPhone" */ = {
			isa = XCConfigurationList;
			buildConfigurations = (
				8EC23B5D153712BB007352FD /* Debug */,
				8EC23B5E153712BB007352FD /* Release */,
			);
			defaultConfigurationIsVisible = 0;
			defaultConfigurationName = Release;
		};
		8EC23B5F153712BB007352FD /* Build configuration list for PBXNativeTarget "Ladio Tail" */ = {
			isa = XCConfigurationList;
			buildConfigurations = (
				8EC23B60153712BB007352FD /* Debug */,
				8EC23B61153712BB007352FD /* Release */,
			);
			defaultConfigurationIsVisible = 0;
			defaultConfigurationName = Release;
		};
/* End XCConfigurationList section */
	};
	rootObject = 8EC23B3E153712BB007352FD /* Project object */;
}
