// !$*UTF8*$!
{
	archiveVersion = 1;
	classes = {
	};
	objectVersion = 46;
	objects = {

/* Begin PBXBuildFile section */
		6AFA27233DBD4717B760FA1C /* libPods.a in Frameworks */ = {isa = PBXBuildFile; fileRef = 3BE553A0882D433788042EB4 /* libPods.a */; };
		8E09EDF616CF38A900A60E19 /* ChannelHtml.m in Sources */ = {isa = PBXBuildFile; fileRef = 8E09EDF116CF38A900A60E19 /* ChannelHtml.m */; };
		8E09EDF716CF38A900A60E19 /* FavoriteHtml.m in Sources */ = {isa = PBXBuildFile; fileRef = 8E09EDF316CF38A900A60E19 /* FavoriteHtml.m */; };
		8E09EDFD16CF394D00A60E19 /* TempleteInfo.m in Sources */ = {isa = PBXBuildFile; fileRef = 8E09EDFC16CF394D00A60E19 /* TempleteInfo.m */; };
		8E09EDFE16CF394D00A60E19 /* TempleteInfo.m in Sources */ = {isa = PBXBuildFile; fileRef = 8E09EDFC16CF394D00A60E19 /* TempleteInfo.m */; };
		8E0B83661543DC770097984D /* ChannelViewController.m in Sources */ = {isa = PBXBuildFile; fileRef = 8E0B83251543DC770097984D /* ChannelViewController.m */; };
		8E0B836A1543DC770097984D /* FavoritesTableViewController.m in Sources */ = {isa = PBXBuildFile; fileRef = 8E0B832D1543DC770097984D /* FavoritesTableViewController.m */; };
		8E0B836B1543DC770097984D /* FavoriteViewController.m in Sources */ = {isa = PBXBuildFile; fileRef = 8E0B832F1543DC770097984D /* FavoriteViewController.m */; };
		8E0B836E1543DC770097984D /* BaseNaviViewController.m in Sources */ = {isa = PBXBuildFile; fileRef = 8E0B83421543DC770097984D /* BaseNaviViewController.m */; };
		8E0B836F1543DC770097984D /* HeadlineViewController.m in Sources */ = {isa = PBXBuildFile; fileRef = 8E0B83441543DC770097984D /* HeadlineViewController.m */; };
		8E0B83741543DC770097984D /* LadioTailViewController.m in Sources */ = {isa = PBXBuildFile; fileRef = 8E0B83501543DC770097984D /* LadioTailViewController.m */; };
		8E0B83771543DC770097984D /* SideMenuViewController.m in Sources */ = {isa = PBXBuildFile; fileRef = 8E0B83561543DC770097984D /* SideMenuViewController.m */; };
		8E0B83781543DC770097984D /* Player.m in Sources */ = {isa = PBXBuildFile; fileRef = 8E0B83581543DC770097984D /* Player.m */; };
		8E0B837D1543DC770097984D /* WebPageViewController.m in Sources */ = {isa = PBXBuildFile; fileRef = 8E0B83621543DC770097984D /* WebPageViewController.m */; };
		8E0B83821543DFD20097984D /* AppDelegate.m in Sources */ = {isa = PBXBuildFile; fileRef = 8E0B83811543DEC80097984D /* AppDelegate.m */; };
		8E16282315383107007A2DBE /* QuartzCore.framework in Frameworks */ = {isa = PBXBuildFile; fileRef = 8E16282215383107007A2DBE /* QuartzCore.framework */; };
		8E175820179A85870098F07F /* SwipableTableViewCell.m in Sources */ = {isa = PBXBuildFile; fileRef = 8E17581F179A85870098F07F /* SwipableTableViewCell.m */; };
		8E175821179A85870098F07F /* SwipableTableViewCell.m in Sources */ = {isa = PBXBuildFile; fileRef = 8E17581F179A85870098F07F /* SwipableTableViewCell.m */; };
		8E428D01178DA1C7000A6684 /* AdViewCell.m in Sources */ = {isa = PBXBuildFile; fileRef = 8E428CFE178DA1C7000A6684 /* AdViewCell.m */; };
		8E428D02178DA1C7000A6684 /* AdViewCell.m in Sources */ = {isa = PBXBuildFile; fileRef = 8E428CFE178DA1C7000A6684 /* AdViewCell.m */; };
		8E428D03178DA1C7000A6684 /* ChannelTableViewCell.m in Sources */ = {isa = PBXBuildFile; fileRef = 8E428D00178DA1C7000A6684 /* ChannelTableViewCell.m */; };
		8E428D04178DA1C7000A6684 /* ChannelTableViewCell.m in Sources */ = {isa = PBXBuildFile; fileRef = 8E428D00178DA1C7000A6684 /* ChannelTableViewCell.m */; };
		8E428D07178DA225000A6684 /* SideMenuTableViewCell.m in Sources */ = {isa = PBXBuildFile; fileRef = 8E428D06178DA225000A6684 /* SideMenuTableViewCell.m */; };
		8E428D08178DA225000A6684 /* SideMenuTableViewCell.m in Sources */ = {isa = PBXBuildFile; fileRef = 8E428D06178DA225000A6684 /* SideMenuTableViewCell.m */; };
		8E428D0B178DC07A000A6684 /* FavoriteTableViewCell.m in Sources */ = {isa = PBXBuildFile; fileRef = 8E428D0A178DC07A000A6684 /* FavoriteTableViewCell.m */; };
		8E428D0C178DC07A000A6684 /* FavoriteTableViewCell.m in Sources */ = {isa = PBXBuildFile; fileRef = 8E428D0A178DC07A000A6684 /* FavoriteTableViewCell.m */; };
		8E4982851579AA0200B43FB8 /* MobileCoreServices.framework in Frameworks */ = {isa = PBXBuildFile; fileRef = 8E4982841579AA0200B43FB8 /* MobileCoreServices.framework */; };
		8E4982871579AA1500B43FB8 /* CFNetwork.framework in Frameworks */ = {isa = PBXBuildFile; fileRef = 8E4982861579AA1400B43FB8 /* CFNetwork.framework */; };
		8E4B62EA16C8ED3800218055 /* Security.framework in Frameworks */ = {isa = PBXBuildFile; fileRef = 8E4B62E916C8ED3800218055 /* Security.framework */; };
		8E4B62EB16C8ED4200218055 /* Security.framework in Frameworks */ = {isa = PBXBuildFile; fileRef = 8E4B62E916C8ED3800218055 /* Security.framework */; };
		8E5ECD8C16CAA64900D20F16 /* ChannelHtml.m in Sources */ = {isa = PBXBuildFile; fileRef = 8E5ECD8916CAA64900D20F16 /* ChannelHtml.m */; };
		8E5ECD8D16CAA64900D20F16 /* FavoriteHtml.m in Sources */ = {isa = PBXBuildFile; fileRef = 8E5ECD8B16CAA64900D20F16 /* FavoriteHtml.m */; };
		8E749E5E165DBCA0003FE515 /* BottomBarGradientLayer.m in Sources */ = {isa = PBXBuildFile; fileRef = 8E749E5B165DBCA0003FE515 /* BottomBarGradientLayer.m */; };
		8E749E5F165DBCA0003FE515 /* BottomBarGradientLayer.m in Sources */ = {isa = PBXBuildFile; fileRef = 8E749E5B165DBCA0003FE515 /* BottomBarGradientLayer.m */; };
		8E749E60165DBCA0003FE515 /* BottomBarGradientView.m in Sources */ = {isa = PBXBuildFile; fileRef = 8E749E5D165DBCA0003FE515 /* BottomBarGradientView.m */; };
		8E749E61165DBCA0003FE515 /* BottomBarGradientView.m in Sources */ = {isa = PBXBuildFile; fileRef = 8E749E5D165DBCA0003FE515 /* BottomBarGradientView.m */; };
		8E749E67165DBDD6003FE515 /* PlaySwipeGradientView.m in Sources */ = {isa = PBXBuildFile; fileRef = 8E749E63165DBDD5003FE515 /* PlaySwipeGradientView.m */; };
		8E749E68165DBDD6003FE515 /* PlaySwipeGradientView.m in Sources */ = {isa = PBXBuildFile; fileRef = 8E749E63165DBDD5003FE515 /* PlaySwipeGradientView.m */; };
		8E749E69165DBDD6003FE515 /* PlaySwipeGradientLayer.m in Sources */ = {isa = PBXBuildFile; fileRef = 8E749E65165DBDD6003FE515 /* PlaySwipeGradientLayer.m */; };
		8E749E6A165DBDD6003FE515 /* PlaySwipeGradientLayer.m in Sources */ = {isa = PBXBuildFile; fileRef = 8E749E65165DBDD6003FE515 /* PlaySwipeGradientLayer.m */; };
		8E9928D315490D230015CA5D /* ICloudStorage.m in Sources */ = {isa = PBXBuildFile; fileRef = 8E9928D215490D230015CA5D /* ICloudStorage.m */; };
		8E9AFC8116317DFB0094C738 /* ApnsStorage.m in Sources */ = {isa = PBXBuildFile; fileRef = 8E9AFC8016317DFB0094C738 /* ApnsStorage.m */; };
		8E9EAAF91758D8B800F276E5 /* iAd.framework in Frameworks */ = {isa = PBXBuildFile; fileRef = 8E9EAAF81758D8B800F276E5 /* iAd.framework */; };
		8E9EAAFA1758D8C800F276E5 /* iAd.framework in Frameworks */ = {isa = PBXBuildFile; fileRef = 8E9EAAF81758D8B800F276E5 /* iAd.framework */; };
		8E9EC6E9165D0F3A00FE5369 /* GradientLayer.m in Sources */ = {isa = PBXBuildFile; fileRef = 8E9EC6E6165D0F3A00FE5369 /* GradientLayer.m */; };
		8E9EC6EA165D0F3A00FE5369 /* GradientLayer.m in Sources */ = {isa = PBXBuildFile; fileRef = 8E9EC6E6165D0F3A00FE5369 /* GradientLayer.m */; };
		8E9EC6EB165D0F3A00FE5369 /* GradientView.m in Sources */ = {isa = PBXBuildFile; fileRef = 8E9EC6E8165D0F3A00FE5369 /* GradientView.m */; };
		8E9EC6EC165D0F3A00FE5369 /* GradientView.m in Sources */ = {isa = PBXBuildFile; fileRef = 8E9EC6E8165D0F3A00FE5369 /* GradientView.m */; };
		8EAB572B155E42DB00F2202C /* LadioTailConfig.mm in Sources */ = {isa = PBXBuildFile; fileRef = 8EAB572A155E42DB00F2202C /* LadioTailConfig.mm */; };
		8EAFBF641537C8E000DDBB6A /* Localizable.strings in Resources */ = {isa = PBXBuildFile; fileRef = 8EAFBF621537C8E000DDBB6A /* Localizable.strings */; };
		8EB398B716CEA01C00763AEF /* Resources.bundle in Resources */ = {isa = PBXBuildFile; fileRef = 8EB398B616CEA01C00763AEF /* Resources.bundle */; };
		8EB398B816CEA01C00763AEF /* Resources.bundle in Resources */ = {isa = PBXBuildFile; fileRef = 8EB398B616CEA01C00763AEF /* Resources.bundle */; };
		8EC23B4C153712BB007352FD /* UIKit.framework in Frameworks */ = {isa = PBXBuildFile; fileRef = 8EC23B4B153712BB007352FD /* UIKit.framework */; };
		8EC23B4E153712BB007352FD /* Foundation.framework in Frameworks */ = {isa = PBXBuildFile; fileRef = 8EC23B4D153712BB007352FD /* Foundation.framework */; };
		8EC23B50153712BB007352FD /* CoreGraphics.framework in Frameworks */ = {isa = PBXBuildFile; fileRef = 8EC23B4F153712BB007352FD /* CoreGraphics.framework */; };
		8EC23B56153712BB007352FD /* InfoPlist.strings in Resources */ = {isa = PBXBuildFile; fileRef = 8EC23B54153712BB007352FD /* InfoPlist.strings */; };
		8EC23B58153712BB007352FD /* main.m in Sources */ = {isa = PBXBuildFile; fileRef = 8EC23B57153712BB007352FD /* main.m */; };
		8EC23B8B15371433007352FD /* MainStoryboard.storyboard in Resources */ = {isa = PBXBuildFile; fileRef = 8EC23B8915371432007352FD /* MainStoryboard.storyboard */; };
		8EC23B911537147B007352FD /* AVFoundation.framework in Frameworks */ = {isa = PBXBuildFile; fileRef = 8EC23B901537147B007352FD /* AVFoundation.framework */; };
		8EC4DC1F19C54CA000B3BE20 /* Radio Edge Images.xcassets in Resources */ = {isa = PBXBuildFile; fileRef = 8EC4DC1A19C548B800B3BE20 /* Radio Edge Images.xcassets */; };
		8EC4DC2019C54CA300B3BE20 /* Ladio Tail Images.xcassets in Resources */ = {isa = PBXBuildFile; fileRef = 8EC4DC1C19C548C700B3BE20 /* Ladio Tail Images.xcassets */; };
		8EC4DC2219C5518C00B3BE20 /* Images.xcassets in Resources */ = {isa = PBXBuildFile; fileRef = 8EC4DC2119C5518C00B3BE20 /* Images.xcassets */; };
		8EC4DC2319C5518C00B3BE20 /* Images.xcassets in Resources */ = {isa = PBXBuildFile; fileRef = 8EC4DC2119C5518C00B3BE20 /* Images.xcassets */; };
		8EC587E21969FD6B0056A592 /* HistoryViewController.m in Sources */ = {isa = PBXBuildFile; fileRef = 8EC587E11969FD6B0056A592 /* HistoryViewController.m */; };
		8EC587E31969FD6B0056A592 /* HistoryViewController.m in Sources */ = {isa = PBXBuildFile; fileRef = 8EC587E11969FD6B0056A592 /* HistoryViewController.m */; };
		8EC587E6196A01EF0056A592 /* HistoryHtml.m in Sources */ = {isa = PBXBuildFile; fileRef = 8EC587E5196A01EF0056A592 /* HistoryHtml.m */; };
		8EC587EC196A0C3D0056A592 /* HistoryHtml.m in Sources */ = {isa = PBXBuildFile; fileRef = 8EC587EB196A0C3D0056A592 /* HistoryHtml.m */; };
		8EC75A791968BD77008BA30B /* HistoryItem.m in Sources */ = {isa = PBXBuildFile; fileRef = 8EC75A781968BD77008BA30B /* HistoryItem.m */; };
		8EC75A7C1968BFDF008BA30B /* HistoryManager.m in Sources */ = {isa = PBXBuildFile; fileRef = 8EC75A7B1968BFDF008BA30B /* HistoryManager.m */; };
		8EC75A7F1968CC96008BA30B /* PlayerDidStopNotificationObject.m in Sources */ = {isa = PBXBuildFile; fileRef = 8EC75A7E1968CC96008BA30B /* PlayerDidStopNotificationObject.m */; };
		8EC75A801968CC96008BA30B /* PlayerDidStopNotificationObject.m in Sources */ = {isa = PBXBuildFile; fileRef = 8EC75A7E1968CC96008BA30B /* PlayerDidStopNotificationObject.m */; };
		8EC75A8F1968DCB6008BA30B /* HistoryNaviViewController.m in Sources */ = {isa = PBXBuildFile; fileRef = 8EC75A8E1968DCB6008BA30B /* HistoryNaviViewController.m */; };
		8EC75A901968DCB6008BA30B /* HistoryNaviViewController.m in Sources */ = {isa = PBXBuildFile; fileRef = 8EC75A8E1968DCB6008BA30B /* HistoryNaviViewController.m */; };
		8EC75A971968E060008BA30B /* HeadlineNaviViewController.m in Sources */ = {isa = PBXBuildFile; fileRef = 8EC75A961968E060008BA30B /* HeadlineNaviViewController.m */; };
		8EC75A981968E060008BA30B /* HeadlineNaviViewController.m in Sources */ = {isa = PBXBuildFile; fileRef = 8EC75A961968E060008BA30B /* HeadlineNaviViewController.m */; };
		8EC75A9B1968E08B008BA30B /* FavoriteNaviViewController.m in Sources */ = {isa = PBXBuildFile; fileRef = 8EC75A9A1968E08B008BA30B /* FavoriteNaviViewController.m */; };
		8EC75A9C1968E08B008BA30B /* FavoriteNaviViewController.m in Sources */ = {isa = PBXBuildFile; fileRef = 8EC75A9A1968E08B008BA30B /* FavoriteNaviViewController.m */; };
		8EC75A9F1968E13C008BA30B /* HistoryTableViewController.m in Sources */ = {isa = PBXBuildFile; fileRef = 8EC75A9E1968E13C008BA30B /* HistoryTableViewController.m */; };
		8EC75AA01968E13C008BA30B /* HistoryTableViewController.m in Sources */ = {isa = PBXBuildFile; fileRef = 8EC75A9E1968E13C008BA30B /* HistoryTableViewController.m */; };
		8EC75AA31968E279008BA30B /* HistoryTableViewCell.m in Sources */ = {isa = PBXBuildFile; fileRef = 8EC75AA21968E279008BA30B /* HistoryTableViewCell.m */; };
		8EC75AA41968E279008BA30B /* HistoryTableViewCell.m in Sources */ = {isa = PBXBuildFile; fileRef = 8EC75AA21968E279008BA30B /* HistoryTableViewCell.m */; };
		8EC75AA71968E84D008BA30B /* HistoryManager.m in Sources */ = {isa = PBXBuildFile; fileRef = 8EC75AA61968E84D008BA30B /* HistoryManager.m */; };
		8EC75AAA1968E859008BA30B /* HistoryItem.m in Sources */ = {isa = PBXBuildFile; fileRef = 8EC75AA91968E859008BA30B /* HistoryItem.m */; };
		8EC9F3AD17903DFB00DA4662 /* SideMenuTableViewSectionLabel.m in Sources */ = {isa = PBXBuildFile; fileRef = 8EC9F3AC17903DFB00DA4662 /* SideMenuTableViewSectionLabel.m */; };
		8EC9F3AE17903DFB00DA4662 /* SideMenuTableViewSectionLabel.m in Sources */ = {isa = PBXBuildFile; fileRef = 8EC9F3AC17903DFB00DA4662 /* SideMenuTableViewSectionLabel.m */; };
		8ECB8F5C196AC69C0006D74F /* ImageIO.framework in Frameworks */ = {isa = PBXBuildFile; fileRef = 8ECB8F5B196AC69C0006D74F /* ImageIO.framework */; };
		8ECB8F5D196AC6A80006D74F /* ImageIO.framework in Frameworks */ = {isa = PBXBuildFile; fileRef = 8ECB8F5B196AC69C0006D74F /* ImageIO.framework */; };
		8ED117401658779F001BD731 /* Channel.m in Sources */ = {isa = PBXBuildFile; fileRef = 8ED117381658779F001BD731 /* Channel.m */; };
		8ED117411658779F001BD731 /* Favorite.m in Sources */ = {isa = PBXBuildFile; fileRef = 8ED1173A1658779F001BD731 /* Favorite.m */; };
		8ED117421658779F001BD731 /* FavoriteManager.m in Sources */ = {isa = PBXBuildFile; fileRef = 8ED1173C1658779F001BD731 /* FavoriteManager.m */; };
		8ED117431658779F001BD731 /* Headline.m in Sources */ = {isa = PBXBuildFile; fileRef = 8ED1173E1658779F001BD731 /* Headline.m */; };
		8ED1175416587F8E001BD731 /* ReplaceUrlUtil.m in Sources */ = {isa = PBXBuildFile; fileRef = 8ED1175316587F8D001BD731 /* ReplaceUrlUtil.m */; };
		8ED1179F165888EA001BD731 /* Settings.bundle in Resources */ = {isa = PBXBuildFile; fileRef = 8ED1179D165888A2001BD731 /* Settings.bundle */; };
		8ED117A216588DCB001BD731 /* main.m in Sources */ = {isa = PBXBuildFile; fileRef = 8EC23B57153712BB007352FD /* main.m */; };
		8ED117A316588DCB001BD731 /* AppDelegate.m in Sources */ = {isa = PBXBuildFile; fileRef = 8E0B83811543DEC80097984D /* AppDelegate.m */; };
		8ED117A516588DCB001BD731 /* ChannelViewController.m in Sources */ = {isa = PBXBuildFile; fileRef = 8E0B83251543DC770097984D /* ChannelViewController.m */; };
		8ED117A716588DCB001BD731 /* FavoritesTableViewController.m in Sources */ = {isa = PBXBuildFile; fileRef = 8E0B832D1543DC770097984D /* FavoritesTableViewController.m */; };
		8ED117A816588DCB001BD731 /* FavoriteViewController.m in Sources */ = {isa = PBXBuildFile; fileRef = 8E0B832F1543DC770097984D /* FavoriteViewController.m */; };
		8ED117AA16588DCB001BD731 /* BaseNaviViewController.m in Sources */ = {isa = PBXBuildFile; fileRef = 8E0B83421543DC770097984D /* BaseNaviViewController.m */; };
		8ED117AB16588DCB001BD731 /* HeadlineViewController.m in Sources */ = {isa = PBXBuildFile; fileRef = 8E0B83441543DC770097984D /* HeadlineViewController.m */; };
		8ED117AC16588DCB001BD731 /* LadioTailViewController.m in Sources */ = {isa = PBXBuildFile; fileRef = 8E0B83501543DC770097984D /* LadioTailViewController.m */; };
		8ED117AD16588DCB001BD731 /* SideMenuViewController.m in Sources */ = {isa = PBXBuildFile; fileRef = 8E0B83561543DC770097984D /* SideMenuViewController.m */; };
		8ED117AE16588DCB001BD731 /* Player.m in Sources */ = {isa = PBXBuildFile; fileRef = 8E0B83581543DC770097984D /* Player.m */; };
		8ED117B116588DCB001BD731 /* WebPageViewController.m in Sources */ = {isa = PBXBuildFile; fileRef = 8E0B83621543DC770097984D /* WebPageViewController.m */; };
		8ED117B216588DCB001BD731 /* ICloudStorage.m in Sources */ = {isa = PBXBuildFile; fileRef = 8E9928D215490D230015CA5D /* ICloudStorage.m */; };
		8ED117B316588DCB001BD731 /* LadioTailConfig.mm in Sources */ = {isa = PBXBuildFile; fileRef = 8EAB572A155E42DB00F2202C /* LadioTailConfig.mm */; };
		8ED117CF16588DCB001BD731 /* ApnsStorage.m in Sources */ = {isa = PBXBuildFile; fileRef = 8E9AFC8016317DFB0094C738 /* ApnsStorage.m */; };
		8ED117D916588DCB001BD731 /* ReplaceUrlUtil.m in Sources */ = {isa = PBXBuildFile; fileRef = 8ED1175316587F8D001BD731 /* ReplaceUrlUtil.m */; };
		8ED117DF16588DCB001BD731 /* Twitter.framework in Frameworks */ = {isa = PBXBuildFile; fileRef = 8EF24FAB15C4C99E00F18C3F /* Twitter.framework */; };
		8ED117E016588DCB001BD731 /* MobileCoreServices.framework in Frameworks */ = {isa = PBXBuildFile; fileRef = 8E4982841579AA0200B43FB8 /* MobileCoreServices.framework */; };
		8ED117E116588DCB001BD731 /* CFNetwork.framework in Frameworks */ = {isa = PBXBuildFile; fileRef = 8E4982861579AA1400B43FB8 /* CFNetwork.framework */; };
		8ED117E316588DCB001BD731 /* UIKit.framework in Frameworks */ = {isa = PBXBuildFile; fileRef = 8EC23B4B153712BB007352FD /* UIKit.framework */; };
		8ED117E416588DCB001BD731 /* Foundation.framework in Frameworks */ = {isa = PBXBuildFile; fileRef = 8EC23B4D153712BB007352FD /* Foundation.framework */; };
		8ED117E516588DCB001BD731 /* AVFoundation.framework in Frameworks */ = {isa = PBXBuildFile; fileRef = 8EC23B901537147B007352FD /* AVFoundation.framework */; };
		8ED117E616588DCB001BD731 /* CoreGraphics.framework in Frameworks */ = {isa = PBXBuildFile; fileRef = 8EC23B4F153712BB007352FD /* CoreGraphics.framework */; };
		8ED117E716588DCB001BD731 /* QuartzCore.framework in Frameworks */ = {isa = PBXBuildFile; fileRef = 8E16282215383107007A2DBE /* QuartzCore.framework */; };
		8ED117EB16588DCB001BD731 /* InfoPlist.strings in Resources */ = {isa = PBXBuildFile; fileRef = 8EC23B54153712BB007352FD /* InfoPlist.strings */; };
		8ED117EC16588DCB001BD731 /* MainStoryboard.storyboard in Resources */ = {isa = PBXBuildFile; fileRef = 8EC23B8915371432007352FD /* MainStoryboard.storyboard */; };
		8ED117ED16588DCB001BD731 /* Localizable.strings in Resources */ = {isa = PBXBuildFile; fileRef = 8EAFBF621537C8E000DDBB6A /* Localizable.strings */; };
		8ED1186316588DF1001BD731 /* Channel.m in Sources */ = {isa = PBXBuildFile; fileRef = 8ED1185716588DF1001BD731 /* Channel.m */; };
		8ED1186516588DF1001BD731 /* Favorite.m in Sources */ = {isa = PBXBuildFile; fileRef = 8ED1185B16588DF1001BD731 /* Favorite.m */; };
		8ED1186716588DF1001BD731 /* FavoriteManager.m in Sources */ = {isa = PBXBuildFile; fileRef = 8ED1185F16588DF1001BD731 /* FavoriteManager.m */; };
		8ED1186816588DF1001BD731 /* Headline.m in Sources */ = {isa = PBXBuildFile; fileRef = 8ED1186116588DF1001BD731 /* Headline.m */; };
		8ED1186D16588F8C001BD731 /* Settings.bundle in Resources */ = {isa = PBXBuildFile; fileRef = 8ED1186C16588F8B001BD731 /* Settings.bundle */; };
		8EDED1C918143A1B003F9C75 /* SleepTimer.m in Sources */ = {isa = PBXBuildFile; fileRef = 8EDED1C818143A1B003F9C75 /* SleepTimer.m */; };
		8EDED1CA18143A1B003F9C75 /* SleepTimer.m in Sources */ = {isa = PBXBuildFile; fileRef = 8EDED1C818143A1B003F9C75 /* SleepTimer.m */; };
		8EE158E317F29826005325C7 /* ChannelArchiveManager.m in Sources */ = {isa = PBXBuildFile; fileRef = 8EE158E217F29826005325C7 /* ChannelArchiveManager.m */; };
		8EE158E417F29826005325C7 /* ChannelArchiveManager.m in Sources */ = {isa = PBXBuildFile; fileRef = 8EE158E217F29826005325C7 /* ChannelArchiveManager.m */; };
		8EF24FAC15C4C99E00F18C3F /* Twitter.framework in Frameworks */ = {isa = PBXBuildFile; fileRef = 8EF24FAB15C4C99E00F18C3F /* Twitter.framework */; };
		8EF9890917F1E9FE0060005A /* UIImage+Util.m in Sources */ = {isa = PBXBuildFile; fileRef = 8EF9890817F1E9FE0060005A /* UIImage+Util.m */; };
		8EF9890A17F1E9FE0060005A /* UIImage+Util.m in Sources */ = {isa = PBXBuildFile; fileRef = 8EF9890817F1E9FE0060005A /* UIImage+Util.m */; };
		8EFA757C17083E16002B445A /* Social.framework in Frameworks */ = {isa = PBXBuildFile; fileRef = 8EFA757B17083E16002B445A /* Social.framework */; settings = {ATTRIBUTES = (Weak, ); }; };
		8EFA757D17083E21002B445A /* Social.framework in Frameworks */ = {isa = PBXBuildFile; fileRef = 8EFA757B17083E16002B445A /* Social.framework */; settings = {ATTRIBUTES = (Weak, ); }; };
		AA9B0D0E17FA4ED785ECCCD7 /* libPods.a in Frameworks */ = {isa = PBXBuildFile; fileRef = 3BE553A0882D433788042EB4 /* libPods.a */; };
/* End PBXBuildFile section */

/* Begin PBXFileReference section */
		3BE553A0882D433788042EB4 /* libPods.a */ = {isa = PBXFileReference; explicitFileType = archive.ar; includeInIndex = 0; path = libPods.a; sourceTree = BUILT_PRODUCTS_DIR; };
		6DCF76F346A3C6E1807DD777 /* Pods.debug.xcconfig */ = {isa = PBXFileReference; includeInIndex = 1; lastKnownFileType = text.xcconfig; name = Pods.debug.xcconfig; path = "Pods/Target Support Files/Pods/Pods.debug.xcconfig"; sourceTree = "<group>"; };
		6FE66C312706534E0723CDD0 /* Pods.release.xcconfig */ = {isa = PBXFileReference; includeInIndex = 1; lastKnownFileType = text.xcconfig; name = Pods.release.xcconfig; path = "Pods/Target Support Files/Pods/Pods.release.xcconfig"; sourceTree = "<group>"; };
		8E09EDF016CF38A900A60E19 /* ChannelHtml.h */ = {isa = PBXFileReference; fileEncoding = 4; lastKnownFileType = sourcecode.c.h; name = ChannelHtml.h; path = RadioLib/IcecasetLib/Html/ChannelHtml.h; sourceTree = "<group>"; };
		8E09EDF116CF38A900A60E19 /* ChannelHtml.m */ = {isa = PBXFileReference; fileEncoding = 4; lastKnownFileType = sourcecode.c.objc; name = ChannelHtml.m; path = RadioLib/IcecasetLib/Html/ChannelHtml.m; sourceTree = "<group>"; };
		8E09EDF216CF38A900A60E19 /* FavoriteHtml.h */ = {isa = PBXFileReference; fileEncoding = 4; lastKnownFileType = sourcecode.c.h; name = FavoriteHtml.h; path = RadioLib/IcecasetLib/Html/FavoriteHtml.h; sourceTree = "<group>"; };
		8E09EDF316CF38A900A60E19 /* FavoriteHtml.m */ = {isa = PBXFileReference; fileEncoding = 4; lastKnownFileType = sourcecode.c.objc; name = FavoriteHtml.m; path = RadioLib/IcecasetLib/Html/FavoriteHtml.m; sourceTree = "<group>"; };
		8E09EDFB16CF394D00A60E19 /* TempleteInfo.h */ = {isa = PBXFileReference; fileEncoding = 4; lastKnownFileType = sourcecode.c.h; name = TempleteInfo.h; path = RadioLib/Common/Html/TempleteInfo.h; sourceTree = "<group>"; };
		8E09EDFC16CF394D00A60E19 /* TempleteInfo.m */ = {isa = PBXFileReference; fileEncoding = 4; lastKnownFileType = sourcecode.c.objc; name = TempleteInfo.m; path = RadioLib/Common/Html/TempleteInfo.m; sourceTree = "<group>"; };
		8E0B83241543DC770097984D /* ChannelViewController.h */ = {isa = PBXFileReference; fileEncoding = 4; lastKnownFileType = sourcecode.c.h; path = ChannelViewController.h; sourceTree = "<group>"; };
		8E0B83251543DC770097984D /* ChannelViewController.m */ = {isa = PBXFileReference; fileEncoding = 4; lastKnownFileType = sourcecode.c.objc; path = ChannelViewController.m; sourceTree = "<group>"; };
		8E0B832C1543DC770097984D /* FavoritesTableViewController.h */ = {isa = PBXFileReference; fileEncoding = 4; lastKnownFileType = sourcecode.c.h; path = FavoritesTableViewController.h; sourceTree = "<group>"; };
		8E0B832D1543DC770097984D /* FavoritesTableViewController.m */ = {isa = PBXFileReference; fileEncoding = 4; lastKnownFileType = sourcecode.c.objc; path = FavoritesTableViewController.m; sourceTree = "<group>"; };
		8E0B832E1543DC770097984D /* FavoriteViewController.h */ = {isa = PBXFileReference; fileEncoding = 4; lastKnownFileType = sourcecode.c.h; path = FavoriteViewController.h; sourceTree = "<group>"; };
		8E0B832F1543DC770097984D /* FavoriteViewController.m */ = {isa = PBXFileReference; fileEncoding = 4; lastKnownFileType = sourcecode.c.objc; path = FavoriteViewController.m; sourceTree = "<group>"; };
		8E0B83411543DC770097984D /* BaseNaviViewController.h */ = {isa = PBXFileReference; fileEncoding = 4; lastKnownFileType = sourcecode.c.h; path = BaseNaviViewController.h; sourceTree = "<group>"; };
		8E0B83421543DC770097984D /* BaseNaviViewController.m */ = {isa = PBXFileReference; fileEncoding = 4; lastKnownFileType = sourcecode.c.objc; path = BaseNaviViewController.m; sourceTree = "<group>"; };
		8E0B83431543DC770097984D /* HeadlineViewController.h */ = {isa = PBXFileReference; fileEncoding = 4; lastKnownFileType = sourcecode.c.h; path = HeadlineViewController.h; sourceTree = "<group>"; };
		8E0B83441543DC770097984D /* HeadlineViewController.m */ = {isa = PBXFileReference; fileEncoding = 4; lastKnownFileType = sourcecode.c.objc; path = HeadlineViewController.m; sourceTree = "<group>"; };
		8E0B834F1543DC770097984D /* LadioTailViewController.h */ = {isa = PBXFileReference; fileEncoding = 4; lastKnownFileType = sourcecode.c.h; path = LadioTailViewController.h; sourceTree = "<group>"; };
		8E0B83501543DC770097984D /* LadioTailViewController.m */ = {isa = PBXFileReference; fileEncoding = 4; lastKnownFileType = sourcecode.c.objc; path = LadioTailViewController.m; sourceTree = "<group>"; };
		8E0B83551543DC770097984D /* SideMenuViewController.h */ = {isa = PBXFileReference; fileEncoding = 4; lastKnownFileType = sourcecode.c.h; path = SideMenuViewController.h; sourceTree = "<group>"; };
		8E0B83561543DC770097984D /* SideMenuViewController.m */ = {isa = PBXFileReference; fileEncoding = 4; lastKnownFileType = sourcecode.c.objc; path = SideMenuViewController.m; sourceTree = "<group>"; };
		8E0B83571543DC770097984D /* Player.h */ = {isa = PBXFileReference; fileEncoding = 4; lastKnownFileType = sourcecode.c.h; path = Player.h; sourceTree = "<group>"; };
		8E0B83581543DC770097984D /* Player.m */ = {isa = PBXFileReference; fileEncoding = 4; lastKnownFileType = sourcecode.c.objc; path = Player.m; sourceTree = "<group>"; };
		8E0B83611543DC770097984D /* WebPageViewController.h */ = {isa = PBXFileReference; fileEncoding = 4; lastKnownFileType = sourcecode.c.h; path = WebPageViewController.h; sourceTree = "<group>"; };
		8E0B83621543DC770097984D /* WebPageViewController.m */ = {isa = PBXFileReference; fileEncoding = 4; lastKnownFileType = sourcecode.c.objc; path = WebPageViewController.m; sourceTree = "<group>"; };
		8E0B83801543DEC80097984D /* AppDelegate.h */ = {isa = PBXFileReference; lastKnownFileType = sourcecode.c.h; path = AppDelegate.h; sourceTree = "<group>"; };
		8E0B83811543DEC80097984D /* AppDelegate.m */ = {isa = PBXFileReference; lastKnownFileType = sourcecode.c.objc; path = AppDelegate.m; sourceTree = "<group>"; };
		8E16282215383107007A2DBE /* QuartzCore.framework */ = {isa = PBXFileReference; lastKnownFileType = wrapper.framework; name = QuartzCore.framework; path = System/Library/Frameworks/QuartzCore.framework; sourceTree = SDKROOT; };
		8E17581E179A85870098F07F /* SwipableTableViewCell.h */ = {isa = PBXFileReference; fileEncoding = 4; lastKnownFileType = sourcecode.c.h; path = SwipableTableViewCell.h; sourceTree = "<group>"; };
		8E17581F179A85870098F07F /* SwipableTableViewCell.m */ = {isa = PBXFileReference; fileEncoding = 4; lastKnownFileType = sourcecode.c.objc; path = SwipableTableViewCell.m; sourceTree = "<group>"; };
		8E17DF481A24D79B00BFA034 /* EventKit.framework */ = {isa = PBXFileReference; lastKnownFileType = wrapper.framework; name = EventKit.framework; path = System/Library/Frameworks/EventKit.framework; sourceTree = SDKROOT; };
		8E17DF4A1A24D7AC00BFA034 /* EventKitUI.framework */ = {isa = PBXFileReference; lastKnownFileType = wrapper.framework; name = EventKitUI.framework; path = System/Library/Frameworks/EventKitUI.framework; sourceTree = SDKROOT; };
		8E1BA6B3153AA36F00070E71 /* SystemConfiguration.framework */ = {isa = PBXFileReference; lastKnownFileType = wrapper.framework; name = SystemConfiguration.framework; path = System/Library/Frameworks/SystemConfiguration.framework; sourceTree = SDKROOT; };
		8E1ED55915491B3400F80704 /* Ladio Tail.entitlements */ = {isa = PBXFileReference; lastKnownFileType = text.xml; name = "Ladio Tail.entitlements"; path = "../Ladio Tail.entitlements"; sourceTree = "<group>"; };
		8E428CFD178DA1C7000A6684 /* AdViewCell.h */ = {isa = PBXFileReference; fileEncoding = 4; lastKnownFileType = sourcecode.c.h; name = AdViewCell.h; path = Views/AdViewCell.h; sourceTree = "<group>"; };
		8E428CFE178DA1C7000A6684 /* AdViewCell.m */ = {isa = PBXFileReference; fileEncoding = 4; lastKnownFileType = sourcecode.c.objc; name = AdViewCell.m; path = Views/AdViewCell.m; sourceTree = "<group>"; };
		8E428CFF178DA1C7000A6684 /* ChannelTableViewCell.h */ = {isa = PBXFileReference; fileEncoding = 4; lastKnownFileType = sourcecode.c.h; name = ChannelTableViewCell.h; path = Views/ChannelTableViewCell.h; sourceTree = "<group>"; };
		8E428D00178DA1C7000A6684 /* ChannelTableViewCell.m */ = {isa = PBXFileReference; fileEncoding = 4; lastKnownFileType = sourcecode.c.objc; name = ChannelTableViewCell.m; path = Views/ChannelTableViewCell.m; sourceTree = "<group>"; };
		8E428D05178DA225000A6684 /* SideMenuTableViewCell.h */ = {isa = PBXFileReference; fileEncoding = 4; lastKnownFileType = sourcecode.c.h; name = SideMenuTableViewCell.h; path = Views/SideMenuTableViewCell.h; sourceTree = "<group>"; };
		8E428D06178DA225000A6684 /* SideMenuTableViewCell.m */ = {isa = PBXFileReference; fileEncoding = 4; lastKnownFileType = sourcecode.c.objc; name = SideMenuTableViewCell.m; path = Views/SideMenuTableViewCell.m; sourceTree = "<group>"; };
		8E428D09178DC07A000A6684 /* FavoriteTableViewCell.h */ = {isa = PBXFileReference; fileEncoding = 4; lastKnownFileType = sourcecode.c.h; name = FavoriteTableViewCell.h; path = Views/FavoriteTableViewCell.h; sourceTree = "<group>"; };
		8E428D0A178DC07A000A6684 /* FavoriteTableViewCell.m */ = {isa = PBXFileReference; fileEncoding = 4; lastKnownFileType = sourcecode.c.objc; name = FavoriteTableViewCell.m; path = Views/FavoriteTableViewCell.m; sourceTree = "<group>"; };
		8E4982841579AA0200B43FB8 /* MobileCoreServices.framework */ = {isa = PBXFileReference; lastKnownFileType = wrapper.framework; name = MobileCoreServices.framework; path = System/Library/Frameworks/MobileCoreServices.framework; sourceTree = SDKROOT; };
		8E4982861579AA1400B43FB8 /* CFNetwork.framework */ = {isa = PBXFileReference; lastKnownFileType = wrapper.framework; name = CFNetwork.framework; path = System/Library/Frameworks/CFNetwork.framework; sourceTree = SDKROOT; };
		8E4B62E916C8ED3800218055 /* Security.framework */ = {isa = PBXFileReference; lastKnownFileType = wrapper.framework; name = Security.framework; path = System/Library/Frameworks/Security.framework; sourceTree = SDKROOT; };
		8E5ECD8816CAA64900D20F16 /* ChannelHtml.h */ = {isa = PBXFileReference; fileEncoding = 4; lastKnownFileType = sourcecode.c.h; name = ChannelHtml.h; path = LadioTailForIPhone/Source/RadioLib/LadioLib/Html/ChannelHtml.h; sourceTree = SOURCE_ROOT; };
		8E5ECD8916CAA64900D20F16 /* ChannelHtml.m */ = {isa = PBXFileReference; fileEncoding = 4; lastKnownFileType = sourcecode.c.objc; name = ChannelHtml.m; path = LadioTailForIPhone/Source/RadioLib/LadioLib/Html/ChannelHtml.m; sourceTree = SOURCE_ROOT; };
		8E5ECD8A16CAA64900D20F16 /* FavoriteHtml.h */ = {isa = PBXFileReference; fileEncoding = 4; lastKnownFileType = sourcecode.c.h; name = FavoriteHtml.h; path = LadioTailForIPhone/Source/RadioLib/LadioLib/Html/FavoriteHtml.h; sourceTree = SOURCE_ROOT; };
		8E5ECD8B16CAA64900D20F16 /* FavoriteHtml.m */ = {isa = PBXFileReference; fileEncoding = 4; lastKnownFileType = sourcecode.c.objc; name = FavoriteHtml.m; path = LadioTailForIPhone/Source/RadioLib/LadioLib/Html/FavoriteHtml.m; sourceTree = SOURCE_ROOT; };
		8E749E5A165DBCA0003FE515 /* BottomBarGradientLayer.h */ = {isa = PBXFileReference; fileEncoding = 4; lastKnownFileType = sourcecode.c.h; name = BottomBarGradientLayer.h; path = Views/GradientView/BottomBarGradientLayer.h; sourceTree = "<group>"; };
		8E749E5B165DBCA0003FE515 /* BottomBarGradientLayer.m */ = {isa = PBXFileReference; fileEncoding = 4; lastKnownFileType = sourcecode.c.objc; name = BottomBarGradientLayer.m; path = Views/GradientView/BottomBarGradientLayer.m; sourceTree = "<group>"; };
		8E749E5C165DBCA0003FE515 /* BottomBarGradientView.h */ = {isa = PBXFileReference; fileEncoding = 4; lastKnownFileType = sourcecode.c.h; name = BottomBarGradientView.h; path = Views/GradientView/BottomBarGradientView.h; sourceTree = "<group>"; };
		8E749E5D165DBCA0003FE515 /* BottomBarGradientView.m */ = {isa = PBXFileReference; fileEncoding = 4; lastKnownFileType = sourcecode.c.objc; name = BottomBarGradientView.m; path = Views/GradientView/BottomBarGradientView.m; sourceTree = "<group>"; };
		8E749E63165DBDD5003FE515 /* PlaySwipeGradientView.m */ = {isa = PBXFileReference; fileEncoding = 4; lastKnownFileType = sourcecode.c.objc; name = PlaySwipeGradientView.m; path = Views/GradientView/PlaySwipeGradientView.m; sourceTree = "<group>"; };
		8E749E64165DBDD6003FE515 /* PlaySwipeGradientLayer.h */ = {isa = PBXFileReference; fileEncoding = 4; lastKnownFileType = sourcecode.c.h; name = PlaySwipeGradientLayer.h; path = Views/GradientView/PlaySwipeGradientLayer.h; sourceTree = "<group>"; };
		8E749E65165DBDD6003FE515 /* PlaySwipeGradientLayer.m */ = {isa = PBXFileReference; fileEncoding = 4; lastKnownFileType = sourcecode.c.objc; name = PlaySwipeGradientLayer.m; path = Views/GradientView/PlaySwipeGradientLayer.m; sourceTree = "<group>"; };
		8E749E66165DBDD6003FE515 /* PlaySwipeGradientView.h */ = {isa = PBXFileReference; fileEncoding = 4; lastKnownFileType = sourcecode.c.h; name = PlaySwipeGradientView.h; path = Views/GradientView/PlaySwipeGradientView.h; sourceTree = "<group>"; };
		8E9928D115490D230015CA5D /* ICloudStorage.h */ = {isa = PBXFileReference; fileEncoding = 4; lastKnownFileType = sourcecode.c.h; path = ICloudStorage.h; sourceTree = "<group>"; };
		8E9928D215490D230015CA5D /* ICloudStorage.m */ = {isa = PBXFileReference; fileEncoding = 4; lastKnownFileType = sourcecode.c.objc; path = ICloudStorage.m; sourceTree = "<group>"; };
		8E9AFC7F16317DFB0094C738 /* ApnsStorage.h */ = {isa = PBXFileReference; fileEncoding = 4; lastKnownFileType = sourcecode.c.h; path = ApnsStorage.h; sourceTree = "<group>"; };
		8E9AFC8016317DFB0094C738 /* ApnsStorage.m */ = {isa = PBXFileReference; fileEncoding = 4; lastKnownFileType = sourcecode.c.objc; path = ApnsStorage.m; sourceTree = "<group>"; };
		8E9EAAF81758D8B800F276E5 /* iAd.framework */ = {isa = PBXFileReference; lastKnownFileType = wrapper.framework; name = iAd.framework; path = System/Library/Frameworks/iAd.framework; sourceTree = SDKROOT; };
		8E9EC6E5165D0F3A00FE5369 /* GradientLayer.h */ = {isa = PBXFileReference; fileEncoding = 4; lastKnownFileType = sourcecode.c.h; name = GradientLayer.h; path = Views/GradientView/GradientLayer.h; sourceTree = "<group>"; };
		8E9EC6E6165D0F3A00FE5369 /* GradientLayer.m */ = {isa = PBXFileReference; fileEncoding = 4; lastKnownFileType = sourcecode.c.objc; name = GradientLayer.m; path = Views/GradientView/GradientLayer.m; sourceTree = "<group>"; };
		8E9EC6E7165D0F3A00FE5369 /* GradientView.h */ = {isa = PBXFileReference; fileEncoding = 4; lastKnownFileType = sourcecode.c.h; name = GradientView.h; path = Views/GradientView/GradientView.h; sourceTree = "<group>"; };
		8E9EC6E8165D0F3A00FE5369 /* GradientView.m */ = {isa = PBXFileReference; fileEncoding = 4; lastKnownFileType = sourcecode.c.objc; name = GradientView.m; path = Views/GradientView/GradientView.m; sourceTree = "<group>"; };
		8EAB5729155E42DB00F2202C /* LadioTailConfig.h */ = {isa = PBXFileReference; fileEncoding = 4; lastKnownFileType = sourcecode.c.h; path = LadioTailConfig.h; sourceTree = "<group>"; };
		8EAB572A155E42DB00F2202C /* LadioTailConfig.mm */ = {isa = PBXFileReference; fileEncoding = 4; lastKnownFileType = sourcecode.cpp.objcpp; path = LadioTailConfig.mm; sourceTree = "<group>"; };
		8EAC42571632F193009C2871 /* StoreKit.framework */ = {isa = PBXFileReference; lastKnownFileType = wrapper.framework; name = StoreKit.framework; path = System/Library/Frameworks/StoreKit.framework; sourceTree = SDKROOT; };
		8EAC425B1632F252009C2871 /* AudioToolbox.framework */ = {isa = PBXFileReference; lastKnownFileType = wrapper.framework; name = AudioToolbox.framework; path = System/Library/Frameworks/AudioToolbox.framework; sourceTree = SDKROOT; };
		8EAC425E1632F2BD009C2871 /* MessageUI.framework */ = {isa = PBXFileReference; lastKnownFileType = wrapper.framework; name = MessageUI.framework; path = System/Library/Frameworks/MessageUI.framework; sourceTree = SDKROOT; };
		8EAC42601632F331009C2871 /* AdSupport.framework */ = {isa = PBXFileReference; lastKnownFileType = wrapper.framework; name = AdSupport.framework; path = System/Library/Frameworks/AdSupport.framework; sourceTree = SDKROOT; };
		8EAFBF611537C2EA00DDBB6A /* ja */ = {isa = PBXFileReference; lastKnownFileType = text.plist.strings; name = ja; path = ja.lproj/InfoPlist.strings; sourceTree = "<group>"; };
		8EAFBF631537C8E000DDBB6A /* en */ = {isa = PBXFileReference; lastKnownFileType = text.plist.strings; name = en; path = en.lproj/Localizable.strings; sourceTree = "<group>"; };
		8EAFBF651537C90700DDBB6A /* ja */ = {isa = PBXFileReference; lastKnownFileType = text.plist.strings; name = ja; path = ja.lproj/Localizable.strings; sourceTree = "<group>"; };
		8EB398B616CEA01C00763AEF /* Resources.bundle */ = {isa = PBXFileReference; lastKnownFileType = "wrapper.plug-in"; name = Resources.bundle; path = Bundles/Resources.bundle; sourceTree = "<group>"; };
		8EC23B47153712BB007352FD /* Ladio Tail.app */ = {isa = PBXFileReference; explicitFileType = wrapper.application; includeInIndex = 0; path = "Ladio Tail.app"; sourceTree = BUILT_PRODUCTS_DIR; };
		8EC23B4B153712BB007352FD /* UIKit.framework */ = {isa = PBXFileReference; lastKnownFileType = wrapper.framework; name = UIKit.framework; path = System/Library/Frameworks/UIKit.framework; sourceTree = SDKROOT; };
		8EC23B4D153712BB007352FD /* Foundation.framework */ = {isa = PBXFileReference; lastKnownFileType = wrapper.framework; name = Foundation.framework; path = System/Library/Frameworks/Foundation.framework; sourceTree = SDKROOT; };
		8EC23B4F153712BB007352FD /* CoreGraphics.framework */ = {isa = PBXFileReference; lastKnownFileType = wrapper.framework; name = CoreGraphics.framework; path = System/Library/Frameworks/CoreGraphics.framework; sourceTree = SDKROOT; };
		8EC23B53153712BB007352FD /* LadioTailForIPhone-Info.plist */ = {isa = PBXFileReference; lastKnownFileType = text.plist.xml; path = "LadioTailForIPhone-Info.plist"; sourceTree = "<group>"; };
		8EC23B55153712BB007352FD /* en */ = {isa = PBXFileReference; lastKnownFileType = text.plist.strings; name = en; path = en.lproj/InfoPlist.strings; sourceTree = "<group>"; };
		8EC23B57153712BB007352FD /* main.m */ = {isa = PBXFileReference; lastKnownFileType = sourcecode.c.objc; path = main.m; sourceTree = "<group>"; };
		8EC23B59153712BB007352FD /* LadioTailForIPhone-Prefix.pch */ = {isa = PBXFileReference; lastKnownFileType = sourcecode.c.h; path = "LadioTailForIPhone-Prefix.pch"; sourceTree = "<group>"; };
		8EC23B8A15371433007352FD /* en */ = {isa = PBXFileReference; lastKnownFileType = file.storyboard; name = en; path = en.lproj/MainStoryboard.storyboard; sourceTree = "<group>"; };
		8EC23B901537147B007352FD /* AVFoundation.framework */ = {isa = PBXFileReference; lastKnownFileType = wrapper.framework; name = AVFoundation.framework; path = System/Library/Frameworks/AVFoundation.framework; sourceTree = SDKROOT; };
		8EC4DC1A19C548B800B3BE20 /* Radio Edge Images.xcassets */ = {isa = PBXFileReference; lastKnownFileType = folder.assetcatalog; path = "Radio Edge Images.xcassets"; sourceTree = "<group>"; };
		8EC4DC1C19C548C700B3BE20 /* Ladio Tail Images.xcassets */ = {isa = PBXFileReference; lastKnownFileType = folder.assetcatalog; path = "Ladio Tail Images.xcassets"; sourceTree = "<group>"; };
		8EC4DC2119C5518C00B3BE20 /* Images.xcassets */ = {isa = PBXFileReference; lastKnownFileType = folder.assetcatalog; path = Images.xcassets; sourceTree = "<group>"; };
		8EC587E01969FD6B0056A592 /* HistoryViewController.h */ = {isa = PBXFileReference; fileEncoding = 4; lastKnownFileType = sourcecode.c.h; path = HistoryViewController.h; sourceTree = "<group>"; };
		8EC587E11969FD6B0056A592 /* HistoryViewController.m */ = {isa = PBXFileReference; fileEncoding = 4; lastKnownFileType = sourcecode.c.objc; path = HistoryViewController.m; sourceTree = "<group>"; };
		8EC587E4196A01EF0056A592 /* HistoryHtml.h */ = {isa = PBXFileReference; fileEncoding = 4; lastKnownFileType = sourcecode.c.h; name = HistoryHtml.h; path = LadioTailForIPhone/Source/RadioLib/LadioLib/Html/HistoryHtml.h; sourceTree = SOURCE_ROOT; };
		8EC587E5196A01EF0056A592 /* HistoryHtml.m */ = {isa = PBXFileReference; fileEncoding = 4; lastKnownFileType = sourcecode.c.objc; name = HistoryHtml.m; path = LadioTailForIPhone/Source/RadioLib/LadioLib/Html/HistoryHtml.m; sourceTree = SOURCE_ROOT; };
		8EC587EA196A0C3D0056A592 /* HistoryHtml.h */ = {isa = PBXFileReference; fileEncoding = 4; lastKnownFileType = sourcecode.c.h; name = HistoryHtml.h; path = RadioLib/IcecasetLib/Html/HistoryHtml.h; sourceTree = "<group>"; };
		8EC587EB196A0C3D0056A592 /* HistoryHtml.m */ = {isa = PBXFileReference; fileEncoding = 4; lastKnownFileType = sourcecode.c.objc; name = HistoryHtml.m; path = RadioLib/IcecasetLib/Html/HistoryHtml.m; sourceTree = "<group>"; };
		8EC5B6861B50926E009B7D91 /* CoreMedia.framework */ = {isa = PBXFileReference; lastKnownFileType = wrapper.framework; name = CoreMedia.framework; path = System/Library/Frameworks/CoreMedia.framework; sourceTree = SDKROOT; };
		8EC75A771968BD77008BA30B /* HistoryItem.h */ = {isa = PBXFileReference; fileEncoding = 4; lastKnownFileType = sourcecode.c.h; name = HistoryItem.h; path = LadioTailForIPhone/Source/RadioLib/LadioLib/HistoryItem.h; sourceTree = SOURCE_ROOT; };
		8EC75A781968BD77008BA30B /* HistoryItem.m */ = {isa = PBXFileReference; fileEncoding = 4; lastKnownFileType = sourcecode.c.objc; name = HistoryItem.m; path = LadioTailForIPhone/Source/RadioLib/LadioLib/HistoryItem.m; sourceTree = SOURCE_ROOT; };
		8EC75A7A1968BFDF008BA30B /* HistoryManager.h */ = {isa = PBXFileReference; fileEncoding = 4; lastKnownFileType = sourcecode.c.h; name = HistoryManager.h; path = LadioTailForIPhone/Source/RadioLib/LadioLib/HistoryManager.h; sourceTree = SOURCE_ROOT; };
		8EC75A7B1968BFDF008BA30B /* HistoryManager.m */ = {isa = PBXFileReference; fileEncoding = 4; lastKnownFileType = sourcecode.c.objc; name = HistoryManager.m; path = LadioTailForIPhone/Source/RadioLib/LadioLib/HistoryManager.m; sourceTree = SOURCE_ROOT; };
		8EC75A7D1968CC96008BA30B /* PlayerDidStopNotificationObject.h */ = {isa = PBXFileReference; fileEncoding = 4; lastKnownFileType = sourcecode.c.h; path = PlayerDidStopNotificationObject.h; sourceTree = "<group>"; };
		8EC75A7E1968CC96008BA30B /* PlayerDidStopNotificationObject.m */ = {isa = PBXFileReference; fileEncoding = 4; lastKnownFileType = sourcecode.c.objc; path = PlayerDidStopNotificationObject.m; sourceTree = "<group>"; };
		8EC75A8D1968DCB6008BA30B /* HistoryNaviViewController.h */ = {isa = PBXFileReference; fileEncoding = 4; lastKnownFileType = sourcecode.c.h; path = HistoryNaviViewController.h; sourceTree = "<group>"; };
		8EC75A8E1968DCB6008BA30B /* HistoryNaviViewController.m */ = {isa = PBXFileReference; fileEncoding = 4; lastKnownFileType = sourcecode.c.objc; path = HistoryNaviViewController.m; sourceTree = "<group>"; };
		8EC75A951968E060008BA30B /* HeadlineNaviViewController.h */ = {isa = PBXFileReference; fileEncoding = 4; lastKnownFileType = sourcecode.c.h; path = HeadlineNaviViewController.h; sourceTree = "<group>"; };
		8EC75A961968E060008BA30B /* HeadlineNaviViewController.m */ = {isa = PBXFileReference; fileEncoding = 4; lastKnownFileType = sourcecode.c.objc; path = HeadlineNaviViewController.m; sourceTree = "<group>"; };
		8EC75A991968E08B008BA30B /* FavoriteNaviViewController.h */ = {isa = PBXFileReference; fileEncoding = 4; lastKnownFileType = sourcecode.c.h; path = FavoriteNaviViewController.h; sourceTree = "<group>"; };
		8EC75A9A1968E08B008BA30B /* FavoriteNaviViewController.m */ = {isa = PBXFileReference; fileEncoding = 4; lastKnownFileType = sourcecode.c.objc; path = FavoriteNaviViewController.m; sourceTree = "<group>"; };
		8EC75A9D1968E13C008BA30B /* HistoryTableViewController.h */ = {isa = PBXFileReference; fileEncoding = 4; lastKnownFileType = sourcecode.c.h; path = HistoryTableViewController.h; sourceTree = "<group>"; };
		8EC75A9E1968E13C008BA30B /* HistoryTableViewController.m */ = {isa = PBXFileReference; fileEncoding = 4; lastKnownFileType = sourcecode.c.objc; path = HistoryTableViewController.m; sourceTree = "<group>"; };
		8EC75AA11968E279008BA30B /* HistoryTableViewCell.h */ = {isa = PBXFileReference; fileEncoding = 4; lastKnownFileType = sourcecode.c.h; path = HistoryTableViewCell.h; sourceTree = "<group>"; };
		8EC75AA21968E279008BA30B /* HistoryTableViewCell.m */ = {isa = PBXFileReference; fileEncoding = 4; lastKnownFileType = sourcecode.c.objc; path = HistoryTableViewCell.m; sourceTree = "<group>"; };
		8EC75AA51968E84D008BA30B /* HistoryManager.h */ = {isa = PBXFileReference; fileEncoding = 4; lastKnownFileType = sourcecode.c.h; name = HistoryManager.h; path = RadioLib/IcecasetLib/HistoryManager.h; sourceTree = "<group>"; };
		8EC75AA61968E84D008BA30B /* HistoryManager.m */ = {isa = PBXFileReference; fileEncoding = 4; lastKnownFileType = sourcecode.c.objc; name = HistoryManager.m; path = RadioLib/IcecasetLib/HistoryManager.m; sourceTree = "<group>"; };
		8EC75AA81968E859008BA30B /* HistoryItem.h */ = {isa = PBXFileReference; fileEncoding = 4; lastKnownFileType = sourcecode.c.h; name = HistoryItem.h; path = RadioLib/IcecasetLib/HistoryItem.h; sourceTree = "<group>"; };
		8EC75AA91968E859008BA30B /* HistoryItem.m */ = {isa = PBXFileReference; fileEncoding = 4; lastKnownFileType = sourcecode.c.objc; name = HistoryItem.m; path = RadioLib/IcecasetLib/HistoryItem.m; sourceTree = "<group>"; };
		8EC9F3AB17903DFB00DA4662 /* SideMenuTableViewSectionLabel.h */ = {isa = PBXFileReference; fileEncoding = 4; lastKnownFileType = sourcecode.c.h; name = SideMenuTableViewSectionLabel.h; path = Views/SideMenuTableViewSectionLabel.h; sourceTree = "<group>"; };
		8EC9F3AC17903DFB00DA4662 /* SideMenuTableViewSectionLabel.m */ = {isa = PBXFileReference; fileEncoding = 4; lastKnownFileType = sourcecode.c.objc; name = SideMenuTableViewSectionLabel.m; path = Views/SideMenuTableViewSectionLabel.m; sourceTree = "<group>"; };
		8ECB8F5B196AC69C0006D74F /* ImageIO.framework */ = {isa = PBXFileReference; lastKnownFileType = wrapper.framework; name = ImageIO.framework; path = System/Library/Frameworks/ImageIO.framework; sourceTree = SDKROOT; };
		8ED117371658779F001BD731 /* Channel.h */ = {isa = PBXFileReference; fileEncoding = 4; lastKnownFileType = sourcecode.c.h; name = Channel.h; path = LadioTailForIPhone/Source/RadioLib/LadioLib/Channel.h; sourceTree = SOURCE_ROOT; };
		8ED117381658779F001BD731 /* Channel.m */ = {isa = PBXFileReference; fileEncoding = 4; lastKnownFileType = sourcecode.c.objc; name = Channel.m; path = LadioTailForIPhone/Source/RadioLib/LadioLib/Channel.m; sourceTree = SOURCE_ROOT; };
		8ED117391658779F001BD731 /* Favorite.h */ = {isa = PBXFileReference; fileEncoding = 4; lastKnownFileType = sourcecode.c.h; name = Favorite.h; path = LadioTailForIPhone/Source/RadioLib/LadioLib/Favorite.h; sourceTree = SOURCE_ROOT; };
		8ED1173A1658779F001BD731 /* Favorite.m */ = {isa = PBXFileReference; fileEncoding = 4; lastKnownFileType = sourcecode.c.objc; name = Favorite.m; path = LadioTailForIPhone/Source/RadioLib/LadioLib/Favorite.m; sourceTree = SOURCE_ROOT; };
		8ED1173B1658779F001BD731 /* FavoriteManager.h */ = {isa = PBXFileReference; fileEncoding = 4; lastKnownFileType = sourcecode.c.h; name = FavoriteManager.h; path = LadioTailForIPhone/Source/RadioLib/LadioLib/FavoriteManager.h; sourceTree = SOURCE_ROOT; };
		8ED1173C1658779F001BD731 /* FavoriteManager.m */ = {isa = PBXFileReference; fileEncoding = 4; lastKnownFileType = sourcecode.c.objc; name = FavoriteManager.m; path = LadioTailForIPhone/Source/RadioLib/LadioLib/FavoriteManager.m; sourceTree = SOURCE_ROOT; };
		8ED1173D1658779F001BD731 /* Headline.h */ = {isa = PBXFileReference; fileEncoding = 4; lastKnownFileType = sourcecode.c.h; name = Headline.h; path = LadioTailForIPhone/Source/RadioLib/LadioLib/Headline.h; sourceTree = SOURCE_ROOT; };
		8ED1173E1658779F001BD731 /* Headline.m */ = {isa = PBXFileReference; fileEncoding = 4; lastKnownFileType = sourcecode.c.objc; name = Headline.m; path = LadioTailForIPhone/Source/RadioLib/LadioLib/Headline.m; sourceTree = SOURCE_ROOT; };
		8ED11744165877EC001BD731 /* Notifications.h */ = {isa = PBXFileReference; lastKnownFileType = sourcecode.c.h; name = Notifications.h; path = RadioLib/Notifications.h; sourceTree = "<group>"; };
		8ED1175216587F8D001BD731 /* ReplaceUrlUtil.h */ = {isa = PBXFileReference; fileEncoding = 4; lastKnownFileType = sourcecode.c.h; name = ReplaceUrlUtil.h; path = RadioLib/ReplaceUrlUtil.h; sourceTree = "<group>"; };
		8ED1175316587F8D001BD731 /* ReplaceUrlUtil.m */ = {isa = PBXFileReference; fileEncoding = 4; lastKnownFileType = sourcecode.c.objc; name = ReplaceUrlUtil.m; path = RadioLib/ReplaceUrlUtil.m; sourceTree = "<group>"; };
		8ED1179D165888A2001BD731 /* Settings.bundle */ = {isa = PBXFileReference; lastKnownFileType = "wrapper.plug-in"; name = Settings.bundle; path = Settings/LadioTail/Settings.bundle; sourceTree = "<group>"; };
		8ED1185316588DCB001BD731 /* Radio Edge.app */ = {isa = PBXFileReference; explicitFileType = wrapper.application; includeInIndex = 0; path = "Radio Edge.app"; sourceTree = BUILT_PRODUCTS_DIR; };
		8ED1185616588DF1001BD731 /* Channel.h */ = {isa = PBXFileReference; fileEncoding = 4; lastKnownFileType = sourcecode.c.h; name = Channel.h; path = RadioLib/IcecasetLib/Channel.h; sourceTree = "<group>"; };
		8ED1185716588DF1001BD731 /* Channel.m */ = {isa = PBXFileReference; fileEncoding = 4; lastKnownFileType = sourcecode.c.objc; name = Channel.m; path = RadioLib/IcecasetLib/Channel.m; sourceTree = "<group>"; };
		8ED1185A16588DF1001BD731 /* Favorite.h */ = {isa = PBXFileReference; fileEncoding = 4; lastKnownFileType = sourcecode.c.h; name = Favorite.h; path = RadioLib/IcecasetLib/Favorite.h; sourceTree = "<group>"; };
		8ED1185B16588DF1001BD731 /* Favorite.m */ = {isa = PBXFileReference; fileEncoding = 4; lastKnownFileType = sourcecode.c.objc; name = Favorite.m; path = RadioLib/IcecasetLib/Favorite.m; sourceTree = "<group>"; };
		8ED1185E16588DF1001BD731 /* FavoriteManager.h */ = {isa = PBXFileReference; fileEncoding = 4; lastKnownFileType = sourcecode.c.h; name = FavoriteManager.h; path = RadioLib/IcecasetLib/FavoriteManager.h; sourceTree = "<group>"; };
		8ED1185F16588DF1001BD731 /* FavoriteManager.m */ = {isa = PBXFileReference; fileEncoding = 4; lastKnownFileType = sourcecode.c.objc; name = FavoriteManager.m; path = RadioLib/IcecasetLib/FavoriteManager.m; sourceTree = "<group>"; };
		8ED1186016588DF1001BD731 /* Headline.h */ = {isa = PBXFileReference; fileEncoding = 4; lastKnownFileType = sourcecode.c.h; name = Headline.h; path = RadioLib/IcecasetLib/Headline.h; sourceTree = "<group>"; };
		8ED1186116588DF1001BD731 /* Headline.m */ = {isa = PBXFileReference; fileEncoding = 4; lastKnownFileType = sourcecode.c.objc; name = Headline.m; path = RadioLib/IcecasetLib/Headline.m; sourceTree = "<group>"; };
		8ED1186916588EBF001BD731 /* RadioEdgeForIPhone-Info.plist */ = {isa = PBXFileReference; fileEncoding = 4; lastKnownFileType = text.plist.xml; path = "RadioEdgeForIPhone-Info.plist"; sourceTree = "<group>"; };
		8ED1186C16588F8B001BD731 /* Settings.bundle */ = {isa = PBXFileReference; lastKnownFileType = "wrapper.plug-in"; name = Settings.bundle; path = Settings/RadioEdge/Settings.bundle; sourceTree = "<group>"; };
		8ED118AF1658904D001BD731 /* Radio Edge.entitlements */ = {isa = PBXFileReference; lastKnownFileType = text.xml; name = "Radio Edge.entitlements"; path = "../Radio Edge.entitlements"; sourceTree = "<group>"; };
		8ED118B01658911C001BD731 /* RadioLib.h */ = {isa = PBXFileReference; fileEncoding = 4; lastKnownFileType = sourcecode.c.h; name = RadioLib.h; path = RadioLib/RadioLib.h; sourceTree = "<group>"; };
		8EDED1C718143A1B003F9C75 /* SleepTimer.h */ = {isa = PBXFileReference; fileEncoding = 4; lastKnownFileType = sourcecode.c.h; path = SleepTimer.h; sourceTree = "<group>"; };
		8EDED1C818143A1B003F9C75 /* SleepTimer.m */ = {isa = PBXFileReference; fileEncoding = 4; lastKnownFileType = sourcecode.c.objc; path = SleepTimer.m; sourceTree = "<group>"; };
		8EE158E117F29826005325C7 /* ChannelArchiveManager.h */ = {isa = PBXFileReference; fileEncoding = 4; lastKnownFileType = sourcecode.c.h; path = ChannelArchiveManager.h; sourceTree = "<group>"; };
		8EE158E217F29826005325C7 /* ChannelArchiveManager.m */ = {isa = PBXFileReference; fileEncoding = 4; lastKnownFileType = sourcecode.c.objc; path = ChannelArchiveManager.m; sourceTree = "<group>"; };
		8EF24FAB15C4C99E00F18C3F /* Twitter.framework */ = {isa = PBXFileReference; lastKnownFileType = wrapper.framework; name = Twitter.framework; path = System/Library/Frameworks/Twitter.framework; sourceTree = SDKROOT; };
		8EF9890717F1E9FE0060005A /* UIImage+Util.h */ = {isa = PBXFileReference; fileEncoding = 4; lastKnownFileType = sourcecode.c.h; path = "UIImage+Util.h"; sourceTree = "<group>"; };
		8EF9890817F1E9FE0060005A /* UIImage+Util.m */ = {isa = PBXFileReference; fileEncoding = 4; lastKnownFileType = sourcecode.c.objc; path = "UIImage+Util.m"; sourceTree = "<group>"; };
		8EFA757B17083E16002B445A /* Social.framework */ = {isa = PBXFileReference; lastKnownFileType = wrapper.framework; name = Social.framework; path = System/Library/Frameworks/Social.framework; sourceTree = SDKROOT; };
		8EFE80EC16E65FCC00C8575B /* CoreTelephony.framework */ = {isa = PBXFileReference; lastKnownFileType = wrapper.framework; name = CoreTelephony.framework; path = System/Library/Frameworks/CoreTelephony.framework; sourceTree = SDKROOT; };
/* End PBXFileReference section */

/* Begin PBXFrameworksBuildPhase section */
		8EC23B44153712BB007352FD /* Frameworks */ = {
			isa = PBXFrameworksBuildPhase;
			buildActionMask = 2147483647;
			files = (
				8ECB8F5C196AC69C0006D74F /* ImageIO.framework in Frameworks */,
				8E9EAAF91758D8B800F276E5 /* iAd.framework in Frameworks */,
				8EFA757C17083E16002B445A /* Social.framework in Frameworks */,
				8E4B62EA16C8ED3800218055 /* Security.framework in Frameworks */,
				8EF24FAC15C4C99E00F18C3F /* Twitter.framework in Frameworks */,
				8E4982851579AA0200B43FB8 /* MobileCoreServices.framework in Frameworks */,
				8E4982871579AA1500B43FB8 /* CFNetwork.framework in Frameworks */,
				8EC23B4C153712BB007352FD /* UIKit.framework in Frameworks */,
				8EC23B4E153712BB007352FD /* Foundation.framework in Frameworks */,
				8EC23B911537147B007352FD /* AVFoundation.framework in Frameworks */,
				8EC23B50153712BB007352FD /* CoreGraphics.framework in Frameworks */,
				8E16282315383107007A2DBE /* QuartzCore.framework in Frameworks */,
				AA9B0D0E17FA4ED785ECCCD7 /* libPods.a in Frameworks */,
			);
			runOnlyForDeploymentPostprocessing = 0;
		};
		8ED117DA16588DCB001BD731 /* Frameworks */ = {
			isa = PBXFrameworksBuildPhase;
			buildActionMask = 2147483647;
			files = (
				8ECB8F5D196AC6A80006D74F /* ImageIO.framework in Frameworks */,
				8E9EAAFA1758D8C800F276E5 /* iAd.framework in Frameworks */,
				8EFA757D17083E21002B445A /* Social.framework in Frameworks */,
				8E4B62EB16C8ED4200218055 /* Security.framework in Frameworks */,
				8ED117DF16588DCB001BD731 /* Twitter.framework in Frameworks */,
				8ED117E016588DCB001BD731 /* MobileCoreServices.framework in Frameworks */,
				8ED117E116588DCB001BD731 /* CFNetwork.framework in Frameworks */,
				8ED117E316588DCB001BD731 /* UIKit.framework in Frameworks */,
				8ED117E416588DCB001BD731 /* Foundation.framework in Frameworks */,
				8ED117E516588DCB001BD731 /* AVFoundation.framework in Frameworks */,
				8ED117E616588DCB001BD731 /* CoreGraphics.framework in Frameworks */,
				8ED117E716588DCB001BD731 /* QuartzCore.framework in Frameworks */,
				6AFA27233DBD4717B760FA1C /* libPods.a in Frameworks */,
			);
			runOnlyForDeploymentPostprocessing = 0;
		};
/* End PBXFrameworksBuildPhase section */

/* Begin PBXGroup section */
		44B35095BB4F494439284AFB /* Pods */ = {
			isa = PBXGroup;
			children = (
				6DCF76F346A3C6E1807DD777 /* Pods.debug.xcconfig */,
				6FE66C312706534E0723CDD0 /* Pods.release.xcconfig */,
			);
			name = Pods;
			sourceTree = "<group>";
		};
		8E09EDEF16CF37F100A60E19 /* Html */ = {
			isa = PBXGroup;
			children = (
				8E09EDF016CF38A900A60E19 /* ChannelHtml.h */,
				8E09EDF116CF38A900A60E19 /* ChannelHtml.m */,
				8E09EDF216CF38A900A60E19 /* FavoriteHtml.h */,
				8E09EDF316CF38A900A60E19 /* FavoriteHtml.m */,
				8EC587EA196A0C3D0056A592 /* HistoryHtml.h */,
				8EC587EB196A0C3D0056A592 /* HistoryHtml.m */,
			);
			name = Html;
			sourceTree = "<group>";
		};
		8E09EDF916CF392C00A60E19 /* Common */ = {
			isa = PBXGroup;
			children = (
				8E09EDFA16CF394100A60E19 /* Html */,
			);
			name = Common;
			sourceTree = "<group>";
		};
		8E09EDFA16CF394100A60E19 /* Html */ = {
			isa = PBXGroup;
			children = (
				8E09EDFB16CF394D00A60E19 /* TempleteInfo.h */,
				8E09EDFC16CF394D00A60E19 /* TempleteInfo.m */,
			);
			name = Html;
			sourceTree = "<group>";
		};
		8E0B831D1543DC770097984D /* Source */ = {
			isa = PBXGroup;
			children = (
				8E9EC6E3165D0E2C00FE5369 /* Views */,
				8ED1173616587773001BD731 /* RadioLib */,
				8EAB5729155E42DB00F2202C /* LadioTailConfig.h */,
				8EAB572A155E42DB00F2202C /* LadioTailConfig.mm */,
				8E0B83801543DEC80097984D /* AppDelegate.h */,
				8E0B83811543DEC80097984D /* AppDelegate.m */,
				8E0B834F1543DC770097984D /* LadioTailViewController.h */,
				8E0B83501543DC770097984D /* LadioTailViewController.m */,
				8E0B83551543DC770097984D /* SideMenuViewController.h */,
				8E0B83561543DC770097984D /* SideMenuViewController.m */,
				8E0B83411543DC770097984D /* BaseNaviViewController.h */,
				8E0B83421543DC770097984D /* BaseNaviViewController.m */,
				8EC75A951968E060008BA30B /* HeadlineNaviViewController.h */,
				8EC75A961968E060008BA30B /* HeadlineNaviViewController.m */,
				8E0B83431543DC770097984D /* HeadlineViewController.h */,
				8E0B83441543DC770097984D /* HeadlineViewController.m */,
				8E0B83241543DC770097984D /* ChannelViewController.h */,
				8E0B83251543DC770097984D /* ChannelViewController.m */,
				8E0B83611543DC770097984D /* WebPageViewController.h */,
				8E0B83621543DC770097984D /* WebPageViewController.m */,
				8EC75A991968E08B008BA30B /* FavoriteNaviViewController.h */,
				8EC75A9A1968E08B008BA30B /* FavoriteNaviViewController.m */,
				8E0B832C1543DC770097984D /* FavoritesTableViewController.h */,
				8E0B832D1543DC770097984D /* FavoritesTableViewController.m */,
				8E0B832E1543DC770097984D /* FavoriteViewController.h */,
				8E0B832F1543DC770097984D /* FavoriteViewController.m */,
				8EC75A8D1968DCB6008BA30B /* HistoryNaviViewController.h */,
				8EC75A8E1968DCB6008BA30B /* HistoryNaviViewController.m */,
				8EC75A9D1968E13C008BA30B /* HistoryTableViewController.h */,
				8EC75A9E1968E13C008BA30B /* HistoryTableViewController.m */,
				8EC587E01969FD6B0056A592 /* HistoryViewController.h */,
				8EC587E11969FD6B0056A592 /* HistoryViewController.m */,
				8EE158E117F29826005325C7 /* ChannelArchiveManager.h */,
				8EE158E217F29826005325C7 /* ChannelArchiveManager.m */,
				8E9928D115490D230015CA5D /* ICloudStorage.h */,
				8E9928D215490D230015CA5D /* ICloudStorage.m */,
				8E9AFC7F16317DFB0094C738 /* ApnsStorage.h */,
				8E9AFC8016317DFB0094C738 /* ApnsStorage.m */,
				8E0B83571543DC770097984D /* Player.h */,
				8E0B83581543DC770097984D /* Player.m */,
				8EC75A7D1968CC96008BA30B /* PlayerDidStopNotificationObject.h */,
				8EC75A7E1968CC96008BA30B /* PlayerDidStopNotificationObject.m */,
				8EDED1C718143A1B003F9C75 /* SleepTimer.h */,
				8EDED1C818143A1B003F9C75 /* SleepTimer.m */,
				8EF9890717F1E9FE0060005A /* UIImage+Util.h */,
				8EF9890817F1E9FE0060005A /* UIImage+Util.m */,
			);
			path = Source;
			sourceTree = "<group>";
		};
		8E0B83451543DC770097984D /* LadioLib */ = {
			isa = PBXGroup;
			children = (
				8E5ECD8716CAA62500D20F16 /* Html */,
				8ED1173D1658779F001BD731 /* Headline.h */,
				8ED1173E1658779F001BD731 /* Headline.m */,
				8ED117371658779F001BD731 /* Channel.h */,
				8ED117381658779F001BD731 /* Channel.m */,
				8ED1173B1658779F001BD731 /* FavoriteManager.h */,
				8ED1173C1658779F001BD731 /* FavoriteManager.m */,
				8ED117391658779F001BD731 /* Favorite.h */,
				8ED1173A1658779F001BD731 /* Favorite.m */,
				8EC75A7A1968BFDF008BA30B /* HistoryManager.h */,
				8EC75A7B1968BFDF008BA30B /* HistoryManager.m */,
				8EC75A771968BD77008BA30B /* HistoryItem.h */,
				8EC75A781968BD77008BA30B /* HistoryItem.m */,
			);
			path = LadioLib;
			sourceTree = "<group>";
		};
		8E17581D179A85870098F07F /* SwipableTableViewCell */ = {
			isa = PBXGroup;
			children = (
				8E17581E179A85870098F07F /* SwipableTableViewCell.h */,
				8E17581F179A85870098F07F /* SwipableTableViewCell.m */,
			);
			name = SwipableTableViewCell;
			path = Views/SwipableTableViewCell;
			sourceTree = "<group>";
		};
		8E5ECD8716CAA62500D20F16 /* Html */ = {
			isa = PBXGroup;
			children = (
				8E5ECD8816CAA64900D20F16 /* ChannelHtml.h */,
				8E5ECD8916CAA64900D20F16 /* ChannelHtml.m */,
				8E5ECD8A16CAA64900D20F16 /* FavoriteHtml.h */,
				8E5ECD8B16CAA64900D20F16 /* FavoriteHtml.m */,
				8EC587E4196A01EF0056A592 /* HistoryHtml.h */,
				8EC587E5196A01EF0056A592 /* HistoryHtml.m */,
			);
			name = Html;
			sourceTree = "<group>";
		};
		8E9EC6E3165D0E2C00FE5369 /* Views */ = {
			isa = PBXGroup;
			children = (
				8ED1174516587BA4001BD731 /* GradientView */,
				8E17581D179A85870098F07F /* SwipableTableViewCell */,
				8E428CFD178DA1C7000A6684 /* AdViewCell.h */,
				8E428CFE178DA1C7000A6684 /* AdViewCell.m */,
				8E428CFF178DA1C7000A6684 /* ChannelTableViewCell.h */,
				8E428D00178DA1C7000A6684 /* ChannelTableViewCell.m */,
				8E428D09178DC07A000A6684 /* FavoriteTableViewCell.h */,
				8E428D0A178DC07A000A6684 /* FavoriteTableViewCell.m */,
				8EC75AA11968E279008BA30B /* HistoryTableViewCell.h */,
				8EC75AA21968E279008BA30B /* HistoryTableViewCell.m */,
				8E428D05178DA225000A6684 /* SideMenuTableViewCell.h */,
				8E428D06178DA225000A6684 /* SideMenuTableViewCell.m */,
				8EC9F3AB17903DFB00DA4662 /* SideMenuTableViewSectionLabel.h */,
				8EC9F3AC17903DFB00DA4662 /* SideMenuTableViewSectionLabel.m */,
			);
			name = Views;
			sourceTree = "<group>";
		};
		8EB398B516CE9EFD00763AEF /* Resources */ = {
			isa = PBXGroup;
			children = (
				8EC23B8915371432007352FD /* MainStoryboard.storyboard */,
				8EB398B616CEA01C00763AEF /* Resources.bundle */,
				8EC4DC1C19C548C700B3BE20 /* Ladio Tail Images.xcassets */,
				8EC4DC1A19C548B800B3BE20 /* Radio Edge Images.xcassets */,
				8EC4DC2119C5518C00B3BE20 /* Images.xcassets */,
			);
			name = Resources;
			sourceTree = "<group>";
		};
		8EC23B3C153712BB007352FD = {
			isa = PBXGroup;
			children = (
				8EC23B51153712BB007352FD /* LadioTailForIPhone */,
				8EC23B4A153712BB007352FD /* Frameworks */,
				8EC23B48153712BB007352FD /* Products */,
				44B35095BB4F494439284AFB /* Pods */,
			);
			sourceTree = "<group>";
		};
		8EC23B48153712BB007352FD /* Products */ = {
			isa = PBXGroup;
			children = (
				8EC23B47153712BB007352FD /* Ladio Tail.app */,
				8ED1185316588DCB001BD731 /* Radio Edge.app */,
			);
			name = Products;
			sourceTree = "<group>";
		};
		8EC23B4A153712BB007352FD /* Frameworks */ = {
			isa = PBXGroup;
			children = (
				8EC5B6861B50926E009B7D91 /* CoreMedia.framework */,
				8E17DF4A1A24D7AC00BFA034 /* EventKitUI.framework */,
				8E17DF481A24D79B00BFA034 /* EventKit.framework */,
				8ECB8F5B196AC69C0006D74F /* ImageIO.framework */,
				8EAC42601632F331009C2871 /* AdSupport.framework */,
				8EAC425B1632F252009C2871 /* AudioToolbox.framework */,
				8EC23B901537147B007352FD /* AVFoundation.framework */,
				8E4982861579AA1400B43FB8 /* CFNetwork.framework */,
				8EC23B4F153712BB007352FD /* CoreGraphics.framework */,
				8EFE80EC16E65FCC00C8575B /* CoreTelephony.framework */,
				8EC23B4D153712BB007352FD /* Foundation.framework */,
				8E9EAAF81758D8B800F276E5 /* iAd.framework */,
				8EAC425E1632F2BD009C2871 /* MessageUI.framework */,
				8E4982841579AA0200B43FB8 /* MobileCoreServices.framework */,
				8E16282215383107007A2DBE /* QuartzCore.framework */,
				8E4B62E916C8ED3800218055 /* Security.framework */,
				8EFA757B17083E16002B445A /* Social.framework */,
				8EAC42571632F193009C2871 /* StoreKit.framework */,
				8E1BA6B3153AA36F00070E71 /* SystemConfiguration.framework */,
				8EF24FAB15C4C99E00F18C3F /* Twitter.framework */,
				8EC23B4B153712BB007352FD /* UIKit.framework */,
				3BE553A0882D433788042EB4 /* libPods.a */,
			);
			name = Frameworks;
			sourceTree = "<group>";
		};
		8EC23B51153712BB007352FD /* LadioTailForIPhone */ = {
			isa = PBXGroup;
			children = (
				8E0B831D1543DC770097984D /* Source */,
				8EB398B516CE9EFD00763AEF /* Resources */,
				8EC23B52153712BB007352FD /* Supporting Files */,
			);
			path = LadioTailForIPhone;
			sourceTree = "<group>";
		};
		8EC23B52153712BB007352FD /* Supporting Files */ = {
			isa = PBXGroup;
			children = (
				8EC23B54153712BB007352FD /* InfoPlist.strings */,
				8E1ED55915491B3400F80704 /* Ladio Tail.entitlements */,
				8ED1177E16588798001BD731 /* LadioTail */,
				8EC23B53153712BB007352FD /* LadioTailForIPhone-Info.plist */,
				8EC23B59153712BB007352FD /* LadioTailForIPhone-Prefix.pch */,
				8EAFBF621537C8E000DDBB6A /* Localizable.strings */,
				8EC23B57153712BB007352FD /* main.m */,
				8ED118AF1658904D001BD731 /* Radio Edge.entitlements */,
				8ED1186B16588F63001BD731 /* RadioEdge */,
				8ED1186916588EBF001BD731 /* RadioEdgeForIPhone-Info.plist */,
			);
			name = "Supporting Files";
			sourceTree = "<group>";
		};
		8ED11728165875C9001BD731 /* IcecasetLib */ = {
			isa = PBXGroup;
			children = (
				8E09EDEF16CF37F100A60E19 /* Html */,
				8ED1186016588DF1001BD731 /* Headline.h */,
				8ED1186116588DF1001BD731 /* Headline.m */,
				8ED1185616588DF1001BD731 /* Channel.h */,
				8ED1185716588DF1001BD731 /* Channel.m */,
				8ED1185E16588DF1001BD731 /* FavoriteManager.h */,
				8ED1185F16588DF1001BD731 /* FavoriteManager.m */,
				8ED1185A16588DF1001BD731 /* Favorite.h */,
				8ED1185B16588DF1001BD731 /* Favorite.m */,
				8EC75AA51968E84D008BA30B /* HistoryManager.h */,
				8EC75AA61968E84D008BA30B /* HistoryManager.m */,
				8EC75AA81968E859008BA30B /* HistoryItem.h */,
				8EC75AA91968E859008BA30B /* HistoryItem.m */,
			);
			name = IcecasetLib;
			sourceTree = "<group>";
		};
		8ED1173616587773001BD731 /* RadioLib */ = {
			isa = PBXGroup;
			children = (
				8E09EDF916CF392C00A60E19 /* Common */,
				8E0B83451543DC770097984D /* LadioLib */,
				8ED11728165875C9001BD731 /* IcecasetLib */,
				8ED118B01658911C001BD731 /* RadioLib.h */,
				8ED11744165877EC001BD731 /* Notifications.h */,
				8ED1175216587F8D001BD731 /* ReplaceUrlUtil.h */,
				8ED1175316587F8D001BD731 /* ReplaceUrlUtil.m */,
			);
			name = RadioLib;
			sourceTree = "<group>";
		};
		8ED1174516587BA4001BD731 /* GradientView */ = {
			isa = PBXGroup;
			children = (
				8E9EC6E5165D0F3A00FE5369 /* GradientLayer.h */,
				8E9EC6E6165D0F3A00FE5369 /* GradientLayer.m */,
				8E9EC6E7165D0F3A00FE5369 /* GradientView.h */,
				8E9EC6E8165D0F3A00FE5369 /* GradientView.m */,
				8E749E5A165DBCA0003FE515 /* BottomBarGradientLayer.h */,
				8E749E5B165DBCA0003FE515 /* BottomBarGradientLayer.m */,
				8E749E5C165DBCA0003FE515 /* BottomBarGradientView.h */,
				8E749E5D165DBCA0003FE515 /* BottomBarGradientView.m */,
				8E749E64165DBDD6003FE515 /* PlaySwipeGradientLayer.h */,
				8E749E65165DBDD6003FE515 /* PlaySwipeGradientLayer.m */,
				8E749E66165DBDD6003FE515 /* PlaySwipeGradientView.h */,
				8E749E63165DBDD5003FE515 /* PlaySwipeGradientView.m */,
			);
			name = GradientView;
			sourceTree = "<group>";
		};
		8ED1177E16588798001BD731 /* LadioTail */ = {
			isa = PBXGroup;
			children = (
				8ED1179D165888A2001BD731 /* Settings.bundle */,
			);
			name = LadioTail;
			sourceTree = "<group>";
		};
		8ED1186B16588F63001BD731 /* RadioEdge */ = {
			isa = PBXGroup;
			children = (
				8ED1186C16588F8B001BD731 /* Settings.bundle */,
			);
			name = RadioEdge;
			sourceTree = "<group>";
		};
/* End PBXGroup section */

/* Begin PBXNativeTarget section */
		8EC23B46153712BB007352FD /* Ladio Tail */ = {
			isa = PBXNativeTarget;
			buildConfigurationList = 8EC23B5F153712BB007352FD /* Build configuration list for PBXNativeTarget "Ladio Tail" */;
			buildPhases = (
				8A84F3FD80F14EEB8EE9A2BB /* Check Pods Manifest.lock */,
				8EC23B43153712BB007352FD /* Sources */,
				8EC23B44153712BB007352FD /* Frameworks */,
				8E31758516A0967100F0C6BA /* ShellScript */,
				8EC23B45153712BB007352FD /* Resources */,
				369C096C855141959724C323 /* Copy Pods Resources */,
			);
			buildRules = (
			);
			dependencies = (
			);
			name = "Ladio Tail";
			productName = LadioTailForIPhone;
			productReference = 8EC23B47153712BB007352FD /* Ladio Tail.app */;
			productType = "com.apple.product-type.application";
		};
		8ED117A016588DCB001BD731 /* Radio Edge */ = {
			isa = PBXNativeTarget;
			buildConfigurationList = 8ED1185016588DCB001BD731 /* Build configuration list for PBXNativeTarget "Radio Edge" */;
			buildPhases = (
				08BAE977B514492BBB5B597D /* Check Pods Manifest.lock */,
				8ED117A116588DCB001BD731 /* Sources */,
				8ED117DA16588DCB001BD731 /* Frameworks */,
				8E4C7BBE17AD3C010024FCFC /* ShellScript */,
				8ED117EA16588DCB001BD731 /* Resources */,
				54952FEB851445428724AFBD /* Copy Pods Resources */,
			);
			buildRules = (
			);
			dependencies = (
			);
			name = "Radio Edge";
			productName = LadioTailForIPhone;
			productReference = 8ED1185316588DCB001BD731 /* Radio Edge.app */;
			productType = "com.apple.product-type.application";
		};
/* End PBXNativeTarget section */

/* Begin PBXProject section */
		8EC23B3E153712BB007352FD /* Project object */ = {
			isa = PBXProject;
			attributes = {
				LastUpgradeCheck = 0510;
				ORGANIZATIONNAME = "";
			};
			buildConfigurationList = 8EC23B41153712BB007352FD /* Build configuration list for PBXProject "LadioTailForIPhone" */;
			compatibilityVersion = "Xcode 3.2";
			developmentRegion = English;
			hasScannedForEncodings = 0;
			knownRegions = (
				en,
				ja,
			);
			mainGroup = 8EC23B3C153712BB007352FD;
			productRefGroup = 8EC23B48153712BB007352FD /* Products */;
			projectDirPath = "";
			projectRoot = "";
			targets = (
				8EC23B46153712BB007352FD /* Ladio Tail */,
				8ED117A016588DCB001BD731 /* Radio Edge */,
			);
		};
/* End PBXProject section */

/* Begin PBXResourcesBuildPhase section */
		8EC23B45153712BB007352FD /* Resources */ = {
			isa = PBXResourcesBuildPhase;
			buildActionMask = 2147483647;
			files = (
				8EC23B56153712BB007352FD /* InfoPlist.strings in Resources */,
				8EC23B8B15371433007352FD /* MainStoryboard.storyboard in Resources */,
				8EAFBF641537C8E000DDBB6A /* Localizable.strings in Resources */,
				8EC4DC2019C54CA300B3BE20 /* Ladio Tail Images.xcassets in Resources */,
				8ED1179F165888EA001BD731 /* Settings.bundle in Resources */,
				8EB398B716CEA01C00763AEF /* Resources.bundle in Resources */,
				8EC4DC2219C5518C00B3BE20 /* Images.xcassets in Resources */,
			);
			runOnlyForDeploymentPostprocessing = 0;
		};
		8ED117EA16588DCB001BD731 /* Resources */ = {
			isa = PBXResourcesBuildPhase;
			buildActionMask = 2147483647;
			files = (
				8ED117EB16588DCB001BD731 /* InfoPlist.strings in Resources */,
				8ED117EC16588DCB001BD731 /* MainStoryboard.storyboard in Resources */,
				8ED117ED16588DCB001BD731 /* Localizable.strings in Resources */,
				8ED1186D16588F8C001BD731 /* Settings.bundle in Resources */,
				8EC4DC1F19C54CA000B3BE20 /* Radio Edge Images.xcassets in Resources */,
				8EB398B816CEA01C00763AEF /* Resources.bundle in Resources */,
				8EC4DC2319C5518C00B3BE20 /* Images.xcassets in Resources */,
			);
			runOnlyForDeploymentPostprocessing = 0;
		};
/* End PBXResourcesBuildPhase section */

/* Begin PBXShellScriptBuildPhase section */
		08BAE977B514492BBB5B597D /* Check Pods Manifest.lock */ = {
			isa = PBXShellScriptBuildPhase;
			buildActionMask = 2147483647;
			files = (
			);
			inputPaths = (
			);
			name = "Check Pods Manifest.lock";
			outputPaths = (
			);
			runOnlyForDeploymentPostprocessing = 0;
			shellPath = /bin/sh;
			shellScript = "diff \"${PODS_ROOT}/../Podfile.lock\" \"${PODS_ROOT}/Manifest.lock\" > /dev/null\nif [[ $? != 0 ]] ; then\n    cat << EOM\nerror: The sandbox is not in sync with the Podfile.lock. Run 'pod install' or update your CocoaPods installation.\nEOM\n    exit 1\nfi\n";
			showEnvVarsInLog = 0;
		};
		369C096C855141959724C323 /* Copy Pods Resources */ = {
			isa = PBXShellScriptBuildPhase;
			buildActionMask = 2147483647;
			files = (
			);
			inputPaths = (
			);
			name = "Copy Pods Resources";
			outputPaths = (
			);
			runOnlyForDeploymentPostprocessing = 0;
			shellPath = /bin/sh;
			shellScript = "\"${SRCROOT}/Pods/Target Support Files/Pods/Pods-resources.sh\"\n";
			showEnvVarsInLog = 0;
		};
		54952FEB851445428724AFBD /* Copy Pods Resources */ = {
			isa = PBXShellScriptBuildPhase;
			buildActionMask = 2147483647;
			files = (
			);
			inputPaths = (
			);
			name = "Copy Pods Resources";
			outputPaths = (
			);
			runOnlyForDeploymentPostprocessing = 0;
			shellPath = /bin/sh;
			shellScript = "\"${SRCROOT}/Pods/Target Support Files/Pods/Pods-resources.sh\"\n";
			showEnvVarsInLog = 0;
		};
		8A84F3FD80F14EEB8EE9A2BB /* Check Pods Manifest.lock */ = {
			isa = PBXShellScriptBuildPhase;
			buildActionMask = 2147483647;
			files = (
			);
			inputPaths = (
			);
			name = "Check Pods Manifest.lock";
			outputPaths = (
			);
			runOnlyForDeploymentPostprocessing = 0;
			shellPath = /bin/sh;
			shellScript = "diff \"${PODS_ROOT}/../Podfile.lock\" \"${PODS_ROOT}/Manifest.lock\" > /dev/null\nif [[ $? != 0 ]] ; then\n    cat << EOM\nerror: The sandbox is not in sync with the Podfile.lock. Run 'pod install' or update your CocoaPods installation.\nEOM\n    exit 1\nfi\n";
			showEnvVarsInLog = 0;
		};
		8E31758516A0967100F0C6BA /* ShellScript */ = {
			isa = PBXShellScriptBuildPhase;
			buildActionMask = 2147483647;
			files = (
			);
			inputPaths = (
			);
			outputPaths = (
			);
			runOnlyForDeploymentPostprocessing = 0;
			shellPath = /bin/sh;
			shellScript = "VersionNumber=$(/usr/libexec/PlistBuddy -c \"Print CFBundleShortVersionString\" \"./LadioTailForIPhone/LadioTailForIPhone-Info.plist\")\n/usr/libexec/PlistBuddy -c \"Set :PreferenceSpecifiers:11:DefaultValue ${VersionNumber}\" ./LadioTailForIPhone/Settings/LadioTail/Settings.bundle/Root.plist";
		};
		8E4C7BBE17AD3C010024FCFC /* ShellScript */ = {
			isa = PBXShellScriptBuildPhase;
			buildActionMask = 2147483647;
			files = (
			);
			inputPaths = (
			);
			outputPaths = (
			);
			runOnlyForDeploymentPostprocessing = 0;
			shellPath = /bin/sh;
			shellScript = "VersionNumber=$(/usr/libexec/PlistBuddy -c \"Print CFBundleShortVersionString\" \"./LadioTailForIPhone/RadioEdgeForIPhone-Info.plist\")\n/usr/libexec/PlistBuddy -c \"Set :PreferenceSpecifiers:5:DefaultValue ${VersionNumber}\" ./LadioTailForIPhone/Settings/RadioEdge/Settings.bundle/Root.plist";
		};
/* End PBXShellScriptBuildPhase section */

/* Begin PBXSourcesBuildPhase section */
		8EC23B43153712BB007352FD /* Sources */ = {
			isa = PBXSourcesBuildPhase;
			buildActionMask = 2147483647;
			files = (
				8EC587E6196A01EF0056A592 /* HistoryHtml.m in Sources */,
				8EC23B58153712BB007352FD /* main.m in Sources */,
				8E0B83821543DFD20097984D /* AppDelegate.m in Sources */,
				8E0B83661543DC770097984D /* ChannelViewController.m in Sources */,
				8EC75AA31968E279008BA30B /* HistoryTableViewCell.m in Sources */,
				8EC75A8F1968DCB6008BA30B /* HistoryNaviViewController.m in Sources */,
				8E0B836A1543DC770097984D /* FavoritesTableViewController.m in Sources */,
				8E0B836B1543DC770097984D /* FavoriteViewController.m in Sources */,
				8EC75A9F1968E13C008BA30B /* HistoryTableViewController.m in Sources */,
				8E0B836E1543DC770097984D /* BaseNaviViewController.m in Sources */,
				8E0B836F1543DC770097984D /* HeadlineViewController.m in Sources */,
				8E0B83741543DC770097984D /* LadioTailViewController.m in Sources */,
				8EC75A7F1968CC96008BA30B /* PlayerDidStopNotificationObject.m in Sources */,
				8E0B83771543DC770097984D /* SideMenuViewController.m in Sources */,
				8E0B83781543DC770097984D /* Player.m in Sources */,
				8E0B837D1543DC770097984D /* WebPageViewController.m in Sources */,
				8EDED1C918143A1B003F9C75 /* SleepTimer.m in Sources */,
				8E9928D315490D230015CA5D /* ICloudStorage.m in Sources */,
				8EAB572B155E42DB00F2202C /* LadioTailConfig.mm in Sources */,
				8EE158E317F29826005325C7 /* ChannelArchiveManager.m in Sources */,
				8E9AFC8116317DFB0094C738 /* ApnsStorage.m in Sources */,
				8ED117401658779F001BD731 /* Channel.m in Sources */,
				8ED117411658779F001BD731 /* Favorite.m in Sources */,
				8ED117421658779F001BD731 /* FavoriteManager.m in Sources */,
				8EC75A971968E060008BA30B /* HeadlineNaviViewController.m in Sources */,
				8ED117431658779F001BD731 /* Headline.m in Sources */,
				8ED1175416587F8E001BD731 /* ReplaceUrlUtil.m in Sources */,
				8EC75A791968BD77008BA30B /* HistoryItem.m in Sources */,
				8EF9890917F1E9FE0060005A /* UIImage+Util.m in Sources */,
				8E9EC6E9165D0F3A00FE5369 /* GradientLayer.m in Sources */,
				8E9EC6EB165D0F3A00FE5369 /* GradientView.m in Sources */,
				8E749E5E165DBCA0003FE515 /* BottomBarGradientLayer.m in Sources */,
				8E749E60165DBCA0003FE515 /* BottomBarGradientView.m in Sources */,
				8E749E67165DBDD6003FE515 /* PlaySwipeGradientView.m in Sources */,
				8E749E69165DBDD6003FE515 /* PlaySwipeGradientLayer.m in Sources */,
				8EC587E21969FD6B0056A592 /* HistoryViewController.m in Sources */,
				8E5ECD8C16CAA64900D20F16 /* ChannelHtml.m in Sources */,
				8EC75A9B1968E08B008BA30B /* FavoriteNaviViewController.m in Sources */,
				8E5ECD8D16CAA64900D20F16 /* FavoriteHtml.m in Sources */,
				8E09EDFD16CF394D00A60E19 /* TempleteInfo.m in Sources */,
				8EC75A7C1968BFDF008BA30B /* HistoryManager.m in Sources */,
				8E428D01178DA1C7000A6684 /* AdViewCell.m in Sources */,
				8E428D03178DA1C7000A6684 /* ChannelTableViewCell.m in Sources */,
				8E428D07178DA225000A6684 /* SideMenuTableViewCell.m in Sources */,
				8E428D0B178DC07A000A6684 /* FavoriteTableViewCell.m in Sources */,
				8EC9F3AD17903DFB00DA4662 /* SideMenuTableViewSectionLabel.m in Sources */,
				8E175820179A85870098F07F /* SwipableTableViewCell.m in Sources */,
			);
			runOnlyForDeploymentPostprocessing = 0;
		};
		8ED117A116588DCB001BD731 /* Sources */ = {
			isa = PBXSourcesBuildPhase;
			buildActionMask = 2147483647;
			files = (
				8EC587EC196A0C3D0056A592 /* HistoryHtml.m in Sources */,
				8EC75A801968CC96008BA30B /* PlayerDidStopNotificationObject.m in Sources */,
				8ED117A216588DCB001BD731 /* main.m in Sources */,
				8ED117A316588DCB001BD731 /* AppDelegate.m in Sources */,
				8ED117A516588DCB001BD731 /* ChannelViewController.m in Sources */,
				8EC75A981968E060008BA30B /* HeadlineNaviViewController.m in Sources */,
				8ED117A716588DCB001BD731 /* FavoritesTableViewController.m in Sources */,
				8ED117A816588DCB001BD731 /* FavoriteViewController.m in Sources */,
				8ED117AA16588DCB001BD731 /* BaseNaviViewController.m in Sources */,
				8EC75AAA1968E859008BA30B /* HistoryItem.m in Sources */,
				8ED117AB16588DCB001BD731 /* HeadlineViewController.m in Sources */,
				8ED117AC16588DCB001BD731 /* LadioTailViewController.m in Sources */,
				8ED117AD16588DCB001BD731 /* SideMenuViewController.m in Sources */,
				8ED117AE16588DCB001BD731 /* Player.m in Sources */,
				8ED117B116588DCB001BD731 /* WebPageViewController.m in Sources */,
				8EC75A901968DCB6008BA30B /* HistoryNaviViewController.m in Sources */,
				8EDED1CA18143A1B003F9C75 /* SleepTimer.m in Sources */,
				8ED117B216588DCB001BD731 /* ICloudStorage.m in Sources */,
				8ED117B316588DCB001BD731 /* LadioTailConfig.mm in Sources */,
				8EE158E417F29826005325C7 /* ChannelArchiveManager.m in Sources */,
				8ED117CF16588DCB001BD731 /* ApnsStorage.m in Sources */,
				8ED117D916588DCB001BD731 /* ReplaceUrlUtil.m in Sources */,
				8ED1186316588DF1001BD731 /* Channel.m in Sources */,
				8ED1186516588DF1001BD731 /* Favorite.m in Sources */,
				8ED1186716588DF1001BD731 /* FavoriteManager.m in Sources */,
				8ED1186816588DF1001BD731 /* Headline.m in Sources */,
				8EF9890A17F1E9FE0060005A /* UIImage+Util.m in Sources */,
				8E9EC6EA165D0F3A00FE5369 /* GradientLayer.m in Sources */,
				8E9EC6EC165D0F3A00FE5369 /* GradientView.m in Sources */,
				8E749E5F165DBCA0003FE515 /* BottomBarGradientLayer.m in Sources */,
				8E749E61165DBCA0003FE515 /* BottomBarGradientView.m in Sources */,
				8E749E68165DBDD6003FE515 /* PlaySwipeGradientView.m in Sources */,
				8EC75AA71968E84D008BA30B /* HistoryManager.m in Sources */,
				8E749E6A165DBDD6003FE515 /* PlaySwipeGradientLayer.m in Sources */,
				8EC75AA41968E279008BA30B /* HistoryTableViewCell.m in Sources */,
				8EC587E31969FD6B0056A592 /* HistoryViewController.m in Sources */,
				8E09EDF616CF38A900A60E19 /* ChannelHtml.m in Sources */,
				8E09EDF716CF38A900A60E19 /* FavoriteHtml.m in Sources */,
				8E09EDFE16CF394D00A60E19 /* TempleteInfo.m in Sources */,
				8EC75A9C1968E08B008BA30B /* FavoriteNaviViewController.m in Sources */,
				8EC75AA01968E13C008BA30B /* HistoryTableViewController.m in Sources */,
				8E428D02178DA1C7000A6684 /* AdViewCell.m in Sources */,
				8E428D04178DA1C7000A6684 /* ChannelTableViewCell.m in Sources */,
				8E428D08178DA225000A6684 /* SideMenuTableViewCell.m in Sources */,
				8E428D0C178DC07A000A6684 /* FavoriteTableViewCell.m in Sources */,
				8EC9F3AE17903DFB00DA4662 /* SideMenuTableViewSectionLabel.m in Sources */,
				8E175821179A85870098F07F /* SwipableTableViewCell.m in Sources */,
			);
			runOnlyForDeploymentPostprocessing = 0;
		};
/* End PBXSourcesBuildPhase section */

/* Begin PBXVariantGroup section */
		8EAFBF621537C8E000DDBB6A /* Localizable.strings */ = {
			isa = PBXVariantGroup;
			children = (
				8EAFBF631537C8E000DDBB6A /* en */,
				8EAFBF651537C90700DDBB6A /* ja */,
			);
			name = Localizable.strings;
			sourceTree = "<group>";
		};
		8EC23B54153712BB007352FD /* InfoPlist.strings */ = {
			isa = PBXVariantGroup;
			children = (
				8EC23B55153712BB007352FD /* en */,
				8EAFBF611537C2EA00DDBB6A /* ja */,
			);
			name = InfoPlist.strings;
			sourceTree = "<group>";
		};
		8EC23B8915371432007352FD /* MainStoryboard.storyboard */ = {
			isa = PBXVariantGroup;
			children = (
				8EC23B8A15371433007352FD /* en */,
			);
			name = MainStoryboard.storyboard;
			sourceTree = "<group>";
		};
/* End PBXVariantGroup section */

/* Begin XCBuildConfiguration section */
		8EC23B5D153712BB007352FD /* Debug */ = {
			isa = XCBuildConfiguration;
			buildSettings = {
				ALWAYS_SEARCH_USER_PATHS = NO;
				CLANG_ENABLE_OBJC_ARC = YES;
				CLANG_WARN_CONSTANT_CONVERSION = YES;
				CLANG_WARN_ENUM_CONVERSION = YES;
				CLANG_WARN_INT_CONVERSION = YES;
				CLANG_WARN__DUPLICATE_METHOD_MATCH = YES;
				CODE_SIGN_IDENTITY = "iPhone Developer";
				"CODE_SIGN_IDENTITY[sdk=iphoneos*]" = "iPhone Developer";
				COPY_PHASE_STRIP = NO;
				GCC_C_LANGUAGE_STANDARD = gnu99;
				GCC_DYNAMIC_NO_PIC = NO;
				GCC_OPTIMIZATION_LEVEL = 0;
				GCC_PREPROCESSOR_DEFINITIONS = (
					"DEBUG=1",
					"$(inherited)",
				);
				GCC_SYMBOLS_PRIVATE_EXTERN = NO;
				GCC_VERSION = "";
				GCC_WARN_ABOUT_RETURN_TYPE = YES;
				GCC_WARN_UNINITIALIZED_AUTOS = YES;
				GCC_WARN_UNUSED_VARIABLE = YES;
				IPHONEOS_DEPLOYMENT_TARGET = 7.0;
				ONLY_ACTIVE_ARCH = YES;
				PROVISIONING_PROFILE = "";
				SDKROOT = iphoneos;
			};
			name = Debug;
		};
		8EC23B5E153712BB007352FD /* Release */ = {
			isa = XCBuildConfiguration;
			buildSettings = {
				ALWAYS_SEARCH_USER_PATHS = NO;
				CLANG_ENABLE_OBJC_ARC = YES;
				CLANG_WARN_CONSTANT_CONVERSION = YES;
				CLANG_WARN_ENUM_CONVERSION = YES;
				CLANG_WARN_INT_CONVERSION = YES;
				CLANG_WARN__DUPLICATE_METHOD_MATCH = YES;
				CODE_SIGN_IDENTITY = "iPhone Developer";
				"CODE_SIGN_IDENTITY[sdk=iphoneos*]" = "iPhone Developer";
				COPY_PHASE_STRIP = YES;
				GCC_C_LANGUAGE_STANDARD = gnu99;
				GCC_VERSION = "";
				GCC_WARN_ABOUT_RETURN_TYPE = YES;
				GCC_WARN_UNINITIALIZED_AUTOS = YES;
				GCC_WARN_UNUSED_VARIABLE = YES;
				IPHONEOS_DEPLOYMENT_TARGET = 7.0;
				OTHER_CFLAGS = "-DNS_BLOCK_ASSERTIONS=1";
				PROVISIONING_PROFILE = "";
				SDKROOT = iphoneos;
				VALIDATE_PRODUCT = YES;
			};
			name = Release;
		};
		8EC23B60153712BB007352FD /* Debug */ = {
			isa = XCBuildConfiguration;
			baseConfigurationReference = 6DCF76F346A3C6E1807DD777 /* Pods.debug.xcconfig */;
			buildSettings = {
				ASSETCATALOG_COMPILER_APPICON_NAME = AppIcon;
				ASSETCATALOG_COMPILER_LAUNCHIMAGE_NAME = LaunchImage;
				CODE_SIGN_ENTITLEMENTS = "Ladio Tail.entitlements";
				CODE_SIGN_IDENTITY = "iPhone Developer";
				"CODE_SIGN_IDENTITY[sdk=iphoneos*]" = "iPhone Developer";
				FRAMEWORK_SEARCH_PATHS = "$(inherited)";
				GCC_PRECOMPILE_PREFIX_HEADER = YES;
				GCC_PREFIX_HEADER = "LadioTailForIPhone/LadioTailForIPhone-Prefix.pch";
				GCC_PREPROCESSOR_DEFINITIONS = (
					"DEBUG=1",
					"$(inherited)",
					LADIO_TAIL,
				);
				INFOPLIST_FILE = "LadioTailForIPhone/LadioTailForIPhone-Info.plist";
				INFOPLIST_PREPROCESSOR_DEFINITIONS = "";
				IPHONEOS_DEPLOYMENT_TARGET = 7.0;
				LIBRARY_SEARCH_PATHS = "$(inherited)";
				OTHER_LDFLAGS = (
					"$(inherited)",
					"-ObjC",
				);
				PRODUCT_NAME = "$(TARGET_NAME)";
				PROVISIONING_PROFILE = "";
				"PROVISIONING_PROFILE[sdk=iphoneos*]" = "";
				TARGETED_DEVICE_FAMILY = "1,2";
				WRAPPER_EXTENSION = app;
			};
			name = Debug;
		};
		8EC23B61153712BB007352FD /* Release */ = {
			isa = XCBuildConfiguration;
			baseConfigurationReference = 6FE66C312706534E0723CDD0 /* Pods.release.xcconfig */;
			buildSettings = {
				ASSETCATALOG_COMPILER_APPICON_NAME = AppIcon;
				ASSETCATALOG_COMPILER_LAUNCHIMAGE_NAME = LaunchImage;
				CODE_SIGN_ENTITLEMENTS = "Ladio Tail.entitlements";
				CODE_SIGN_IDENTITY = "iPhone Developer";
				"CODE_SIGN_IDENTITY[sdk=iphoneos*]" = "iPhone Developer";
				FRAMEWORK_SEARCH_PATHS = "$(inherited)";
				GCC_PRECOMPILE_PREFIX_HEADER = YES;
				GCC_PREFIX_HEADER = "LadioTailForIPhone/LadioTailForIPhone-Prefix.pch";
				GCC_PREPROCESSOR_DEFINITIONS = (
					"$(inherited)",
					LADIO_TAIL,
				);
				INFOPLIST_FILE = "LadioTailForIPhone/LadioTailForIPhone-Info.plist";
				INFOPLIST_PREPROCESSOR_DEFINITIONS = "";
				IPHONEOS_DEPLOYMENT_TARGET = 7.0;
				LIBRARY_SEARCH_PATHS = "$(inherited)";
				OTHER_LDFLAGS = (
					"$(inherited)",
					"-ObjC",
				);
				PRODUCT_NAME = "$(TARGET_NAME)";
				PROVISIONING_PROFILE = "";
				"PROVISIONING_PROFILE[sdk=iphoneos*]" = "";
				TARGETED_DEVICE_FAMILY = "1,2";
				WRAPPER_EXTENSION = app;
			};
			name = Release;
		};
		8ED1185116588DCB001BD731 /* Debug */ = {
			isa = XCBuildConfiguration;
			baseConfigurationReference = 6DCF76F346A3C6E1807DD777 /* Pods.debug.xcconfig */;
			buildSettings = {
				ASSETCATALOG_COMPILER_APPICON_NAME = AppIcon;
				ASSETCATALOG_COMPILER_LAUNCHIMAGE_NAME = LaunchImage;
				CODE_SIGN_ENTITLEMENTS = "Radio Edge.entitlements";
				CODE_SIGN_IDENTITY = "iPhone Developer";
				"CODE_SIGN_IDENTITY[sdk=iphoneos*]" = "iPhone Developer";
				FRAMEWORK_SEARCH_PATHS = "$(inherited)";
				GCC_PRECOMPILE_PREFIX_HEADER = YES;
				GCC_PREFIX_HEADER = "LadioTailForIPhone/LadioTailForIPhone-Prefix.pch";
				GCC_PREPROCESSOR_DEFINITIONS = (
					"DEBUG=1",
					"$(inherited)",
					RADIO_EDGE,
				);
				INFOPLIST_FILE = "LadioTailForIPhone/RadioEdgeForIPhone-Info.plist";
				INFOPLIST_PREPROCESSOR_DEFINITIONS = "";
				IPHONEOS_DEPLOYMENT_TARGET = 7.0;
				LIBRARY_SEARCH_PATHS = "$(inherited)";
				OTHER_LDFLAGS = (
					"$(inherited)",
					"-ObjC",
				);
				PRODUCT_NAME = "Radio Edge";
				PROVISIONING_PROFILE = "";
				"PROVISIONING_PROFILE[sdk=iphoneos*]" = "";
				TARGETED_DEVICE_FAMILY = "1,2";
				WRAPPER_EXTENSION = app;
			};
			name = Debug;
		};
		8ED1185216588DCB001BD731 /* Release */ = {
			isa = XCBuildConfiguration;
			baseConfigurationReference = 6FE66C312706534E0723CDD0 /* Pods.release.xcconfig */;
			buildSettings = {
				ASSETCATALOG_COMPILER_APPICON_NAME = AppIcon;
				ASSETCATALOG_COMPILER_LAUNCHIMAGE_NAME = LaunchImage;
				CODE_SIGN_ENTITLEMENTS = "Radio Edge.entitlements";
				CODE_SIGN_IDENTITY = "iPhone Developer";
				"CODE_SIGN_IDENTITY[sdk=iphoneos*]" = "iPhone Developer";
				FRAMEWORK_SEARCH_PATHS = "$(inherited)";
				GCC_PRECOMPILE_PREFIX_HEADER = YES;
				GCC_PREFIX_HEADER = "LadioTailForIPhone/LadioTailForIPhone-Prefix.pch";
				GCC_PREPROCESSOR_DEFINITIONS = (
					"$(inherited)",
					RADIO_EDGE,
				);
				INFOPLIST_FILE = "LadioTailForIPhone/RadioEdgeForIPhone-Info.plist";
				INFOPLIST_PREPROCESSOR_DEFINITIONS = "";
				IPHONEOS_DEPLOYMENT_TARGET = 7.0;
				LIBRARY_SEARCH_PATHS = "$(inherited)";
				OTHER_LDFLAGS = (
					"$(inherited)",
					"-ObjC",
				);
				PRODUCT_NAME = "Radio Edge";
				PROVISIONING_PROFILE = "";
				"PROVISIONING_PROFILE[sdk=iphoneos*]" = "";
				TARGETED_DEVICE_FAMILY = "1,2";
				WRAPPER_EXTENSION = app;
			};
			name = Release;
		};
/* End XCBuildConfiguration section */

/* Begin XCConfigurationList section */
		8EC23B41153712BB007352FD /* Build configuration list for PBXProject "LadioTailForIPhone" */ = {
			isa = XCConfigurationList;
			buildConfigurations = (
				8EC23B5D153712BB007352FD /* Debug */,
				8EC23B5E153712BB007352FD /* Release */,
			);
			defaultConfigurationIsVisible = 0;
			defaultConfigurationName = Release;
		};
		8EC23B5F153712BB007352FD /* Build configuration list for PBXNativeTarget "Ladio Tail" */ = {
			isa = XCConfigurationList;
			buildConfigurations = (
				8EC23B60153712BB007352FD /* Debug */,
				8EC23B61153712BB007352FD /* Release */,
			);
			defaultConfigurationIsVisible = 0;
			defaultConfigurationName = Release;
		};
		8ED1185016588DCB001BD731 /* Build configuration list for PBXNativeTarget "Radio Edge" */ = {
			isa = XCConfigurationList;
			buildConfigurations = (
				8ED1185116588DCB001BD731 /* Debug */,
				8ED1185216588DCB001BD731 /* Release */,
			);
			defaultConfigurationIsVisible = 0;
			defaultConfigurationName = Release;
		};
/* End XCConfigurationList section */
	};
	rootObject = 8EC23B3E153712BB007352FD /* Project object */;
}
